
Microsoft Visual Studio Solution File, Format Version 12.00
# Visual Studio Version 17
VisualStudioVersion = 17.6.33801.468
MinimumVisualStudioVersion = 10.0.40219.1
Project("{8BC9CEB8-8B4A-11D0-8D11-00A0C91BC942}") = "Level1_Avg", "Level1_Avg\Level1_Avg.vcxproj", "{A91DB921-12CE-4CEF-AB4C-7739B6CD61D7}"
EndProject
Project("{8BC9CEB8-8B4A-11D0-8D11-00A0C91BC942}") = "Level1_OddEven", "Level1_OddEven\Level1_OddEven.vcxproj", "{D8E01283-4B9A-4F70-BE6B-809800B6DD08}"
EndProject
Project("{8BC9CEB8-8B4A-11D0-8D11-00A0C91BC942}") = "Level1_toInt", "Level1_toInt\Level1_toInt.vcxproj", "{36605621-223D-4174-9820-F0AFCA7C1EF0}"
EndProject
Project("{8BC9CEB8-8B4A-11D0-8D11-00A0C91BC942}") = "level0_divisor", "level0_divisor\level0_divisor.vcxproj", "{A9D91D8D-B50D-4A9B-B93F-BCA2EA60E0BD}"
EndProject
Project("{8BC9CEB8-8B4A-11D0-8D11-00A0C91BC942}") = "Level1_sum", "Level1_sum\Level1_sum.vcxproj", "{8BACAA96-3BC8-47DE-9FB2-5FBE97FF6D47}"
EndProject
Project("{8BC9CEB8-8B4A-11D0-8D11-00A0C91BC942}") = "Level1_mod", "Level1_mod\Level1_mod.vcxproj", "{DFB71E5F-63FF-4AB7-98AD-185D8BCA501F}"
EndProject
Project("{8BC9CEB8-8B4A-11D0-8D11-00A0C91BC942}") = "Level1_py", "Level1_py\Level1_py.vcxproj", "{CA47EB63-60A1-4892-9445-075242C897F9}"
EndProject
Project("{8BC9CEB8-8B4A-11D0-8D11-00A0C91BC942}") = "level1_sqrt", "Project1\Project1.vcxproj", "{C3C10A02-FBB7-4D7F-A8DF-5AB42D34A6C1}"
EndProject
Project("{8BC9CEB8-8B4A-11D0-8D11-00A0C91BC942}") = "Level1_less", "Level1_less\Level1_less.vcxproj", "{D238537D-A4C4-4290-958E-92DC5254E870}"
EndProject
Project("{8BC9CEB8-8B4A-11D0-8D11-00A0C91BC942}") = "level1_hashardNum", "level1_hashardNum\level1_hashardNum.vcxproj", "{C5AFC23C-8CB9-48F6-B0AE-03687F899AC9}"
EndProject
Project("{8BC9CEB8-8B4A-11D0-8D11-00A0C91BC942}") = "level1_between", "level1_between\level1_between.vcxproj", "{F41A56BD-3BC5-4CB9-A9B5-E7A84A8E17A8}"
EndProject
Project("{8BC9CEB8-8B4A-11D0-8D11-00A0C91BC942}") = "Level1_poNaSum", "Level1_poNaSum\Level1_poNaSum.vcxproj", "{3378C4FD-3FD2-4BD5-B08A-43561B64B5AB}"
EndProject
Project("{8BC9CEB8-8B4A-11D0-8D11-00A0C91BC942}") = "level1_kim", "level1_kim\level1_kim.vcxproj", "{7AAFA37A-1BCE-4FBE-8AD9-189CD89CD82A}"
EndProject
Project("{8BC9CEB8-8B4A-11D0-8D11-00A0C91BC942}") = "Level1_Collatz", "Level1_Collatz\Level1_Collatz.vcxproj", "{97AFE69E-D1BE-447B-96AF-D42090752386}"
EndProject
Project("{8BC9CEB8-8B4A-11D0-8D11-00A0C91BC942}") = "level1_nonNum", "level1_nonNum\level1_nonNum.vcxproj", "{909A954D-32B3-4FF3-95A3-3EE4FD9DA9C3}"
EndProject
Project("{8BC9CEB8-8B4A-11D0-8D11-00A0C91BC942}") = "level1_divisor", "level1_divisor\level1_divisor.vcxproj", "{1E0FA6E4-1FEB-4F77-A70C-679161CD7736}"
EndProject
Project("{8BC9CEB8-8B4A-11D0-8D11-00A0C91BC942}") = "level1_phoneNum", "level1_phoneNum\level1_phoneNum.vcxproj", "{5A24B727-7B9C-4F5A-9973-431FB0ABABE4}"
EndProject
Project("{8BC9CEB8-8B4A-11D0-8D11-00A0C91BC942}") = "level1_minNum", "level1_minNum\level1_minNum.vcxproj", "{8FC2C224-1518-4BCC-A7C3-03202CA7202A}"
EndProject
Project("{8BC9CEB8-8B4A-11D0-8D11-00A0C91BC942}") = "level1_dotProduct", "level1_dotProduct\level1_dotProduct.vcxproj", "{7F540DD6-5995-4FFE-97C2-9E3E1AD9D01F}"
EndProject
Project("{8BC9CEB8-8B4A-11D0-8D11-00A0C91BC942}") = "level1_center", "level1_center\level1_center.vcxproj", "{9EB10085-F27D-4392-BD5F-0F0A81E4A555}"
EndProject
Project("{8BC9CEB8-8B4A-11D0-8D11-00A0C91BC942}") = "level1_subak", "level1_subak\level1_subak.vcxproj", "{23B345A9-8690-4CDA-B722-2B2C2CAADB06}"
EndProject
Project("{8BC9CEB8-8B4A-11D0-8D11-00A0C91BC942}") = "level1_sumNum", "level1_sumNum\level1_sumNum.vcxproj", "{E087F0A1-1A98-4709-AE31-18D8752705D7}"
EndProject
Project("{8BC9CEB8-8B4A-11D0-8D11-00A0C91BC942}") = "level1_checkPrice", "level1_checkPrice\level1_checkPrice.vcxproj", "{8A187A79-97FF-4C62-8B31-C92B5380C671}"
EndProject
Global
	GlobalSection(SolutionConfigurationPlatforms) = preSolution
		Debug|x64 = Debug|x64
		Debug|x86 = Debug|x86
		Release|x64 = Release|x64
		Release|x86 = Release|x86
	EndGlobalSection
	GlobalSection(ProjectConfigurationPlatforms) = postSolution
		{A91DB921-12CE-4CEF-AB4C-7739B6CD61D7}.Debug|x64.ActiveCfg = Debug|x64
		{A91DB921-12CE-4CEF-AB4C-7739B6CD61D7}.Debug|x64.Build.0 = Debug|x64
		{A91DB921-12CE-4CEF-AB4C-7739B6CD61D7}.Debug|x86.ActiveCfg = Debug|Win32
		{A91DB921-12CE-4CEF-AB4C-7739B6CD61D7}.Debug|x86.Build.0 = Debug|Win32
		{A91DB921-12CE-4CEF-AB4C-7739B6CD61D7}.Release|x64.ActiveCfg = Release|x64
		{A91DB921-12CE-4CEF-AB4C-7739B6CD61D7}.Release|x64.Build.0 = Release|x64
		{A91DB921-12CE-4CEF-AB4C-7739B6CD61D7}.Release|x86.ActiveCfg = Release|Win32
		{A91DB921-12CE-4CEF-AB4C-7739B6CD61D7}.Release|x86.Build.0 = Release|Win32
		{D8E01283-4B9A-4F70-BE6B-809800B6DD08}.Debug|x64.ActiveCfg = Debug|x64
		{D8E01283-4B9A-4F70-BE6B-809800B6DD08}.Debug|x64.Build.0 = Debug|x64
		{D8E01283-4B9A-4F70-BE6B-809800B6DD08}.Debug|x86.ActiveCfg = Debug|Win32
		{D8E01283-4B9A-4F70-BE6B-809800B6DD08}.Debug|x86.Build.0 = Debug|Win32
		{D8E01283-4B9A-4F70-BE6B-809800B6DD08}.Release|x64.ActiveCfg = Release|x64
		{D8E01283-4B9A-4F70-BE6B-809800B6DD08}.Release|x64.Build.0 = Release|x64
		{D8E01283-4B9A-4F70-BE6B-809800B6DD08}.Release|x86.ActiveCfg = Release|Win32
		{D8E01283-4B9A-4F70-BE6B-809800B6DD08}.Release|x86.Build.0 = Release|Win32
		{36605621-223D-4174-9820-F0AFCA7C1EF0}.Debug|x64.ActiveCfg = Debug|x64
		{36605621-223D-4174-9820-F0AFCA7C1EF0}.Debug|x64.Build.0 = Debug|x64
		{36605621-223D-4174-9820-F0AFCA7C1EF0}.Debug|x86.ActiveCfg = Debug|Win32
		{36605621-223D-4174-9820-F0AFCA7C1EF0}.Debug|x86.Build.0 = Debug|Win32
		{36605621-223D-4174-9820-F0AFCA7C1EF0}.Release|x64.ActiveCfg = Release|x64
		{36605621-223D-4174-9820-F0AFCA7C1EF0}.Release|x64.Build.0 = Release|x64
		{36605621-223D-4174-9820-F0AFCA7C1EF0}.Release|x86.ActiveCfg = Release|Win32
		{36605621-223D-4174-9820-F0AFCA7C1EF0}.Release|x86.Build.0 = Release|Win32
		{A9D91D8D-B50D-4A9B-B93F-BCA2EA60E0BD}.Debug|x64.ActiveCfg = Debug|x64
		{A9D91D8D-B50D-4A9B-B93F-BCA2EA60E0BD}.Debug|x64.Build.0 = Debug|x64
		{A9D91D8D-B50D-4A9B-B93F-BCA2EA60E0BD}.Debug|x86.ActiveCfg = Debug|Win32
		{A9D91D8D-B50D-4A9B-B93F-BCA2EA60E0BD}.Debug|x86.Build.0 = Debug|Win32
		{A9D91D8D-B50D-4A9B-B93F-BCA2EA60E0BD}.Release|x64.ActiveCfg = Release|x64
		{A9D91D8D-B50D-4A9B-B93F-BCA2EA60E0BD}.Release|x64.Build.0 = Release|x64
		{A9D91D8D-B50D-4A9B-B93F-BCA2EA60E0BD}.Release|x86.ActiveCfg = Release|Win32
		{A9D91D8D-B50D-4A9B-B93F-BCA2EA60E0BD}.Release|x86.Build.0 = Release|Win32
		{8BACAA96-3BC8-47DE-9FB2-5FBE97FF6D47}.Debug|x64.ActiveCfg = Debug|x64
		{8BACAA96-3BC8-47DE-9FB2-5FBE97FF6D47}.Debug|x64.Build.0 = Debug|x64
		{8BACAA96-3BC8-47DE-9FB2-5FBE97FF6D47}.Debug|x86.ActiveCfg = Debug|Win32
		{8BACAA96-3BC8-47DE-9FB2-5FBE97FF6D47}.Debug|x86.Build.0 = Debug|Win32
		{8BACAA96-3BC8-47DE-9FB2-5FBE97FF6D47}.Release|x64.ActiveCfg = Release|x64
		{8BACAA96-3BC8-47DE-9FB2-5FBE97FF6D47}.Release|x64.Build.0 = Release|x64
		{8BACAA96-3BC8-47DE-9FB2-5FBE97FF6D47}.Release|x86.ActiveCfg = Release|Win32
		{8BACAA96-3BC8-47DE-9FB2-5FBE97FF6D47}.Release|x86.Build.0 = Release|Win32
		{DFB71E5F-63FF-4AB7-98AD-185D8BCA501F}.Debug|x64.ActiveCfg = Debug|x64
		{DFB71E5F-63FF-4AB7-98AD-185D8BCA501F}.Debug|x64.Build.0 = Debug|x64
		{DFB71E5F-63FF-4AB7-98AD-185D8BCA501F}.Debug|x86.ActiveCfg = Debug|Win32
		{DFB71E5F-63FF-4AB7-98AD-185D8BCA501F}.Debug|x86.Build.0 = Debug|Win32
		{DFB71E5F-63FF-4AB7-98AD-185D8BCA501F}.Release|x64.ActiveCfg = Release|x64
		{DFB71E5F-63FF-4AB7-98AD-185D8BCA501F}.Release|x64.Build.0 = Release|x64
		{DFB71E5F-63FF-4AB7-98AD-185D8BCA501F}.Release|x86.ActiveCfg = Release|Win32
		{DFB71E5F-63FF-4AB7-98AD-185D8BCA501F}.Release|x86.Build.0 = Release|Win32
		{CA47EB63-60A1-4892-9445-075242C897F9}.Debug|x64.ActiveCfg = Debug|x64
		{CA47EB63-60A1-4892-9445-075242C897F9}.Debug|x64.Build.0 = Debug|x64
		{CA47EB63-60A1-4892-9445-075242C897F9}.Debug|x86.ActiveCfg = Debug|Win32
		{CA47EB63-60A1-4892-9445-075242C897F9}.Debug|x86.Build.0 = Debug|Win32
		{CA47EB63-60A1-4892-9445-075242C897F9}.Release|x64.ActiveCfg = Release|x64
		{CA47EB63-60A1-4892-9445-075242C897F9}.Release|x64.Build.0 = Release|x64
		{CA47EB63-60A1-4892-9445-075242C897F9}.Release|x86.ActiveCfg = Release|Win32
		{CA47EB63-60A1-4892-9445-075242C897F9}.Release|x86.Build.0 = Release|Win32
		{C3C10A02-FBB7-4D7F-A8DF-5AB42D34A6C1}.Debug|x64.ActiveCfg = Debug|x64
		{C3C10A02-FBB7-4D7F-A8DF-5AB42D34A6C1}.Debug|x64.Build.0 = Debug|x64
		{C3C10A02-FBB7-4D7F-A8DF-5AB42D34A6C1}.Debug|x86.ActiveCfg = Debug|Win32
		{C3C10A02-FBB7-4D7F-A8DF-5AB42D34A6C1}.Debug|x86.Build.0 = Debug|Win32
		{C3C10A02-FBB7-4D7F-A8DF-5AB42D34A6C1}.Release|x64.ActiveCfg = Release|x64
		{C3C10A02-FBB7-4D7F-A8DF-5AB42D34A6C1}.Release|x64.Build.0 = Release|x64
		{C3C10A02-FBB7-4D7F-A8DF-5AB42D34A6C1}.Release|x86.ActiveCfg = Release|Win32
		{C3C10A02-FBB7-4D7F-A8DF-5AB42D34A6C1}.Release|x86.Build.0 = Release|Win32
		{D238537D-A4C4-4290-958E-92DC5254E870}.Debug|x64.ActiveCfg = Debug|x64
		{D238537D-A4C4-4290-958E-92DC5254E870}.Debug|x64.Build.0 = Debug|x64
		{D238537D-A4C4-4290-958E-92DC5254E870}.Debug|x86.ActiveCfg = Debug|Win32
		{D238537D-A4C4-4290-958E-92DC5254E870}.Debug|x86.Build.0 = Debug|Win32
		{D238537D-A4C4-4290-958E-92DC5254E870}.Release|x64.ActiveCfg = Release|x64
		{D238537D-A4C4-4290-958E-92DC5254E870}.Release|x64.Build.0 = Release|x64
		{D238537D-A4C4-4290-958E-92DC5254E870}.Release|x86.ActiveCfg = Release|Win32
		{D238537D-A4C4-4290-958E-92DC5254E870}.Release|x86.Build.0 = Release|Win32
		{C5AFC23C-8CB9-48F6-B0AE-03687F899AC9}.Debug|x64.ActiveCfg = Debug|x64
		{C5AFC23C-8CB9-48F6-B0AE-03687F899AC9}.Debug|x64.Build.0 = Debug|x64
		{C5AFC23C-8CB9-48F6-B0AE-03687F899AC9}.Debug|x86.ActiveCfg = Debug|Win32
		{C5AFC23C-8CB9-48F6-B0AE-03687F899AC9}.Debug|x86.Build.0 = Debug|Win32
		{C5AFC23C-8CB9-48F6-B0AE-03687F899AC9}.Release|x64.ActiveCfg = Release|x64
		{C5AFC23C-8CB9-48F6-B0AE-03687F899AC9}.Release|x64.Build.0 = Release|x64
		{C5AFC23C-8CB9-48F6-B0AE-03687F899AC9}.Release|x86.ActiveCfg = Release|Win32
		{C5AFC23C-8CB9-48F6-B0AE-03687F899AC9}.Release|x86.Build.0 = Release|Win32
		{F41A56BD-3BC5-4CB9-A9B5-E7A84A8E17A8}.Debug|x64.ActiveCfg = Debug|x64
		{F41A56BD-3BC5-4CB9-A9B5-E7A84A8E17A8}.Debug|x64.Build.0 = Debug|x64
		{F41A56BD-3BC5-4CB9-A9B5-E7A84A8E17A8}.Debug|x86.ActiveCfg = Debug|Win32
		{F41A56BD-3BC5-4CB9-A9B5-E7A84A8E17A8}.Debug|x86.Build.0 = Debug|Win32
		{F41A56BD-3BC5-4CB9-A9B5-E7A84A8E17A8}.Release|x64.ActiveCfg = Release|x64
		{F41A56BD-3BC5-4CB9-A9B5-E7A84A8E17A8}.Release|x64.Build.0 = Release|x64
		{F41A56BD-3BC5-4CB9-A9B5-E7A84A8E17A8}.Release|x86.ActiveCfg = Release|Win32
		{F41A56BD-3BC5-4CB9-A9B5-E7A84A8E17A8}.Release|x86.Build.0 = Release|Win32
		{3378C4FD-3FD2-4BD5-B08A-43561B64B5AB}.Debug|x64.ActiveCfg = Debug|x64
		{3378C4FD-3FD2-4BD5-B08A-43561B64B5AB}.Debug|x64.Build.0 = Debug|x64
		{3378C4FD-3FD2-4BD5-B08A-43561B64B5AB}.Debug|x86.ActiveCfg = Debug|Win32
		{3378C4FD-3FD2-4BD5-B08A-43561B64B5AB}.Debug|x86.Build.0 = Debug|Win32
		{3378C4FD-3FD2-4BD5-B08A-43561B64B5AB}.Release|x64.ActiveCfg = Release|x64
		{3378C4FD-3FD2-4BD5-B08A-43561B64B5AB}.Release|x64.Build.0 = Release|x64
		{3378C4FD-3FD2-4BD5-B08A-43561B64B5AB}.Release|x86.ActiveCfg = Release|Win32
		{3378C4FD-3FD2-4BD5-B08A-43561B64B5AB}.Release|x86.Build.0 = Release|Win32
		{7AAFA37A-1BCE-4FBE-8AD9-189CD89CD82A}.Debug|x64.ActiveCfg = Debug|x64
		{7AAFA37A-1BCE-4FBE-8AD9-189CD89CD82A}.Debug|x64.Build.0 = Debug|x64
		{7AAFA37A-1BCE-4FBE-8AD9-189CD89CD82A}.Debug|x86.ActiveCfg = Debug|Win32
		{7AAFA37A-1BCE-4FBE-8AD9-189CD89CD82A}.Debug|x86.Build.0 = Debug|Win32
		{7AAFA37A-1BCE-4FBE-8AD9-189CD89CD82A}.Release|x64.ActiveCfg = Release|x64
		{7AAFA37A-1BCE-4FBE-8AD9-189CD89CD82A}.Release|x64.Build.0 = Release|x64
		{7AAFA37A-1BCE-4FBE-8AD9-189CD89CD82A}.Release|x86.ActiveCfg = Release|Win32
		{7AAFA37A-1BCE-4FBE-8AD9-189CD89CD82A}.Release|x86.Build.0 = Release|Win32
		{97AFE69E-D1BE-447B-96AF-D42090752386}.Debug|x64.ActiveCfg = Debug|x64
		{97AFE69E-D1BE-447B-96AF-D42090752386}.Debug|x64.Build.0 = Debug|x64
		{97AFE69E-D1BE-447B-96AF-D42090752386}.Debug|x86.ActiveCfg = Debug|Win32
		{97AFE69E-D1BE-447B-96AF-D42090752386}.Debug|x86.Build.0 = Debug|Win32
		{97AFE69E-D1BE-447B-96AF-D42090752386}.Release|x64.ActiveCfg = Release|x64
		{97AFE69E-D1BE-447B-96AF-D42090752386}.Release|x64.Build.0 = Release|x64
		{97AFE69E-D1BE-447B-96AF-D42090752386}.Release|x86.ActiveCfg = Release|Win32
		{97AFE69E-D1BE-447B-96AF-D42090752386}.Release|x86.Build.0 = Release|Win32
		{909A954D-32B3-4FF3-95A3-3EE4FD9DA9C3}.Debug|x64.ActiveCfg = Debug|x64
		{909A954D-32B3-4FF3-95A3-3EE4FD9DA9C3}.Debug|x64.Build.0 = Debug|x64
		{909A954D-32B3-4FF3-95A3-3EE4FD9DA9C3}.Debug|x86.ActiveCfg = Debug|Win32
		{909A954D-32B3-4FF3-95A3-3EE4FD9DA9C3}.Debug|x86.Build.0 = Debug|Win32
		{909A954D-32B3-4FF3-95A3-3EE4FD9DA9C3}.Release|x64.ActiveCfg = Release|x64
		{909A954D-32B3-4FF3-95A3-3EE4FD9DA9C3}.Release|x64.Build.0 = Release|x64
		{909A954D-32B3-4FF3-95A3-3EE4FD9DA9C3}.Release|x86.ActiveCfg = Release|Win32
		{909A954D-32B3-4FF3-95A3-3EE4FD9DA9C3}.Release|x86.Build.0 = Release|Win32
		{1E0FA6E4-1FEB-4F77-A70C-679161CD7736}.Debug|x64.ActiveCfg = Debug|x64
		{1E0FA6E4-1FEB-4F77-A70C-679161CD7736}.Debug|x64.Build.0 = Debug|x64
		{1E0FA6E4-1FEB-4F77-A70C-679161CD7736}.Debug|x86.ActiveCfg = Debug|Win32
		{1E0FA6E4-1FEB-4F77-A70C-679161CD7736}.Debug|x86.Build.0 = Debug|Win32
		{1E0FA6E4-1FEB-4F77-A70C-679161CD7736}.Release|x64.ActiveCfg = Release|x64
		{1E0FA6E4-1FEB-4F77-A70C-679161CD7736}.Release|x64.Build.0 = Release|x64
		{1E0FA6E4-1FEB-4F77-A70C-679161CD7736}.Release|x86.ActiveCfg = Release|Win32
		{1E0FA6E4-1FEB-4F77-A70C-679161CD7736}.Release|x86.Build.0 = Release|Win32
		{5A24B727-7B9C-4F5A-9973-431FB0ABABE4}.Debug|x64.ActiveCfg = Debug|x64
		{5A24B727-7B9C-4F5A-9973-431FB0ABABE4}.Debug|x64.Build.0 = Debug|x64
		{5A24B727-7B9C-4F5A-9973-431FB0ABABE4}.Debug|x86.ActiveCfg = Debug|Win32
		{5A24B727-7B9C-4F5A-9973-431FB0ABABE4}.Debug|x86.Build.0 = Debug|Win32
		{5A24B727-7B9C-4F5A-9973-431FB0ABABE4}.Release|x64.ActiveCfg = Release|x64
		{5A24B727-7B9C-4F5A-9973-431FB0ABABE4}.Release|x64.Build.0 = Release|x64
		{5A24B727-7B9C-4F5A-9973-431FB0ABABE4}.Release|x86.ActiveCfg = Release|Win32
		{5A24B727-7B9C-4F5A-9973-431FB0ABABE4}.Release|x86.Build.0 = Release|Win32
		{8FC2C224-1518-4BCC-A7C3-03202CA7202A}.Debug|x64.ActiveCfg = Debug|x64
		{8FC2C224-1518-4BCC-A7C3-03202CA7202A}.Debug|x64.Build.0 = Debug|x64
		{8FC2C224-1518-4BCC-A7C3-03202CA7202A}.Debug|x86.ActiveCfg = Debug|Win32
		{8FC2C224-1518-4BCC-A7C3-03202CA7202A}.Debug|x86.Build.0 = Debug|Win32
		{8FC2C224-1518-4BCC-A7C3-03202CA7202A}.Release|x64.ActiveCfg = Release|x64
		{8FC2C224-1518-4BCC-A7C3-03202CA7202A}.Release|x64.Build.0 = Release|x64
		{8FC2C224-1518-4BCC-A7C3-03202CA7202A}.Release|x86.ActiveCfg = Release|Win32
		{8FC2C224-1518-4BCC-A7C3-03202CA7202A}.Release|x86.Build.0 = Release|Win32
		{7F540DD6-5995-4FFE-97C2-9E3E1AD9D01F}.Debug|x64.ActiveCfg = Debug|x64
		{7F540DD6-5995-4FFE-97C2-9E3E1AD9D01F}.Debug|x64.Build.0 = Debug|x64
		{7F540DD6-5995-4FFE-97C2-9E3E1AD9D01F}.Debug|x86.ActiveCfg = Debug|Win32
		{7F540DD6-5995-4FFE-97C2-9E3E1AD9D01F}.Debug|x86.Build.0 = Debug|Win32
		{7F540DD6-5995-4FFE-97C2-9E3E1AD9D01F}.Release|x64.ActiveCfg = Release|x64
		{7F540DD6-5995-4FFE-97C2-9E3E1AD9D01F}.Release|x64.Build.0 = Release|x64
		{7F540DD6-5995-4FFE-97C2-9E3E1AD9D01F}.Release|x86.ActiveCfg = Release|Win32
		{7F540DD6-5995-4FFE-97C2-9E3E1AD9D01F}.Release|x86.Build.0 = Release|Win32
		{9EB10085-F27D-4392-BD5F-0F0A81E4A555}.Debug|x64.ActiveCfg = Debug|x64
		{9EB10085-F27D-4392-BD5F-0F0A81E4A555}.Debug|x64.Build.0 = Debug|x64
		{9EB10085-F27D-4392-BD5F-0F0A81E4A555}.Debug|x86.ActiveCfg = Debug|Win32
		{9EB10085-F27D-4392-BD5F-0F0A81E4A555}.Debug|x86.Build.0 = Debug|Win32
		{9EB10085-F27D-4392-BD5F-0F0A81E4A555}.Release|x64.ActiveCfg = Release|x64
		{9EB10085-F27D-4392-BD5F-0F0A81E4A555}.Release|x64.Build.0 = Release|x64
		{9EB10085-F27D-4392-BD5F-0F0A81E4A555}.Release|x86.ActiveCfg = Release|Win32
		{9EB10085-F27D-4392-BD5F-0F0A81E4A555}.Release|x86.Build.0 = Release|Win32
		{23B345A9-8690-4CDA-B722-2B2C2CAADB06}.Debug|x64.ActiveCfg = Debug|x64
		{23B345A9-8690-4CDA-B722-2B2C2CAADB06}.Debug|x64.Build.0 = Debug|x64
		{23B345A9-8690-4CDA-B722-2B2C2CAADB06}.Debug|x86.ActiveCfg = Debug|Win32
		{23B345A9-8690-4CDA-B722-2B2C2CAADB06}.Debug|x86.Build.0 = Debug|Win32
		{23B345A9-8690-4CDA-B722-2B2C2CAADB06}.Release|x64.ActiveCfg = Release|x64
		{23B345A9-8690-4CDA-B722-2B2C2CAADB06}.Release|x64.Build.0 = Release|x64
		{23B345A9-8690-4CDA-B722-2B2C2CAADB06}.Release|x86.ActiveCfg = Release|Win32
		{23B345A9-8690-4CDA-B722-2B2C2CAADB06}.Release|x86.Build.0 = Release|Win32
		{E087F0A1-1A98-4709-AE31-18D8752705D7}.Debug|x64.ActiveCfg = Debug|x64
		{E087F0A1-1A98-4709-AE31-18D8752705D7}.Debug|x64.Build.0 = Debug|x64
		{E087F0A1-1A98-4709-AE31-18D8752705D7}.Debug|x86.ActiveCfg = Debug|Win32
		{E087F0A1-1A98-4709-AE31-18D8752705D7}.Debug|x86.Build.0 = Debug|Win32
		{E087F0A1-1A98-4709-AE31-18D8752705D7}.Release|x64.ActiveCfg = Release|x64
		{E087F0A1-1A98-4709-AE31-18D8752705D7}.Release|x64.Build.0 = Release|x64
		{E087F0A1-1A98-4709-AE31-18D8752705D7}.Release|x86.ActiveCfg = Release|Win32
		{E087F0A1-1A98-4709-AE31-18D8752705D7}.Release|x86.Build.0 = Release|Win32
		{8A187A79-97FF-4C62-8B31-C92B5380C671}.Debug|x64.ActiveCfg = Debug|x64
		{8A187A79-97FF-4C62-8B31-C92B5380C671}.Debug|x64.Build.0 = Debug|x64
		{8A187A79-97FF-4C62-8B31-C92B5380C671}.Debug|x86.ActiveCfg = Debug|Win32
		{8A187A79-97FF-4C62-8B31-C92B5380C671}.Debug|x86.Build.0 = Debug|Win32
		{8A187A79-97FF-4C62-8B31-C92B5380C671}.Release|x64.ActiveCfg = Release|x64
		{8A187A79-97FF-4C62-8B31-C92B5380C671}.Release|x64.Build.0 = Release|x64
		{8A187A79-97FF-4C62-8B31-C92B5380C671}.Release|x86.ActiveCfg = Release|Win32
		{8A187A79-97FF-4C62-8B31-C92B5380C671}.Release|x86.Build.0 = Release|Win32
	EndGlobalSection
	GlobalSection(SolutionProperties) = preSolution
		HideSolutionNode = FALSE
	EndGlobalSection
	GlobalSection(ExtensibilityGlobals) = postSolution
		SolutionGuid = {01B6E94F-535C-41C7-A446-CAE1619FEBDC}
	EndGlobalSection
EndGlobal
