
Microsoft Visual Studio Solution File, Format Version 12.00
# Visual Studio Version 17
VisualStudioVersion = 17.6.33801.468
MinimumVisualStudioVersion = 10.0.40219.1
Project("{8BC9CEB8-8B4A-11D0-8D11-00A0C91BC942}") = "Wee2_A_2178", "Wee2_A_2178\Wee2_A_2178.vcxproj", "{2ACF135B-6F49-4868-B8C3-37B9AA4D3F0E}"
EndProject
Project("{8BC9CEB8-8B4A-11D0-8D11-00A0C91BC942}") = "Week2_B_1012", "Week2_B_1012\Week2_B_1012.vcxproj", "{1DDBC22B-2EB9-48CE-AAFA-427C94800B96}"
EndProject
Project("{8BC9CEB8-8B4A-11D0-8D11-00A0C91BC942}") = "Week2_C_2468", "Week2_C_2468\Week2_C_2468.vcxproj", "{8B3A2FB2-546F-428C-8256-BAE0A8196EDA}"
EndProject
Project("{8BC9CEB8-8B4A-11D0-8D11-00A0C91BC942}") = "Week2_D_2583", "Week2_D_2583\Week2_D_2583.vcxproj", "{0FBFBF18-DC0A-4A9E-A7FA-EFF0AA9BD864}"
EndProject
Project("{8BC9CEB8-8B4A-11D0-8D11-00A0C91BC942}") = "Week2_E_1992", "Week2_E_1992\Week2_E_1992.vcxproj", "{57DFBD79-D1AD-4937-AB0A-13A53FE86306}"
EndProject
Project("{8BC9CEB8-8B4A-11D0-8D11-00A0C91BC942}") = "Week2_F_2828", "Week2_F_2828\Week2_F_2828.vcxproj", "{0E105B36-F1A7-4347-A9CF-D5FF93318B60}"
EndProject
Project("{8BC9CEB8-8B4A-11D0-8D11-00A0C91BC942}") = "Week2_G_2910", "Week2_G_2910\Week2_G_2910.vcxproj", "{38C0BA2A-F929-4A96-BF73-D43B205E0997}"
EndProject
Project("{8BC9CEB8-8B4A-11D0-8D11-00A0C91BC942}") = "Week2_H_4659", "Week2_H_4659\Week2_H_4659.vcxproj", "{AD9C0174-D636-48A0-85F0-D9C28985428B}"
EndProject
Project("{8BC9CEB8-8B4A-11D0-8D11-00A0C91BC942}") = "Week2_I_2870", "Week2_I_2870\Week2_I_2870.vcxproj", "{DBC6DA46-072E-4580-95A2-16FB6A5157A4}"
EndProject
Project("{8BC9CEB8-8B4A-11D0-8D11-00A0C91BC942}") = "Week2_J_10709", "Week2_J_10709\Week2_J_10709.vcxproj", "{DA9F3D2C-4DF2-491D-8CAC-DCD23F2B3B94}"
EndProject
Project("{8BC9CEB8-8B4A-11D0-8D11-00A0C91BC942}") = "Week2_K_3474", "Week2_K_3474\Week2_K_3474.vcxproj", "{BFB570EA-C224-489E-82CA-C4E53CA4AA2B}"
EndProject
Project("{8BC9CEB8-8B4A-11D0-8D11-00A0C91BC942}") = "Week2_L_2852", "Week2_L_2852\Week2_L_2852.vcxproj", "{D3D4E458-2252-4432-B636-A328B8CE511E}"
EndProject
Project("{8BC9CEB8-8B4A-11D0-8D11-00A0C91BC942}") = "Week2_M_1436", "Week2_M_1436\Week2_M_1436.vcxproj", "{F480B850-820B-4CE2-9862-D813251939C0}"
EndProject
Project("{8BC9CEB8-8B4A-11D0-8D11-00A0C91BC942}") = "Week2_N_9012", "Week2_N_9012\Week2_N_9012.vcxproj", "{948B837C-44B3-4241-9443-E2627E744977}"
EndProject
Project("{8BC9CEB8-8B4A-11D0-8D11-00A0C91BC942}") = "Week2_O_4949", "Week2_O_4949\Week2_O_4949.vcxproj", "{490E8F17-AF66-4BA2-B980-0CDAEB692772}"
EndProject
Project("{8BC9CEB8-8B4A-11D0-8D11-00A0C91BC942}") = "Week2_P_14502", "Week2_P_14502\Week2_P_14502.vcxproj", "{DD8897B2-246E-478C-8067-FF0022757F01}"
EndProject
Global
	GlobalSection(SolutionConfigurationPlatforms) = preSolution
		Debug|x64 = Debug|x64
		Debug|x86 = Debug|x86
		Release|x64 = Release|x64
		Release|x86 = Release|x86
	EndGlobalSection
	GlobalSection(ProjectConfigurationPlatforms) = postSolution
		{2ACF135B-6F49-4868-B8C3-37B9AA4D3F0E}.Debug|x64.ActiveCfg = Debug|x64
		{2ACF135B-6F49-4868-B8C3-37B9AA4D3F0E}.Debug|x64.Build.0 = Debug|x64
		{2ACF135B-6F49-4868-B8C3-37B9AA4D3F0E}.Debug|x86.ActiveCfg = Debug|Win32
		{2ACF135B-6F49-4868-B8C3-37B9AA4D3F0E}.Debug|x86.Build.0 = Debug|Win32
		{2ACF135B-6F49-4868-B8C3-37B9AA4D3F0E}.Release|x64.ActiveCfg = Release|x64
		{2ACF135B-6F49-4868-B8C3-37B9AA4D3F0E}.Release|x64.Build.0 = Release|x64
		{2ACF135B-6F49-4868-B8C3-37B9AA4D3F0E}.Release|x86.ActiveCfg = Release|Win32
		{2ACF135B-6F49-4868-B8C3-37B9AA4D3F0E}.Release|x86.Build.0 = Release|Win32
		{1DDBC22B-2EB9-48CE-AAFA-427C94800B96}.Debug|x64.ActiveCfg = Debug|x64
		{1DDBC22B-2EB9-48CE-AAFA-427C94800B96}.Debug|x64.Build.0 = Debug|x64
		{1DDBC22B-2EB9-48CE-AAFA-427C94800B96}.Debug|x86.ActiveCfg = Debug|Win32
		{1DDBC22B-2EB9-48CE-AAFA-427C94800B96}.Debug|x86.Build.0 = Debug|Win32
		{1DDBC22B-2EB9-48CE-AAFA-427C94800B96}.Release|x64.ActiveCfg = Release|x64
		{1DDBC22B-2EB9-48CE-AAFA-427C94800B96}.Release|x64.Build.0 = Release|x64
		{1DDBC22B-2EB9-48CE-AAFA-427C94800B96}.Release|x86.ActiveCfg = Release|Win32
		{1DDBC22B-2EB9-48CE-AAFA-427C94800B96}.Release|x86.Build.0 = Release|Win32
		{8B3A2FB2-546F-428C-8256-BAE0A8196EDA}.Debug|x64.ActiveCfg = Debug|x64
		{8B3A2FB2-546F-428C-8256-BAE0A8196EDA}.Debug|x64.Build.0 = Debug|x64
		{8B3A2FB2-546F-428C-8256-BAE0A8196EDA}.Debug|x86.ActiveCfg = Debug|Win32
		{8B3A2FB2-546F-428C-8256-BAE0A8196EDA}.Debug|x86.Build.0 = Debug|Win32
		{8B3A2FB2-546F-428C-8256-BAE0A8196EDA}.Release|x64.ActiveCfg = Release|x64
		{8B3A2FB2-546F-428C-8256-BAE0A8196EDA}.Release|x64.Build.0 = Release|x64
		{8B3A2FB2-546F-428C-8256-BAE0A8196EDA}.Release|x86.ActiveCfg = Release|Win32
		{8B3A2FB2-546F-428C-8256-BAE0A8196EDA}.Release|x86.Build.0 = Release|Win32
		{0FBFBF18-DC0A-4A9E-A7FA-EFF0AA9BD864}.Debug|x64.ActiveCfg = Debug|x64
		{0FBFBF18-DC0A-4A9E-A7FA-EFF0AA9BD864}.Debug|x64.Build.0 = Debug|x64
		{0FBFBF18-DC0A-4A9E-A7FA-EFF0AA9BD864}.Debug|x86.ActiveCfg = Debug|Win32
		{0FBFBF18-DC0A-4A9E-A7FA-EFF0AA9BD864}.Debug|x86.Build.0 = Debug|Win32
		{0FBFBF18-DC0A-4A9E-A7FA-EFF0AA9BD864}.Release|x64.ActiveCfg = Release|x64
		{0FBFBF18-DC0A-4A9E-A7FA-EFF0AA9BD864}.Release|x64.Build.0 = Release|x64
		{0FBFBF18-DC0A-4A9E-A7FA-EFF0AA9BD864}.Release|x86.ActiveCfg = Release|Win32
		{0FBFBF18-DC0A-4A9E-A7FA-EFF0AA9BD864}.Release|x86.Build.0 = Release|Win32
		{57DFBD79-D1AD-4937-AB0A-13A53FE86306}.Debug|x64.ActiveCfg = Debug|x64
		{57DFBD79-D1AD-4937-AB0A-13A53FE86306}.Debug|x64.Build.0 = Debug|x64
		{57DFBD79-D1AD-4937-AB0A-13A53FE86306}.Debug|x86.ActiveCfg = Debug|Win32
		{57DFBD79-D1AD-4937-AB0A-13A53FE86306}.Debug|x86.Build.0 = Debug|Win32
		{57DFBD79-D1AD-4937-AB0A-13A53FE86306}.Release|x64.ActiveCfg = Release|x64
		{57DFBD79-D1AD-4937-AB0A-13A53FE86306}.Release|x64.Build.0 = Release|x64
		{57DFBD79-D1AD-4937-AB0A-13A53FE86306}.Release|x86.ActiveCfg = Release|Win32
		{57DFBD79-D1AD-4937-AB0A-13A53FE86306}.Release|x86.Build.0 = Release|Win32
		{0E105B36-F1A7-4347-A9CF-D5FF93318B60}.Debug|x64.ActiveCfg = Debug|x64
		{0E105B36-F1A7-4347-A9CF-D5FF93318B60}.Debug|x64.Build.0 = Debug|x64
		{0E105B36-F1A7-4347-A9CF-D5FF93318B60}.Debug|x86.ActiveCfg = Debug|Win32
		{0E105B36-F1A7-4347-A9CF-D5FF93318B60}.Debug|x86.Build.0 = Debug|Win32
		{0E105B36-F1A7-4347-A9CF-D5FF93318B60}.Release|x64.ActiveCfg = Release|x64
		{0E105B36-F1A7-4347-A9CF-D5FF93318B60}.Release|x64.Build.0 = Release|x64
		{0E105B36-F1A7-4347-A9CF-D5FF93318B60}.Release|x86.ActiveCfg = Release|Win32
		{0E105B36-F1A7-4347-A9CF-D5FF93318B60}.Release|x86.Build.0 = Release|Win32
		{38C0BA2A-F929-4A96-BF73-D43B205E0997}.Debug|x64.ActiveCfg = Debug|x64
		{38C0BA2A-F929-4A96-BF73-D43B205E0997}.Debug|x64.Build.0 = Debug|x64
		{38C0BA2A-F929-4A96-BF73-D43B205E0997}.Debug|x86.ActiveCfg = Debug|Win32
		{38C0BA2A-F929-4A96-BF73-D43B205E0997}.Debug|x86.Build.0 = Debug|Win32
		{38C0BA2A-F929-4A96-BF73-D43B205E0997}.Release|x64.ActiveCfg = Release|x64
		{38C0BA2A-F929-4A96-BF73-D43B205E0997}.Release|x64.Build.0 = Release|x64
		{38C0BA2A-F929-4A96-BF73-D43B205E0997}.Release|x86.ActiveCfg = Release|Win32
		{38C0BA2A-F929-4A96-BF73-D43B205E0997}.Release|x86.Build.0 = Release|Win32
		{AD9C0174-D636-48A0-85F0-D9C28985428B}.Debug|x64.ActiveCfg = Debug|x64
		{AD9C0174-D636-48A0-85F0-D9C28985428B}.Debug|x64.Build.0 = Debug|x64
		{AD9C0174-D636-48A0-85F0-D9C28985428B}.Debug|x86.ActiveCfg = Debug|Win32
		{AD9C0174-D636-48A0-85F0-D9C28985428B}.Debug|x86.Build.0 = Debug|Win32
		{AD9C0174-D636-48A0-85F0-D9C28985428B}.Release|x64.ActiveCfg = Release|x64
		{AD9C0174-D636-48A0-85F0-D9C28985428B}.Release|x64.Build.0 = Release|x64
		{AD9C0174-D636-48A0-85F0-D9C28985428B}.Release|x86.ActiveCfg = Release|Win32
		{AD9C0174-D636-48A0-85F0-D9C28985428B}.Release|x86.Build.0 = Release|Win32
		{DBC6DA46-072E-4580-95A2-16FB6A5157A4}.Debug|x64.ActiveCfg = Debug|x64
		{DBC6DA46-072E-4580-95A2-16FB6A5157A4}.Debug|x64.Build.0 = Debug|x64
		{DBC6DA46-072E-4580-95A2-16FB6A5157A4}.Debug|x86.ActiveCfg = Debug|Win32
		{DBC6DA46-072E-4580-95A2-16FB6A5157A4}.Debug|x86.Build.0 = Debug|Win32
		{DBC6DA46-072E-4580-95A2-16FB6A5157A4}.Release|x64.ActiveCfg = Release|x64
		{DBC6DA46-072E-4580-95A2-16FB6A5157A4}.Release|x64.Build.0 = Release|x64
		{DBC6DA46-072E-4580-95A2-16FB6A5157A4}.Release|x86.ActiveCfg = Release|Win32
		{DBC6DA46-072E-4580-95A2-16FB6A5157A4}.Release|x86.Build.0 = Release|Win32
		{DA9F3D2C-4DF2-491D-8CAC-DCD23F2B3B94}.Debug|x64.ActiveCfg = Debug|x64
		{DA9F3D2C-4DF2-491D-8CAC-DCD23F2B3B94}.Debug|x64.Build.0 = Debug|x64
		{DA9F3D2C-4DF2-491D-8CAC-DCD23F2B3B94}.Debug|x86.ActiveCfg = Debug|Win32
		{DA9F3D2C-4DF2-491D-8CAC-DCD23F2B3B94}.Debug|x86.Build.0 = Debug|Win32
		{DA9F3D2C-4DF2-491D-8CAC-DCD23F2B3B94}.Release|x64.ActiveCfg = Release|x64
		{DA9F3D2C-4DF2-491D-8CAC-DCD23F2B3B94}.Release|x64.Build.0 = Release|x64
		{DA9F3D2C-4DF2-491D-8CAC-DCD23F2B3B94}.Release|x86.ActiveCfg = Release|Win32
		{DA9F3D2C-4DF2-491D-8CAC-DCD23F2B3B94}.Release|x86.Build.0 = Release|Win32
		{BFB570EA-C224-489E-82CA-C4E53CA4AA2B}.Debug|x64.ActiveCfg = Debug|x64
		{BFB570EA-C224-489E-82CA-C4E53CA4AA2B}.Debug|x64.Build.0 = Debug|x64
		{BFB570EA-C224-489E-82CA-C4E53CA4AA2B}.Debug|x86.ActiveCfg = Debug|Win32
		{BFB570EA-C224-489E-82CA-C4E53CA4AA2B}.Debug|x86.Build.0 = Debug|Win32
		{BFB570EA-C224-489E-82CA-C4E53CA4AA2B}.Release|x64.ActiveCfg = Release|x64
		{BFB570EA-C224-489E-82CA-C4E53CA4AA2B}.Release|x64.Build.0 = Release|x64
		{BFB570EA-C224-489E-82CA-C4E53CA4AA2B}.Release|x86.ActiveCfg = Release|Win32
		{BFB570EA-C224-489E-82CA-C4E53CA4AA2B}.Release|x86.Build.0 = Release|Win32
		{D3D4E458-2252-4432-B636-A328B8CE511E}.Debug|x64.ActiveCfg = Debug|x64
		{D3D4E458-2252-4432-B636-A328B8CE511E}.Debug|x64.Build.0 = Debug|x64
		{D3D4E458-2252-4432-B636-A328B8CE511E}.Debug|x86.ActiveCfg = Debug|Win32
		{D3D4E458-2252-4432-B636-A328B8CE511E}.Debug|x86.Build.0 = Debug|Win32
		{D3D4E458-2252-4432-B636-A328B8CE511E}.Release|x64.ActiveCfg = Release|x64
		{D3D4E458-2252-4432-B636-A328B8CE511E}.Release|x64.Build.0 = Release|x64
		{D3D4E458-2252-4432-B636-A328B8CE511E}.Release|x86.ActiveCfg = Release|Win32
		{D3D4E458-2252-4432-B636-A328B8CE511E}.Release|x86.Build.0 = Release|Win32
		{F480B850-820B-4CE2-9862-D813251939C0}.Debug|x64.ActiveCfg = Debug|x64
		{F480B850-820B-4CE2-9862-D813251939C0}.Debug|x64.Build.0 = Debug|x64
		{F480B850-820B-4CE2-9862-D813251939C0}.Debug|x86.ActiveCfg = Debug|Win32
		{F480B850-820B-4CE2-9862-D813251939C0}.Debug|x86.Build.0 = Debug|Win32
		{F480B850-820B-4CE2-9862-D813251939C0}.Release|x64.ActiveCfg = Release|x64
		{F480B850-820B-4CE2-9862-D813251939C0}.Release|x64.Build.0 = Release|x64
		{F480B850-820B-4CE2-9862-D813251939C0}.Release|x86.ActiveCfg = Release|Win32
		{F480B850-820B-4CE2-9862-D813251939C0}.Release|x86.Build.0 = Release|Win32
		{948B837C-44B3-4241-9443-E2627E744977}.Debug|x64.ActiveCfg = Debug|x64
		{948B837C-44B3-4241-9443-E2627E744977}.Debug|x64.Build.0 = Debug|x64
		{948B837C-44B3-4241-9443-E2627E744977}.Debug|x86.ActiveCfg = Debug|Win32
		{948B837C-44B3-4241-9443-E2627E744977}.Debug|x86.Build.0 = Debug|Win32
		{948B837C-44B3-4241-9443-E2627E744977}.Release|x64.ActiveCfg = Release|x64
		{948B837C-44B3-4241-9443-E2627E744977}.Release|x64.Build.0 = Release|x64
		{948B837C-44B3-4241-9443-E2627E744977}.Release|x86.ActiveCfg = Release|Win32
		{948B837C-44B3-4241-9443-E2627E744977}.Release|x86.Build.0 = Release|Win32
		{490E8F17-AF66-4BA2-B980-0CDAEB692772}.Debug|x64.ActiveCfg = Debug|x64
		{490E8F17-AF66-4BA2-B980-0CDAEB692772}.Debug|x64.Build.0 = Debug|x64
		{490E8F17-AF66-4BA2-B980-0CDAEB692772}.Debug|x86.ActiveCfg = Debug|Win32
		{490E8F17-AF66-4BA2-B980-0CDAEB692772}.Debug|x86.Build.0 = Debug|Win32
		{490E8F17-AF66-4BA2-B980-0CDAEB692772}.Release|x64.ActiveCfg = Release|x64
		{490E8F17-AF66-4BA2-B980-0CDAEB692772}.Release|x64.Build.0 = Release|x64
		{490E8F17-AF66-4BA2-B980-0CDAEB692772}.Release|x86.ActiveCfg = Release|Win32
		{490E8F17-AF66-4BA2-B980-0CDAEB692772}.Release|x86.Build.0 = Release|Win32
		{DD8897B2-246E-478C-8067-FF0022757F01}.Debug|x64.ActiveCfg = Debug|x64
		{DD8897B2-246E-478C-8067-FF0022757F01}.Debug|x64.Build.0 = Debug|x64
		{DD8897B2-246E-478C-8067-FF0022757F01}.Debug|x86.ActiveCfg = Debug|Win32
		{DD8897B2-246E-478C-8067-FF0022757F01}.Debug|x86.Build.0 = Debug|Win32
		{DD8897B2-246E-478C-8067-FF0022757F01}.Release|x64.ActiveCfg = Release|x64
		{DD8897B2-246E-478C-8067-FF0022757F01}.Release|x64.Build.0 = Release|x64
		{DD8897B2-246E-478C-8067-FF0022757F01}.Release|x86.ActiveCfg = Release|Win32
		{DD8897B2-246E-478C-8067-FF0022757F01}.Release|x86.Build.0 = Release|Win32
	EndGlobalSection
	GlobalSection(SolutionProperties) = preSolution
		HideSolutionNode = FALSE
	EndGlobalSection
	GlobalSection(ExtensibilityGlobals) = postSolution
		SolutionGuid = {E0DECDC9-47C3-402C-B987-528F5EB4D54C}
	EndGlobalSection
EndGlobal
