
Microsoft Visual Studio Solution File, Format Version 12.00
# Visual Studio Version 17
VisualStudioVersion = 17.6.33801.468
MinimumVisualStudioVersion = 10.0.40219.1
Project("{8BC9CEB8-8B4A-11D0-8D11-00A0C91BC942}") = "Step10_A1_27323", "Step10_A1_27323\Step10_A1_27323.vcxproj", "{3B0952AD-6F6B-4972-9B3E-98E91B644F0C}"
EndProject
Project("{8BC9CEB8-8B4A-11D0-8D11-00A0C91BC942}") = "Step10_B2_1085", "Step10_B2_1085\Step10_B2_1085.vcxproj", "{68E643C2-6C91-44A4-8F73-346183E2DA80}"
EndProject
Project("{8BC9CEB8-8B4A-11D0-8D11-00A0C91BC942}") = "Step10_C3_3009", "Step10_C3_3009\Step10_C3_3009.vcxproj", "{A9737C88-82B5-4C26-8E14-1ABC7F30E69D}"
EndProject
Project("{8BC9CEB8-8B4A-11D0-8D11-00A0C91BC942}") = "Step10_D4_15894", "Step10_D4_15894\Step10_D4_15894.vcxproj", "{4B7D1AB8-3B8F-4BCA-BAD1-8DE158753B71}"
EndProject
Project("{8BC9CEB8-8B4A-11D0-8D11-00A0C91BC942}") = "Step10_E5_9063", "Step10_E5_9063\Step10_E5_9063.vcxproj", "{D9DE9D59-07FE-4C0B-AC4D-3FB16B32DFC5}"
EndProject
Project("{8BC9CEB8-8B4A-11D0-8D11-00A0C91BC942}") = "Step10_F6_10101", "Step10_F6_10101\Step10_F6_10101.vcxproj", "{2FFBC32A-F1AF-4BA5-ADF8-81AA3308F630}"
EndProject
Global
	GlobalSection(SolutionConfigurationPlatforms) = preSolution
		Debug|x64 = Debug|x64
		Debug|x86 = Debug|x86
		Release|x64 = Release|x64
		Release|x86 = Release|x86
	EndGlobalSection
	GlobalSection(ProjectConfigurationPlatforms) = postSolution
		{3B0952AD-6F6B-4972-9B3E-98E91B644F0C}.Debug|x64.ActiveCfg = Debug|x64
		{3B0952AD-6F6B-4972-9B3E-98E91B644F0C}.Debug|x64.Build.0 = Debug|x64
		{3B0952AD-6F6B-4972-9B3E-98E91B644F0C}.Debug|x86.ActiveCfg = Debug|Win32
		{3B0952AD-6F6B-4972-9B3E-98E91B644F0C}.Debug|x86.Build.0 = Debug|Win32
		{3B0952AD-6F6B-4972-9B3E-98E91B644F0C}.Release|x64.ActiveCfg = Release|x64
		{3B0952AD-6F6B-4972-9B3E-98E91B644F0C}.Release|x64.Build.0 = Release|x64
		{3B0952AD-6F6B-4972-9B3E-98E91B644F0C}.Release|x86.ActiveCfg = Release|Win32
		{3B0952AD-6F6B-4972-9B3E-98E91B644F0C}.Release|x86.Build.0 = Release|Win32
		{68E643C2-6C91-44A4-8F73-346183E2DA80}.Debug|x64.ActiveCfg = Debug|x64
		{68E643C2-6C91-44A4-8F73-346183E2DA80}.Debug|x64.Build.0 = Debug|x64
		{68E643C2-6C91-44A4-8F73-346183E2DA80}.Debug|x86.ActiveCfg = Debug|Win32
		{68E643C2-6C91-44A4-8F73-346183E2DA80}.Debug|x86.Build.0 = Debug|Win32
		{68E643C2-6C91-44A4-8F73-346183E2DA80}.Release|x64.ActiveCfg = Release|x64
		{68E643C2-6C91-44A4-8F73-346183E2DA80}.Release|x64.Build.0 = Release|x64
		{68E643C2-6C91-44A4-8F73-346183E2DA80}.Release|x86.ActiveCfg = Release|Win32
		{68E643C2-6C91-44A4-8F73-346183E2DA80}.Release|x86.Build.0 = Release|Win32
		{A9737C88-82B5-4C26-8E14-1ABC7F30E69D}.Debug|x64.ActiveCfg = Debug|x64
		{A9737C88-82B5-4C26-8E14-1ABC7F30E69D}.Debug|x64.Build.0 = Debug|x64
		{A9737C88-82B5-4C26-8E14-1ABC7F30E69D}.Debug|x86.ActiveCfg = Debug|Win32
		{A9737C88-82B5-4C26-8E14-1ABC7F30E69D}.Debug|x86.Build.0 = Debug|Win32
		{A9737C88-82B5-4C26-8E14-1ABC7F30E69D}.Release|x64.ActiveCfg = Release|x64
		{A9737C88-82B5-4C26-8E14-1ABC7F30E69D}.Release|x64.Build.0 = Release|x64
		{A9737C88-82B5-4C26-8E14-1ABC7F30E69D}.Release|x86.ActiveCfg = Release|Win32
		{A9737C88-82B5-4C26-8E14-1ABC7F30E69D}.Release|x86.Build.0 = Release|Win32
		{4B7D1AB8-3B8F-4BCA-BAD1-8DE158753B71}.Debug|x64.ActiveCfg = Debug|x64
		{4B7D1AB8-3B8F-4BCA-BAD1-8DE158753B71}.Debug|x64.Build.0 = Debug|x64
		{4B7D1AB8-3B8F-4BCA-BAD1-8DE158753B71}.Debug|x86.ActiveCfg = Debug|Win32
		{4B7D1AB8-3B8F-4BCA-BAD1-8DE158753B71}.Debug|x86.Build.0 = Debug|Win32
		{4B7D1AB8-3B8F-4BCA-BAD1-8DE158753B71}.Release|x64.ActiveCfg = Release|x64
		{4B7D1AB8-3B8F-4BCA-BAD1-8DE158753B71}.Release|x64.Build.0 = Release|x64
		{4B7D1AB8-3B8F-4BCA-BAD1-8DE158753B71}.Release|x86.ActiveCfg = Release|Win32
		{4B7D1AB8-3B8F-4BCA-BAD1-8DE158753B71}.Release|x86.Build.0 = Release|Win32
		{D9DE9D59-07FE-4C0B-AC4D-3FB16B32DFC5}.Debug|x64.ActiveCfg = Debug|x64
		{D9DE9D59-07FE-4C0B-AC4D-3FB16B32DFC5}.Debug|x64.Build.0 = Debug|x64
		{D9DE9D59-07FE-4C0B-AC4D-3FB16B32DFC5}.Debug|x86.ActiveCfg = Debug|Win32
		{D9DE9D59-07FE-4C0B-AC4D-3FB16B32DFC5}.Debug|x86.Build.0 = Debug|Win32
		{D9DE9D59-07FE-4C0B-AC4D-3FB16B32DFC5}.Release|x64.ActiveCfg = Release|x64
		{D9DE9D59-07FE-4C0B-AC4D-3FB16B32DFC5}.Release|x64.Build.0 = Release|x64
		{D9DE9D59-07FE-4C0B-AC4D-3FB16B32DFC5}.Release|x86.ActiveCfg = Release|Win32
		{D9DE9D59-07FE-4C0B-AC4D-3FB16B32DFC5}.Release|x86.Build.0 = Release|Win32
		{2FFBC32A-F1AF-4BA5-ADF8-81AA3308F630}.Debug|x64.ActiveCfg = Debug|x64
		{2FFBC32A-F1AF-4BA5-ADF8-81AA3308F630}.Debug|x64.Build.0 = Debug|x64
		{2FFBC32A-F1AF-4BA5-ADF8-81AA3308F630}.Debug|x86.ActiveCfg = Debug|Win32
		{2FFBC32A-F1AF-4BA5-ADF8-81AA3308F630}.Debug|x86.Build.0 = Debug|Win32
		{2FFBC32A-F1AF-4BA5-ADF8-81AA3308F630}.Release|x64.ActiveCfg = Release|x64
		{2FFBC32A-F1AF-4BA5-ADF8-81AA3308F630}.Release|x64.Build.0 = Release|x64
		{2FFBC32A-F1AF-4BA5-ADF8-81AA3308F630}.Release|x86.ActiveCfg = Release|Win32
		{2FFBC32A-F1AF-4BA5-ADF8-81AA3308F630}.Release|x86.Build.0 = Release|Win32
	EndGlobalSection
	GlobalSection(SolutionProperties) = preSolution
		HideSolutionNode = FALSE
	EndGlobalSection
	GlobalSection(ExtensibilityGlobals) = postSolution
		SolutionGuid = {EF852B84-D5B9-4CEA-89A4-33B5F41C2303}
	EndGlobalSection
EndGlobal
