
Microsoft Visual Studio Solution File, Format Version 12.00
# Visual Studio Version 17
VisualStudioVersion = 17.6.33801.468
MinimumVisualStudioVersion = 10.0.40219.1
Project("{8BC9CEB8-8B4A-11D0-8D11-00A0C91BC942}") = "Week4_BitMastking_binary", "Week4_BitMastking\Week4_BitMastking.vcxproj", "{EC2CB910-095D-4FDD-A362-CA2F45BA0365}"
EndProject
Project("{8BC9CEB8-8B4A-11D0-8D11-00A0C91BC942}") = "Week4_Bitmask_operator", "Week4_Bitmask_operator\Week4_Bitmask_operator.vcxproj", "{D8865430-64F2-479A-A7D1-5ABBF3AC2024}"
EndProject
Project("{8BC9CEB8-8B4A-11D0-8D11-00A0C91BC942}") = "Week4_BitMaskUsing", "Week4_BitMaskUseing\Week4_BitMaskUseing.vcxproj", "{07ECF20F-8CEE-45D8-B08A-5A84FB9E97C0}"
EndProject
Project("{8BC9CEB8-8B4A-11D0-8D11-00A0C91BC942}") = "Week4_A_19942", "Week4_A_19942\Week4_A_19942.vcxproj", "{9B90A48C-A37B-456F-B618-91F4AC0BCB9E}"
EndProject
Project("{8BC9CEB8-8B4A-11D0-8D11-00A0C91BC942}") = "Week4_B_1285", "Week4_B_1285\Week4_B_1285.vcxproj", "{91403BA6-AAC7-4E87-9B35-BD30735545B5}"
EndProject
Project("{8BC9CEB8-8B4A-11D0-8D11-00A0C91BC942}") = "Week4_C_17471", "Week4_C_17471\Week4_C_17471.vcxproj", "{397B2CDD-6809-4B14-906D-0A87FE50527E}"
EndProject
Project("{8BC9CEB8-8B4A-11D0-8D11-00A0C91BC942}") = "Week4_D_1987", "Week4_D_1987\Week4_D_1987.vcxproj", "{7F92C67F-BDFA-473F-89D5-8BB865AF12AB}"
EndProject
Project("{8BC9CEB8-8B4A-11D0-8D11-00A0C91BC942}") = "Week4_E_14890", "Week4_E_14890\Week4_E_14890.vcxproj", "{02C612FA-A1D2-4005-AAF2-76299EF81260}"
EndProject
Project("{8BC9CEB8-8B4A-11D0-8D11-00A0C91BC942}") = "Week4_F_1062", "Week4_F_1062\Week4_F_1062.vcxproj", "{8A095CBF-E265-4CF2-AADD-B9538D3A1255}"
EndProject
Project("{8BC9CEB8-8B4A-11D0-8D11-00A0C91BC942}") = "Week4_G_1094", "Week4_G_1094\Week4_G_1094.vcxproj", "{204DBACF-FA29-4550-AB10-DCC706779AD3}"
EndProject
Project("{8BC9CEB8-8B4A-11D0-8D11-00A0C91BC942}") = "Week4_H_2234", "Week4_H_2234\Week4_H_2234.vcxproj", "{0C75A9DE-BFEE-4162-B9C9-50202FF68D8D}"
EndProject
Project("{8BC9CEB8-8B4A-11D0-8D11-00A0C91BC942}") = "Week4_I_11723", "Week4_I_11723\Week4_I_11723.vcxproj", "{AF76F62F-C7FF-4A4B-8D72-37F82E933744}"
EndProject
Project("{8BC9CEB8-8B4A-11D0-8D11-00A0C91BC942}") = "Week4_J_14391", "Week4_J_14391\Week4_J_14391.vcxproj", "{F9FE813F-77B0-422D-86E2-A95D09E52AB6}"
EndProject
Project("{8BC9CEB8-8B4A-11D0-8D11-00A0C91BC942}") = "Week4_K_13244", "Week4_K_13244\Week4_K_13244.vcxproj", "{F31C24CD-9084-4611-8206-A15CCCE0226D}"
EndProject
Project("{8BC9CEB8-8B4A-11D0-8D11-00A0C91BC942}") = "Week4_L_5430", "Week4_L_5430\Week4_L_5430.vcxproj", "{2B7AD0F5-D133-49A0-A2E7-1E62AC76F74C}"
EndProject
Project("{8BC9CEB8-8B4A-11D0-8D11-00A0C91BC942}") = "Week4_M_14405", "Week4_M_14405\Week4_M_14405.vcxproj", "{38425A49-4C35-434A-83BE-DFF5EF8EB29A}"
EndProject
Project("{8BC9CEB8-8B4A-11D0-8D11-00A0C91BC942}") = "CodeTest", "CodeTest\CodeTest.vcxproj", "{8D7916AE-8F50-492B-9BAE-9EFFF4CDEF16}"
EndProject
Project("{8BC9CEB8-8B4A-11D0-8D11-00A0C91BC942}") = "Week4_N_15353", "Week4_N_15353\Week4_N_15353.vcxproj", "{9D7EA81D-EBC0-4330-B515-1BCB384A3182}"
EndProject
Project("{8BC9CEB8-8B4A-11D0-8D11-00A0C91BC942}") = "Week4_O_15926", "Week4_15926\Week4_15926.vcxproj", "{74C12289-2BF2-4C84-9D7B-FC82D0775694}"
EndProject
Project("{8BC9CEB8-8B4A-11D0-8D11-00A0C91BC942}") = "Week4_P_3015", "Week4_P_3015\Week4_P_3015.vcxproj", "{277C29FC-7E0F-4A6B-87E5-88027C72AED3}"
EndProject
Global
	GlobalSection(SolutionConfigurationPlatforms) = preSolution
		Debug|x64 = Debug|x64
		Debug|x86 = Debug|x86
		Release|x64 = Release|x64
		Release|x86 = Release|x86
	EndGlobalSection
	GlobalSection(ProjectConfigurationPlatforms) = postSolution
		{EC2CB910-095D-4FDD-A362-CA2F45BA0365}.Debug|x64.ActiveCfg = Debug|x64
		{EC2CB910-095D-4FDD-A362-CA2F45BA0365}.Debug|x64.Build.0 = Debug|x64
		{EC2CB910-095D-4FDD-A362-CA2F45BA0365}.Debug|x86.ActiveCfg = Debug|Win32
		{EC2CB910-095D-4FDD-A362-CA2F45BA0365}.Debug|x86.Build.0 = Debug|Win32
		{EC2CB910-095D-4FDD-A362-CA2F45BA0365}.Release|x64.ActiveCfg = Release|x64
		{EC2CB910-095D-4FDD-A362-CA2F45BA0365}.Release|x64.Build.0 = Release|x64
		{EC2CB910-095D-4FDD-A362-CA2F45BA0365}.Release|x86.ActiveCfg = Release|Win32
		{EC2CB910-095D-4FDD-A362-CA2F45BA0365}.Release|x86.Build.0 = Release|Win32
		{D8865430-64F2-479A-A7D1-5ABBF3AC2024}.Debug|x64.ActiveCfg = Debug|x64
		{D8865430-64F2-479A-A7D1-5ABBF3AC2024}.Debug|x64.Build.0 = Debug|x64
		{D8865430-64F2-479A-A7D1-5ABBF3AC2024}.Debug|x86.ActiveCfg = Debug|Win32
		{D8865430-64F2-479A-A7D1-5ABBF3AC2024}.Debug|x86.Build.0 = Debug|Win32
		{D8865430-64F2-479A-A7D1-5ABBF3AC2024}.Release|x64.ActiveCfg = Release|x64
		{D8865430-64F2-479A-A7D1-5ABBF3AC2024}.Release|x64.Build.0 = Release|x64
		{D8865430-64F2-479A-A7D1-5ABBF3AC2024}.Release|x86.ActiveCfg = Release|Win32
		{D8865430-64F2-479A-A7D1-5ABBF3AC2024}.Release|x86.Build.0 = Release|Win32
		{07ECF20F-8CEE-45D8-B08A-5A84FB9E97C0}.Debug|x64.ActiveCfg = Debug|x64
		{07ECF20F-8CEE-45D8-B08A-5A84FB9E97C0}.Debug|x64.Build.0 = Debug|x64
		{07ECF20F-8CEE-45D8-B08A-5A84FB9E97C0}.Debug|x86.ActiveCfg = Debug|Win32
		{07ECF20F-8CEE-45D8-B08A-5A84FB9E97C0}.Debug|x86.Build.0 = Debug|Win32
		{07ECF20F-8CEE-45D8-B08A-5A84FB9E97C0}.Release|x64.ActiveCfg = Release|x64
		{07ECF20F-8CEE-45D8-B08A-5A84FB9E97C0}.Release|x64.Build.0 = Release|x64
		{07ECF20F-8CEE-45D8-B08A-5A84FB9E97C0}.Release|x86.ActiveCfg = Release|Win32
		{07ECF20F-8CEE-45D8-B08A-5A84FB9E97C0}.Release|x86.Build.0 = Release|Win32
		{9B90A48C-A37B-456F-B618-91F4AC0BCB9E}.Debug|x64.ActiveCfg = Debug|x64
		{9B90A48C-A37B-456F-B618-91F4AC0BCB9E}.Debug|x64.Build.0 = Debug|x64
		{9B90A48C-A37B-456F-B618-91F4AC0BCB9E}.Debug|x86.ActiveCfg = Debug|Win32
		{9B90A48C-A37B-456F-B618-91F4AC0BCB9E}.Debug|x86.Build.0 = Debug|Win32
		{9B90A48C-A37B-456F-B618-91F4AC0BCB9E}.Release|x64.ActiveCfg = Release|x64
		{9B90A48C-A37B-456F-B618-91F4AC0BCB9E}.Release|x64.Build.0 = Release|x64
		{9B90A48C-A37B-456F-B618-91F4AC0BCB9E}.Release|x86.ActiveCfg = Release|Win32
		{9B90A48C-A37B-456F-B618-91F4AC0BCB9E}.Release|x86.Build.0 = Release|Win32
		{91403BA6-AAC7-4E87-9B35-BD30735545B5}.Debug|x64.ActiveCfg = Debug|x64
		{91403BA6-AAC7-4E87-9B35-BD30735545B5}.Debug|x64.Build.0 = Debug|x64
		{91403BA6-AAC7-4E87-9B35-BD30735545B5}.Debug|x86.ActiveCfg = Debug|Win32
		{91403BA6-AAC7-4E87-9B35-BD30735545B5}.Debug|x86.Build.0 = Debug|Win32
		{91403BA6-AAC7-4E87-9B35-BD30735545B5}.Release|x64.ActiveCfg = Release|x64
		{91403BA6-AAC7-4E87-9B35-BD30735545B5}.Release|x64.Build.0 = Release|x64
		{91403BA6-AAC7-4E87-9B35-BD30735545B5}.Release|x86.ActiveCfg = Release|Win32
		{91403BA6-AAC7-4E87-9B35-BD30735545B5}.Release|x86.Build.0 = Release|Win32
		{397B2CDD-6809-4B14-906D-0A87FE50527E}.Debug|x64.ActiveCfg = Debug|x64
		{397B2CDD-6809-4B14-906D-0A87FE50527E}.Debug|x64.Build.0 = Debug|x64
		{397B2CDD-6809-4B14-906D-0A87FE50527E}.Debug|x86.ActiveCfg = Debug|Win32
		{397B2CDD-6809-4B14-906D-0A87FE50527E}.Debug|x86.Build.0 = Debug|Win32
		{397B2CDD-6809-4B14-906D-0A87FE50527E}.Release|x64.ActiveCfg = Release|x64
		{397B2CDD-6809-4B14-906D-0A87FE50527E}.Release|x64.Build.0 = Release|x64
		{397B2CDD-6809-4B14-906D-0A87FE50527E}.Release|x86.ActiveCfg = Release|Win32
		{397B2CDD-6809-4B14-906D-0A87FE50527E}.Release|x86.Build.0 = Release|Win32
		{7F92C67F-BDFA-473F-89D5-8BB865AF12AB}.Debug|x64.ActiveCfg = Debug|x64
		{7F92C67F-BDFA-473F-89D5-8BB865AF12AB}.Debug|x64.Build.0 = Debug|x64
		{7F92C67F-BDFA-473F-89D5-8BB865AF12AB}.Debug|x86.ActiveCfg = Debug|Win32
		{7F92C67F-BDFA-473F-89D5-8BB865AF12AB}.Debug|x86.Build.0 = Debug|Win32
		{7F92C67F-BDFA-473F-89D5-8BB865AF12AB}.Release|x64.ActiveCfg = Release|x64
		{7F92C67F-BDFA-473F-89D5-8BB865AF12AB}.Release|x64.Build.0 = Release|x64
		{7F92C67F-BDFA-473F-89D5-8BB865AF12AB}.Release|x86.ActiveCfg = Release|Win32
		{7F92C67F-BDFA-473F-89D5-8BB865AF12AB}.Release|x86.Build.0 = Release|Win32
		{02C612FA-A1D2-4005-AAF2-76299EF81260}.Debug|x64.ActiveCfg = Debug|x64
		{02C612FA-A1D2-4005-AAF2-76299EF81260}.Debug|x64.Build.0 = Debug|x64
		{02C612FA-A1D2-4005-AAF2-76299EF81260}.Debug|x86.ActiveCfg = Debug|Win32
		{02C612FA-A1D2-4005-AAF2-76299EF81260}.Debug|x86.Build.0 = Debug|Win32
		{02C612FA-A1D2-4005-AAF2-76299EF81260}.Release|x64.ActiveCfg = Release|x64
		{02C612FA-A1D2-4005-AAF2-76299EF81260}.Release|x64.Build.0 = Release|x64
		{02C612FA-A1D2-4005-AAF2-76299EF81260}.Release|x86.ActiveCfg = Release|Win32
		{02C612FA-A1D2-4005-AAF2-76299EF81260}.Release|x86.Build.0 = Release|Win32
		{8A095CBF-E265-4CF2-AADD-B9538D3A1255}.Debug|x64.ActiveCfg = Debug|x64
		{8A095CBF-E265-4CF2-AADD-B9538D3A1255}.Debug|x64.Build.0 = Debug|x64
		{8A095CBF-E265-4CF2-AADD-B9538D3A1255}.Debug|x86.ActiveCfg = Debug|Win32
		{8A095CBF-E265-4CF2-AADD-B9538D3A1255}.Debug|x86.Build.0 = Debug|Win32
		{8A095CBF-E265-4CF2-AADD-B9538D3A1255}.Release|x64.ActiveCfg = Release|x64
		{8A095CBF-E265-4CF2-AADD-B9538D3A1255}.Release|x64.Build.0 = Release|x64
		{8A095CBF-E265-4CF2-AADD-B9538D3A1255}.Release|x86.ActiveCfg = Release|Win32
		{8A095CBF-E265-4CF2-AADD-B9538D3A1255}.Release|x86.Build.0 = Release|Win32
		{204DBACF-FA29-4550-AB10-DCC706779AD3}.Debug|x64.ActiveCfg = Debug|x64
		{204DBACF-FA29-4550-AB10-DCC706779AD3}.Debug|x64.Build.0 = Debug|x64
		{204DBACF-FA29-4550-AB10-DCC706779AD3}.Debug|x86.ActiveCfg = Debug|Win32
		{204DBACF-FA29-4550-AB10-DCC706779AD3}.Debug|x86.Build.0 = Debug|Win32
		{204DBACF-FA29-4550-AB10-DCC706779AD3}.Release|x64.ActiveCfg = Release|x64
		{204DBACF-FA29-4550-AB10-DCC706779AD3}.Release|x64.Build.0 = Release|x64
		{204DBACF-FA29-4550-AB10-DCC706779AD3}.Release|x86.ActiveCfg = Release|Win32
		{204DBACF-FA29-4550-AB10-DCC706779AD3}.Release|x86.Build.0 = Release|Win32
		{0C75A9DE-BFEE-4162-B9C9-50202FF68D8D}.Debug|x64.ActiveCfg = Debug|x64
		{0C75A9DE-BFEE-4162-B9C9-50202FF68D8D}.Debug|x64.Build.0 = Debug|x64
		{0C75A9DE-BFEE-4162-B9C9-50202FF68D8D}.Debug|x86.ActiveCfg = Debug|Win32
		{0C75A9DE-BFEE-4162-B9C9-50202FF68D8D}.Debug|x86.Build.0 = Debug|Win32
		{0C75A9DE-BFEE-4162-B9C9-50202FF68D8D}.Release|x64.ActiveCfg = Release|x64
		{0C75A9DE-BFEE-4162-B9C9-50202FF68D8D}.Release|x64.Build.0 = Release|x64
		{0C75A9DE-BFEE-4162-B9C9-50202FF68D8D}.Release|x86.ActiveCfg = Release|Win32
		{0C75A9DE-BFEE-4162-B9C9-50202FF68D8D}.Release|x86.Build.0 = Release|Win32
		{AF76F62F-C7FF-4A4B-8D72-37F82E933744}.Debug|x64.ActiveCfg = Debug|x64
		{AF76F62F-C7FF-4A4B-8D72-37F82E933744}.Debug|x64.Build.0 = Debug|x64
		{AF76F62F-C7FF-4A4B-8D72-37F82E933744}.Debug|x86.ActiveCfg = Debug|Win32
		{AF76F62F-C7FF-4A4B-8D72-37F82E933744}.Debug|x86.Build.0 = Debug|Win32
		{AF76F62F-C7FF-4A4B-8D72-37F82E933744}.Release|x64.ActiveCfg = Release|x64
		{AF76F62F-C7FF-4A4B-8D72-37F82E933744}.Release|x64.Build.0 = Release|x64
		{AF76F62F-C7FF-4A4B-8D72-37F82E933744}.Release|x86.ActiveCfg = Release|Win32
		{AF76F62F-C7FF-4A4B-8D72-37F82E933744}.Release|x86.Build.0 = Release|Win32
		{F9FE813F-77B0-422D-86E2-A95D09E52AB6}.Debug|x64.ActiveCfg = Debug|x64
		{F9FE813F-77B0-422D-86E2-A95D09E52AB6}.Debug|x64.Build.0 = Debug|x64
		{F9FE813F-77B0-422D-86E2-A95D09E52AB6}.Debug|x86.ActiveCfg = Debug|Win32
		{F9FE813F-77B0-422D-86E2-A95D09E52AB6}.Debug|x86.Build.0 = Debug|Win32
		{F9FE813F-77B0-422D-86E2-A95D09E52AB6}.Release|x64.ActiveCfg = Release|x64
		{F9FE813F-77B0-422D-86E2-A95D09E52AB6}.Release|x64.Build.0 = Release|x64
		{F9FE813F-77B0-422D-86E2-A95D09E52AB6}.Release|x86.ActiveCfg = Release|Win32
		{F9FE813F-77B0-422D-86E2-A95D09E52AB6}.Release|x86.Build.0 = Release|Win32
		{F31C24CD-9084-4611-8206-A15CCCE0226D}.Debug|x64.ActiveCfg = Debug|x64
		{F31C24CD-9084-4611-8206-A15CCCE0226D}.Debug|x64.Build.0 = Debug|x64
		{F31C24CD-9084-4611-8206-A15CCCE0226D}.Debug|x86.ActiveCfg = Debug|Win32
		{F31C24CD-9084-4611-8206-A15CCCE0226D}.Debug|x86.Build.0 = Debug|Win32
		{F31C24CD-9084-4611-8206-A15CCCE0226D}.Release|x64.ActiveCfg = Release|x64
		{F31C24CD-9084-4611-8206-A15CCCE0226D}.Release|x64.Build.0 = Release|x64
		{F31C24CD-9084-4611-8206-A15CCCE0226D}.Release|x86.ActiveCfg = Release|Win32
		{F31C24CD-9084-4611-8206-A15CCCE0226D}.Release|x86.Build.0 = Release|Win32
		{2B7AD0F5-D133-49A0-A2E7-1E62AC76F74C}.Debug|x64.ActiveCfg = Debug|x64
		{2B7AD0F5-D133-49A0-A2E7-1E62AC76F74C}.Debug|x64.Build.0 = Debug|x64
		{2B7AD0F5-D133-49A0-A2E7-1E62AC76F74C}.Debug|x86.ActiveCfg = Debug|Win32
		{2B7AD0F5-D133-49A0-A2E7-1E62AC76F74C}.Debug|x86.Build.0 = Debug|Win32
		{2B7AD0F5-D133-49A0-A2E7-1E62AC76F74C}.Release|x64.ActiveCfg = Release|x64
		{2B7AD0F5-D133-49A0-A2E7-1E62AC76F74C}.Release|x64.Build.0 = Release|x64
		{2B7AD0F5-D133-49A0-A2E7-1E62AC76F74C}.Release|x86.ActiveCfg = Release|Win32
		{2B7AD0F5-D133-49A0-A2E7-1E62AC76F74C}.Release|x86.Build.0 = Release|Win32
		{38425A49-4C35-434A-83BE-DFF5EF8EB29A}.Debug|x64.ActiveCfg = Debug|x64
		{38425A49-4C35-434A-83BE-DFF5EF8EB29A}.Debug|x64.Build.0 = Debug|x64
		{38425A49-4C35-434A-83BE-DFF5EF8EB29A}.Debug|x86.ActiveCfg = Debug|Win32
		{38425A49-4C35-434A-83BE-DFF5EF8EB29A}.Debug|x86.Build.0 = Debug|Win32
		{38425A49-4C35-434A-83BE-DFF5EF8EB29A}.Release|x64.ActiveCfg = Release|x64
		{38425A49-4C35-434A-83BE-DFF5EF8EB29A}.Release|x64.Build.0 = Release|x64
		{38425A49-4C35-434A-83BE-DFF5EF8EB29A}.Release|x86.ActiveCfg = Release|Win32
		{38425A49-4C35-434A-83BE-DFF5EF8EB29A}.Release|x86.Build.0 = Release|Win32
		{8D7916AE-8F50-492B-9BAE-9EFFF4CDEF16}.Debug|x64.ActiveCfg = Debug|x64
		{8D7916AE-8F50-492B-9BAE-9EFFF4CDEF16}.Debug|x64.Build.0 = Debug|x64
		{8D7916AE-8F50-492B-9BAE-9EFFF4CDEF16}.Debug|x86.ActiveCfg = Debug|Win32
		{8D7916AE-8F50-492B-9BAE-9EFFF4CDEF16}.Debug|x86.Build.0 = Debug|Win32
		{8D7916AE-8F50-492B-9BAE-9EFFF4CDEF16}.Release|x64.ActiveCfg = Release|x64
		{8D7916AE-8F50-492B-9BAE-9EFFF4CDEF16}.Release|x64.Build.0 = Release|x64
		{8D7916AE-8F50-492B-9BAE-9EFFF4CDEF16}.Release|x86.ActiveCfg = Release|Win32
		{8D7916AE-8F50-492B-9BAE-9EFFF4CDEF16}.Release|x86.Build.0 = Release|Win32
		{9D7EA81D-EBC0-4330-B515-1BCB384A3182}.Debug|x64.ActiveCfg = Debug|x64
		{9D7EA81D-EBC0-4330-B515-1BCB384A3182}.Debug|x64.Build.0 = Debug|x64
		{9D7EA81D-EBC0-4330-B515-1BCB384A3182}.Debug|x86.ActiveCfg = Debug|Win32
		{9D7EA81D-EBC0-4330-B515-1BCB384A3182}.Debug|x86.Build.0 = Debug|Win32
		{9D7EA81D-EBC0-4330-B515-1BCB384A3182}.Release|x64.ActiveCfg = Release|x64
		{9D7EA81D-EBC0-4330-B515-1BCB384A3182}.Release|x64.Build.0 = Release|x64
		{9D7EA81D-EBC0-4330-B515-1BCB384A3182}.Release|x86.ActiveCfg = Release|Win32
		{9D7EA81D-EBC0-4330-B515-1BCB384A3182}.Release|x86.Build.0 = Release|Win32
		{74C12289-2BF2-4C84-9D7B-FC82D0775694}.Debug|x64.ActiveCfg = Debug|x64
		{74C12289-2BF2-4C84-9D7B-FC82D0775694}.Debug|x64.Build.0 = Debug|x64
		{74C12289-2BF2-4C84-9D7B-FC82D0775694}.Debug|x86.ActiveCfg = Debug|Win32
		{74C12289-2BF2-4C84-9D7B-FC82D0775694}.Debug|x86.Build.0 = Debug|Win32
		{74C12289-2BF2-4C84-9D7B-FC82D0775694}.Release|x64.ActiveCfg = Release|x64
		{74C12289-2BF2-4C84-9D7B-FC82D0775694}.Release|x64.Build.0 = Release|x64
		{74C12289-2BF2-4C84-9D7B-FC82D0775694}.Release|x86.ActiveCfg = Release|Win32
		{74C12289-2BF2-4C84-9D7B-FC82D0775694}.Release|x86.Build.0 = Release|Win32
		{277C29FC-7E0F-4A6B-87E5-88027C72AED3}.Debug|x64.ActiveCfg = Debug|x64
		{277C29FC-7E0F-4A6B-87E5-88027C72AED3}.Debug|x64.Build.0 = Debug|x64
		{277C29FC-7E0F-4A6B-87E5-88027C72AED3}.Debug|x86.ActiveCfg = Debug|Win32
		{277C29FC-7E0F-4A6B-87E5-88027C72AED3}.Debug|x86.Build.0 = Debug|Win32
		{277C29FC-7E0F-4A6B-87E5-88027C72AED3}.Release|x64.ActiveCfg = Release|x64
		{277C29FC-7E0F-4A6B-87E5-88027C72AED3}.Release|x64.Build.0 = Release|x64
		{277C29FC-7E0F-4A6B-87E5-88027C72AED3}.Release|x86.ActiveCfg = Release|Win32
		{277C29FC-7E0F-4A6B-87E5-88027C72AED3}.Release|x86.Build.0 = Release|Win32
	EndGlobalSection
	GlobalSection(SolutionProperties) = preSolution
		HideSolutionNode = FALSE
	EndGlobalSection
	GlobalSection(ExtensibilityGlobals) = postSolution
		SolutionGuid = {2245F0ED-7536-407A-8904-415EABF9BC13}
	EndGlobalSection
EndGlobal
