
Microsoft Visual Studio Solution File, Format Version 12.00
# Visual Studio Version 17
VisualStudioVersion = 17.6.33801.468
MinimumVisualStudioVersion = 10.0.40219.1
Project("{8BC9CEB8-8B4A-11D0-8D11-00A0C91BC942}") = "Week7_0", "Week7_0\Week7_0.vcxproj", "{62E5F1F2-3DDE-4215-BF3E-4CCB107D52B1}"
EndProject
Project("{8BC9CEB8-8B4A-11D0-8D11-00A0C91BC942}") = "Week7_A_2098", "Week7_A_2098\Week7_A_2098.vcxproj", "{A46E6189-1725-49BF-B7FD-B0C2A1C39125}"
EndProject
Project("{8BC9CEB8-8B4A-11D0-8D11-00A0C91BC942}") = "Week7_B_17070", "Week7_B_17070\Week7_B_17070.vcxproj", "{7A295EB3-08A0-47E8-9F61-7E6462B18A85}"
EndProject
Project("{8BC9CEB8-8B4A-11D0-8D11-00A0C91BC942}") = "Week7_C_1103", "Week7_C_1103\Week7_C_1103.vcxproj", "{86348BCC-6A53-46BE-B24F-66D984E3D9A5}"
EndProject
Project("{8BC9CEB8-8B4A-11D0-8D11-00A0C91BC942}") = "Week7_D_2240", "Week7_D_2240\Week7_D_2240.vcxproj", "{541DEFFE-A4D5-457D-86E5-5D875A9DB25B}"
EndProject
Project("{8BC9CEB8-8B4A-11D0-8D11-00A0C91BC942}") = "Week7_E_4811", "Week7_E_4811\Week7_E_4811.vcxproj", "{791D57DA-32E5-4683-9FC9-17877DEEE293}"
EndProject
Project("{8BC9CEB8-8B4A-11D0-8D11-00A0C91BC942}") = "Week7_F_12852", "Week7_F_12852\Week7_F_12852.vcxproj", "{744B9F80-37ED-440C-8F84-4EA343237B17}"
EndProject
Project("{8BC9CEB8-8B4A-11D0-8D11-00A0C91BC942}") = "Week7_G_2294", "Week7_G_2294\Week7_G_2294.vcxproj", "{2F06708F-C509-4929-8B85-58B75B61BD48}"
EndProject
Project("{8BC9CEB8-8B4A-11D0-8D11-00A0C91BC942}") = "Week7_H_2293", "Week7_H_2293\Week7_H_2293.vcxproj", "{A26F25E2-C5F5-4FF9-BE98-3F7B9E762D2B}"
EndProject
Project("{8BC9CEB8-8B4A-11D0-8D11-00A0C91BC942}") = "Week7_I_4781", "Week7_I_4781\Week7_I_4781.vcxproj", "{3D629D54-5D1F-4832-83C5-CF1B55AEB040}"
EndProject
Project("{8BC9CEB8-8B4A-11D0-8D11-00A0C91BC942}") = "Week7_J_12865", "Week7_J_12865\Week7_J_12865.vcxproj", "{F01BFF8E-7A31-43B4-9488-8987232323CC}"
EndProject
Project("{8BC9CEB8-8B4A-11D0-8D11-00A0C91BC942}") = "Week7_K_1513", "Week7_K_1513\Week7_K_1513.vcxproj", "{664B4A2F-61DB-44F2-9A90-C0EA47197773}"
EndProject
Project("{8BC9CEB8-8B4A-11D0-8D11-00A0C91BC942}") = "Week7_L_1535", "Week7_L_1535\Week7_L_1535.vcxproj", "{F284C2A5-74C5-44AD-B60C-244AF7124239}"
EndProject
Project("{8BC9CEB8-8B4A-11D0-8D11-00A0C91BC942}") = "Week7_M_16235", "Week7_M_16235\Week7_M_16235.vcxproj", "{C1FDBAB2-F51C-491E-A8A6-51558EEE632A}"
EndProject
Project("{8BC9CEB8-8B4A-11D0-8D11-00A0C91BC942}") = "Week7_N_17136", "Week7_N_17136\Week7_N_17136.vcxproj", "{0B8135A2-4D37-4222-A28A-A46E54A6D22E}"
EndProject
Global
	GlobalSection(SolutionConfigurationPlatforms) = preSolution
		Debug|x64 = Debug|x64
		Debug|x86 = Debug|x86
		Release|x64 = Release|x64
		Release|x86 = Release|x86
	EndGlobalSection
	GlobalSection(ProjectConfigurationPlatforms) = postSolution
		{62E5F1F2-3DDE-4215-BF3E-4CCB107D52B1}.Debug|x64.ActiveCfg = Debug|x64
		{62E5F1F2-3DDE-4215-BF3E-4CCB107D52B1}.Debug|x64.Build.0 = Debug|x64
		{62E5F1F2-3DDE-4215-BF3E-4CCB107D52B1}.Debug|x86.ActiveCfg = Debug|Win32
		{62E5F1F2-3DDE-4215-BF3E-4CCB107D52B1}.Debug|x86.Build.0 = Debug|Win32
		{62E5F1F2-3DDE-4215-BF3E-4CCB107D52B1}.Release|x64.ActiveCfg = Release|x64
		{62E5F1F2-3DDE-4215-BF3E-4CCB107D52B1}.Release|x64.Build.0 = Release|x64
		{62E5F1F2-3DDE-4215-BF3E-4CCB107D52B1}.Release|x86.ActiveCfg = Release|Win32
		{62E5F1F2-3DDE-4215-BF3E-4CCB107D52B1}.Release|x86.Build.0 = Release|Win32
		{A46E6189-1725-49BF-B7FD-B0C2A1C39125}.Debug|x64.ActiveCfg = Debug|x64
		{A46E6189-1725-49BF-B7FD-B0C2A1C39125}.Debug|x64.Build.0 = Debug|x64
		{A46E6189-1725-49BF-B7FD-B0C2A1C39125}.Debug|x86.ActiveCfg = Debug|Win32
		{A46E6189-1725-49BF-B7FD-B0C2A1C39125}.Debug|x86.Build.0 = Debug|Win32
		{A46E6189-1725-49BF-B7FD-B0C2A1C39125}.Release|x64.ActiveCfg = Release|x64
		{A46E6189-1725-49BF-B7FD-B0C2A1C39125}.Release|x64.Build.0 = Release|x64
		{A46E6189-1725-49BF-B7FD-B0C2A1C39125}.Release|x86.ActiveCfg = Release|Win32
		{A46E6189-1725-49BF-B7FD-B0C2A1C39125}.Release|x86.Build.0 = Release|Win32
		{7A295EB3-08A0-47E8-9F61-7E6462B18A85}.Debug|x64.ActiveCfg = Debug|x64
		{7A295EB3-08A0-47E8-9F61-7E6462B18A85}.Debug|x64.Build.0 = Debug|x64
		{7A295EB3-08A0-47E8-9F61-7E6462B18A85}.Debug|x86.ActiveCfg = Debug|Win32
		{7A295EB3-08A0-47E8-9F61-7E6462B18A85}.Debug|x86.Build.0 = Debug|Win32
		{7A295EB3-08A0-47E8-9F61-7E6462B18A85}.Release|x64.ActiveCfg = Release|x64
		{7A295EB3-08A0-47E8-9F61-7E6462B18A85}.Release|x64.Build.0 = Release|x64
		{7A295EB3-08A0-47E8-9F61-7E6462B18A85}.Release|x86.ActiveCfg = Release|Win32
		{7A295EB3-08A0-47E8-9F61-7E6462B18A85}.Release|x86.Build.0 = Release|Win32
		{86348BCC-6A53-46BE-B24F-66D984E3D9A5}.Debug|x64.ActiveCfg = Debug|x64
		{86348BCC-6A53-46BE-B24F-66D984E3D9A5}.Debug|x64.Build.0 = Debug|x64
		{86348BCC-6A53-46BE-B24F-66D984E3D9A5}.Debug|x86.ActiveCfg = Debug|Win32
		{86348BCC-6A53-46BE-B24F-66D984E3D9A5}.Debug|x86.Build.0 = Debug|Win32
		{86348BCC-6A53-46BE-B24F-66D984E3D9A5}.Release|x64.ActiveCfg = Release|x64
		{86348BCC-6A53-46BE-B24F-66D984E3D9A5}.Release|x64.Build.0 = Release|x64
		{86348BCC-6A53-46BE-B24F-66D984E3D9A5}.Release|x86.ActiveCfg = Release|Win32
		{86348BCC-6A53-46BE-B24F-66D984E3D9A5}.Release|x86.Build.0 = Release|Win32
		{541DEFFE-A4D5-457D-86E5-5D875A9DB25B}.Debug|x64.ActiveCfg = Debug|x64
		{541DEFFE-A4D5-457D-86E5-5D875A9DB25B}.Debug|x64.Build.0 = Debug|x64
		{541DEFFE-A4D5-457D-86E5-5D875A9DB25B}.Debug|x86.ActiveCfg = Debug|Win32
		{541DEFFE-A4D5-457D-86E5-5D875A9DB25B}.Debug|x86.Build.0 = Debug|Win32
		{541DEFFE-A4D5-457D-86E5-5D875A9DB25B}.Release|x64.ActiveCfg = Release|x64
		{541DEFFE-A4D5-457D-86E5-5D875A9DB25B}.Release|x64.Build.0 = Release|x64
		{541DEFFE-A4D5-457D-86E5-5D875A9DB25B}.Release|x86.ActiveCfg = Release|Win32
		{541DEFFE-A4D5-457D-86E5-5D875A9DB25B}.Release|x86.Build.0 = Release|Win32
		{791D57DA-32E5-4683-9FC9-17877DEEE293}.Debug|x64.ActiveCfg = Debug|x64
		{791D57DA-32E5-4683-9FC9-17877DEEE293}.Debug|x64.Build.0 = Debug|x64
		{791D57DA-32E5-4683-9FC9-17877DEEE293}.Debug|x86.ActiveCfg = Debug|Win32
		{791D57DA-32E5-4683-9FC9-17877DEEE293}.Debug|x86.Build.0 = Debug|Win32
		{791D57DA-32E5-4683-9FC9-17877DEEE293}.Release|x64.ActiveCfg = Release|x64
		{791D57DA-32E5-4683-9FC9-17877DEEE293}.Release|x64.Build.0 = Release|x64
		{791D57DA-32E5-4683-9FC9-17877DEEE293}.Release|x86.ActiveCfg = Release|Win32
		{791D57DA-32E5-4683-9FC9-17877DEEE293}.Release|x86.Build.0 = Release|Win32
		{744B9F80-37ED-440C-8F84-4EA343237B17}.Debug|x64.ActiveCfg = Debug|x64
		{744B9F80-37ED-440C-8F84-4EA343237B17}.Debug|x64.Build.0 = Debug|x64
		{744B9F80-37ED-440C-8F84-4EA343237B17}.Debug|x86.ActiveCfg = Debug|Win32
		{744B9F80-37ED-440C-8F84-4EA343237B17}.Debug|x86.Build.0 = Debug|Win32
		{744B9F80-37ED-440C-8F84-4EA343237B17}.Release|x64.ActiveCfg = Release|x64
		{744B9F80-37ED-440C-8F84-4EA343237B17}.Release|x64.Build.0 = Release|x64
		{744B9F80-37ED-440C-8F84-4EA343237B17}.Release|x86.ActiveCfg = Release|Win32
		{744B9F80-37ED-440C-8F84-4EA343237B17}.Release|x86.Build.0 = Release|Win32
		{2F06708F-C509-4929-8B85-58B75B61BD48}.Debug|x64.ActiveCfg = Debug|x64
		{2F06708F-C509-4929-8B85-58B75B61BD48}.Debug|x64.Build.0 = Debug|x64
		{2F06708F-C509-4929-8B85-58B75B61BD48}.Debug|x86.ActiveCfg = Debug|Win32
		{2F06708F-C509-4929-8B85-58B75B61BD48}.Debug|x86.Build.0 = Debug|Win32
		{2F06708F-C509-4929-8B85-58B75B61BD48}.Release|x64.ActiveCfg = Release|x64
		{2F06708F-C509-4929-8B85-58B75B61BD48}.Release|x64.Build.0 = Release|x64
		{2F06708F-C509-4929-8B85-58B75B61BD48}.Release|x86.ActiveCfg = Release|Win32
		{2F06708F-C509-4929-8B85-58B75B61BD48}.Release|x86.Build.0 = Release|Win32
		{A26F25E2-C5F5-4FF9-BE98-3F7B9E762D2B}.Debug|x64.ActiveCfg = Debug|x64
		{A26F25E2-C5F5-4FF9-BE98-3F7B9E762D2B}.Debug|x64.Build.0 = Debug|x64
		{A26F25E2-C5F5-4FF9-BE98-3F7B9E762D2B}.Debug|x86.ActiveCfg = Debug|Win32
		{A26F25E2-C5F5-4FF9-BE98-3F7B9E762D2B}.Debug|x86.Build.0 = Debug|Win32
		{A26F25E2-C5F5-4FF9-BE98-3F7B9E762D2B}.Release|x64.ActiveCfg = Release|x64
		{A26F25E2-C5F5-4FF9-BE98-3F7B9E762D2B}.Release|x64.Build.0 = Release|x64
		{A26F25E2-C5F5-4FF9-BE98-3F7B9E762D2B}.Release|x86.ActiveCfg = Release|Win32
		{A26F25E2-C5F5-4FF9-BE98-3F7B9E762D2B}.Release|x86.Build.0 = Release|Win32
		{3D629D54-5D1F-4832-83C5-CF1B55AEB040}.Debug|x64.ActiveCfg = Debug|x64
		{3D629D54-5D1F-4832-83C5-CF1B55AEB040}.Debug|x64.Build.0 = Debug|x64
		{3D629D54-5D1F-4832-83C5-CF1B55AEB040}.Debug|x86.ActiveCfg = Debug|Win32
		{3D629D54-5D1F-4832-83C5-CF1B55AEB040}.Debug|x86.Build.0 = Debug|Win32
		{3D629D54-5D1F-4832-83C5-CF1B55AEB040}.Release|x64.ActiveCfg = Release|x64
		{3D629D54-5D1F-4832-83C5-CF1B55AEB040}.Release|x64.Build.0 = Release|x64
		{3D629D54-5D1F-4832-83C5-CF1B55AEB040}.Release|x86.ActiveCfg = Release|Win32
		{3D629D54-5D1F-4832-83C5-CF1B55AEB040}.Release|x86.Build.0 = Release|Win32
		{F01BFF8E-7A31-43B4-9488-8987232323CC}.Debug|x64.ActiveCfg = Debug|x64
		{F01BFF8E-7A31-43B4-9488-8987232323CC}.Debug|x64.Build.0 = Debug|x64
		{F01BFF8E-7A31-43B4-9488-8987232323CC}.Debug|x86.ActiveCfg = Debug|Win32
		{F01BFF8E-7A31-43B4-9488-8987232323CC}.Debug|x86.Build.0 = Debug|Win32
		{F01BFF8E-7A31-43B4-9488-8987232323CC}.Release|x64.ActiveCfg = Release|x64
		{F01BFF8E-7A31-43B4-9488-8987232323CC}.Release|x64.Build.0 = Release|x64
		{F01BFF8E-7A31-43B4-9488-8987232323CC}.Release|x86.ActiveCfg = Release|Win32
		{F01BFF8E-7A31-43B4-9488-8987232323CC}.Release|x86.Build.0 = Release|Win32
		{664B4A2F-61DB-44F2-9A90-C0EA47197773}.Debug|x64.ActiveCfg = Debug|x64
		{664B4A2F-61DB-44F2-9A90-C0EA47197773}.Debug|x64.Build.0 = Debug|x64
		{664B4A2F-61DB-44F2-9A90-C0EA47197773}.Debug|x86.ActiveCfg = Debug|Win32
		{664B4A2F-61DB-44F2-9A90-C0EA47197773}.Debug|x86.Build.0 = Debug|Win32
		{664B4A2F-61DB-44F2-9A90-C0EA47197773}.Release|x64.ActiveCfg = Release|x64
		{664B4A2F-61DB-44F2-9A90-C0EA47197773}.Release|x64.Build.0 = Release|x64
		{664B4A2F-61DB-44F2-9A90-C0EA47197773}.Release|x86.ActiveCfg = Release|Win32
		{664B4A2F-61DB-44F2-9A90-C0EA47197773}.Release|x86.Build.0 = Release|Win32
		{F284C2A5-74C5-44AD-B60C-244AF7124239}.Debug|x64.ActiveCfg = Debug|x64
		{F284C2A5-74C5-44AD-B60C-244AF7124239}.Debug|x64.Build.0 = Debug|x64
		{F284C2A5-74C5-44AD-B60C-244AF7124239}.Debug|x86.ActiveCfg = Debug|Win32
		{F284C2A5-74C5-44AD-B60C-244AF7124239}.Debug|x86.Build.0 = Debug|Win32
		{F284C2A5-74C5-44AD-B60C-244AF7124239}.Release|x64.ActiveCfg = Release|x64
		{F284C2A5-74C5-44AD-B60C-244AF7124239}.Release|x64.Build.0 = Release|x64
		{F284C2A5-74C5-44AD-B60C-244AF7124239}.Release|x86.ActiveCfg = Release|Win32
		{F284C2A5-74C5-44AD-B60C-244AF7124239}.Release|x86.Build.0 = Release|Win32
		{C1FDBAB2-F51C-491E-A8A6-51558EEE632A}.Debug|x64.ActiveCfg = Debug|x64
		{C1FDBAB2-F51C-491E-A8A6-51558EEE632A}.Debug|x64.Build.0 = Debug|x64
		{C1FDBAB2-F51C-491E-A8A6-51558EEE632A}.Debug|x86.ActiveCfg = Debug|Win32
		{C1FDBAB2-F51C-491E-A8A6-51558EEE632A}.Debug|x86.Build.0 = Debug|Win32
		{C1FDBAB2-F51C-491E-A8A6-51558EEE632A}.Release|x64.ActiveCfg = Release|x64
		{C1FDBAB2-F51C-491E-A8A6-51558EEE632A}.Release|x64.Build.0 = Release|x64
		{C1FDBAB2-F51C-491E-A8A6-51558EEE632A}.Release|x86.ActiveCfg = Release|Win32
		{C1FDBAB2-F51C-491E-A8A6-51558EEE632A}.Release|x86.Build.0 = Release|Win32
		{0B8135A2-4D37-4222-A28A-A46E54A6D22E}.Debug|x64.ActiveCfg = Debug|x64
		{0B8135A2-4D37-4222-A28A-A46E54A6D22E}.Debug|x64.Build.0 = Debug|x64
		{0B8135A2-4D37-4222-A28A-A46E54A6D22E}.Debug|x86.ActiveCfg = Debug|Win32
		{0B8135A2-4D37-4222-A28A-A46E54A6D22E}.Debug|x86.Build.0 = Debug|Win32
		{0B8135A2-4D37-4222-A28A-A46E54A6D22E}.Release|x64.ActiveCfg = Release|x64
		{0B8135A2-4D37-4222-A28A-A46E54A6D22E}.Release|x64.Build.0 = Release|x64
		{0B8135A2-4D37-4222-A28A-A46E54A6D22E}.Release|x86.ActiveCfg = Release|Win32
		{0B8135A2-4D37-4222-A28A-A46E54A6D22E}.Release|x86.Build.0 = Release|Win32
	EndGlobalSection
	GlobalSection(SolutionProperties) = preSolution
		HideSolutionNode = FALSE
	EndGlobalSection
	GlobalSection(ExtensibilityGlobals) = postSolution
		SolutionGuid = {1130FD79-C81A-4419-BF2B-7F2E75956B09}
	EndGlobalSection
EndGlobal
