
Microsoft Visual Studio Solution File, Format Version 12.00
# Visual Studio Version 17
VisualStudioVersion = 17.6.33801.468
MinimumVisualStudioVersion = 10.0.40219.1
Project("{8BC9CEB8-8B4A-11D0-8D11-00A0C91BC942}") = "Step2_1_1330", "Step2_1_1330\Step2_1_1330.vcxproj", "{513DD7B3-FE83-45AF-B0AA-0EBA52F911B0}"
EndProject
Project("{8BC9CEB8-8B4A-11D0-8D11-00A0C91BC942}") = "Step2_2_9498", "Step2_2_9498\Step2_2_9498.vcxproj", "{86DF2FCC-958A-4C87-B86C-E3A694899C7D}"
EndProject
Project("{8BC9CEB8-8B4A-11D0-8D11-00A0C91BC942}") = "Step2_3_2753", "Step2_3_2753\Step2_3_2753.vcxproj", "{960827E0-E5ED-48CF-967F-04061A0006B4}"
EndProject
Project("{8BC9CEB8-8B4A-11D0-8D11-00A0C91BC942}") = "Step2_4_14681", "Step2_4_14681\Step2_4_14681.vcxproj", "{FD6694AD-1D7F-4CAF-9DCC-0BB186F30671}"
EndProject
Project("{8BC9CEB8-8B4A-11D0-8D11-00A0C91BC942}") = "Step2_5_2884", "Step2_5_2884\Step2_5_2884.vcxproj", "{B7CC15AF-06F2-4D46-A2D8-8AEF0403ABF9}"
EndProject
Project("{8BC9CEB8-8B4A-11D0-8D11-00A0C91BC942}") = "Step2_6_2525", "Step2_6_2525\Step2_6_2525.vcxproj", "{FEF1ABE7-7BFA-41A7-BB55-8E91F4140C60}"
EndProject
Project("{8BC9CEB8-8B4A-11D0-8D11-00A0C91BC942}") = "Step2_7_2480", "Step2_7_2480\Step2_7_2480.vcxproj", "{56069B48-3665-4407-B969-AA5CD8562E45}"
EndProject
Global
	GlobalSection(SolutionConfigurationPlatforms) = preSolution
		Debug|x64 = Debug|x64
		Debug|x86 = Debug|x86
		Release|x64 = Release|x64
		Release|x86 = Release|x86
	EndGlobalSection
	GlobalSection(ProjectConfigurationPlatforms) = postSolution
		{513DD7B3-FE83-45AF-B0AA-0EBA52F911B0}.Debug|x64.ActiveCfg = Debug|x64
		{513DD7B3-FE83-45AF-B0AA-0EBA52F911B0}.Debug|x64.Build.0 = Debug|x64
		{513DD7B3-FE83-45AF-B0AA-0EBA52F911B0}.Debug|x86.ActiveCfg = Debug|Win32
		{513DD7B3-FE83-45AF-B0AA-0EBA52F911B0}.Debug|x86.Build.0 = Debug|Win32
		{513DD7B3-FE83-45AF-B0AA-0EBA52F911B0}.Release|x64.ActiveCfg = Release|x64
		{513DD7B3-FE83-45AF-B0AA-0EBA52F911B0}.Release|x64.Build.0 = Release|x64
		{513DD7B3-FE83-45AF-B0AA-0EBA52F911B0}.Release|x86.ActiveCfg = Release|Win32
		{513DD7B3-FE83-45AF-B0AA-0EBA52F911B0}.Release|x86.Build.0 = Release|Win32
		{86DF2FCC-958A-4C87-B86C-E3A694899C7D}.Debug|x64.ActiveCfg = Debug|x64
		{86DF2FCC-958A-4C87-B86C-E3A694899C7D}.Debug|x64.Build.0 = Debug|x64
		{86DF2FCC-958A-4C87-B86C-E3A694899C7D}.Debug|x86.ActiveCfg = Debug|Win32
		{86DF2FCC-958A-4C87-B86C-E3A694899C7D}.Debug|x86.Build.0 = Debug|Win32
		{86DF2FCC-958A-4C87-B86C-E3A694899C7D}.Release|x64.ActiveCfg = Release|x64
		{86DF2FCC-958A-4C87-B86C-E3A694899C7D}.Release|x64.Build.0 = Release|x64
		{86DF2FCC-958A-4C87-B86C-E3A694899C7D}.Release|x86.ActiveCfg = Release|Win32
		{86DF2FCC-958A-4C87-B86C-E3A694899C7D}.Release|x86.Build.0 = Release|Win32
		{960827E0-E5ED-48CF-967F-04061A0006B4}.Debug|x64.ActiveCfg = Debug|x64
		{960827E0-E5ED-48CF-967F-04061A0006B4}.Debug|x64.Build.0 = Debug|x64
		{960827E0-E5ED-48CF-967F-04061A0006B4}.Debug|x86.ActiveCfg = Debug|Win32
		{960827E0-E5ED-48CF-967F-04061A0006B4}.Debug|x86.Build.0 = Debug|Win32
		{960827E0-E5ED-48CF-967F-04061A0006B4}.Release|x64.ActiveCfg = Release|x64
		{960827E0-E5ED-48CF-967F-04061A0006B4}.Release|x64.Build.0 = Release|x64
		{960827E0-E5ED-48CF-967F-04061A0006B4}.Release|x86.ActiveCfg = Release|Win32
		{960827E0-E5ED-48CF-967F-04061A0006B4}.Release|x86.Build.0 = Release|Win32
		{FD6694AD-1D7F-4CAF-9DCC-0BB186F30671}.Debug|x64.ActiveCfg = Debug|x64
		{FD6694AD-1D7F-4CAF-9DCC-0BB186F30671}.Debug|x64.Build.0 = Debug|x64
		{FD6694AD-1D7F-4CAF-9DCC-0BB186F30671}.Debug|x86.ActiveCfg = Debug|Win32
		{FD6694AD-1D7F-4CAF-9DCC-0BB186F30671}.Debug|x86.Build.0 = Debug|Win32
		{FD6694AD-1D7F-4CAF-9DCC-0BB186F30671}.Release|x64.ActiveCfg = Release|x64
		{FD6694AD-1D7F-4CAF-9DCC-0BB186F30671}.Release|x64.Build.0 = Release|x64
		{FD6694AD-1D7F-4CAF-9DCC-0BB186F30671}.Release|x86.ActiveCfg = Release|Win32
		{FD6694AD-1D7F-4CAF-9DCC-0BB186F30671}.Release|x86.Build.0 = Release|Win32
		{B7CC15AF-06F2-4D46-A2D8-8AEF0403ABF9}.Debug|x64.ActiveCfg = Debug|x64
		{B7CC15AF-06F2-4D46-A2D8-8AEF0403ABF9}.Debug|x64.Build.0 = Debug|x64
		{B7CC15AF-06F2-4D46-A2D8-8AEF0403ABF9}.Debug|x86.ActiveCfg = Debug|Win32
		{B7CC15AF-06F2-4D46-A2D8-8AEF0403ABF9}.Debug|x86.Build.0 = Debug|Win32
		{B7CC15AF-06F2-4D46-A2D8-8AEF0403ABF9}.Release|x64.ActiveCfg = Release|x64
		{B7CC15AF-06F2-4D46-A2D8-8AEF0403ABF9}.Release|x64.Build.0 = Release|x64
		{B7CC15AF-06F2-4D46-A2D8-8AEF0403ABF9}.Release|x86.ActiveCfg = Release|Win32
		{B7CC15AF-06F2-4D46-A2D8-8AEF0403ABF9}.Release|x86.Build.0 = Release|Win32
		{FEF1ABE7-7BFA-41A7-BB55-8E91F4140C60}.Debug|x64.ActiveCfg = Debug|x64
		{FEF1ABE7-7BFA-41A7-BB55-8E91F4140C60}.Debug|x64.Build.0 = Debug|x64
		{FEF1ABE7-7BFA-41A7-BB55-8E91F4140C60}.Debug|x86.ActiveCfg = Debug|Win32
		{FEF1ABE7-7BFA-41A7-BB55-8E91F4140C60}.Debug|x86.Build.0 = Debug|Win32
		{FEF1ABE7-7BFA-41A7-BB55-8E91F4140C60}.Release|x64.ActiveCfg = Release|x64
		{FEF1ABE7-7BFA-41A7-BB55-8E91F4140C60}.Release|x64.Build.0 = Release|x64
		{FEF1ABE7-7BFA-41A7-BB55-8E91F4140C60}.Release|x86.ActiveCfg = Release|Win32
		{FEF1ABE7-7BFA-41A7-BB55-8E91F4140C60}.Release|x86.Build.0 = Release|Win32
		{56069B48-3665-4407-B969-AA5CD8562E45}.Debug|x64.ActiveCfg = Debug|x64
		{56069B48-3665-4407-B969-AA5CD8562E45}.Debug|x64.Build.0 = Debug|x64
		{56069B48-3665-4407-B969-AA5CD8562E45}.Debug|x86.ActiveCfg = Debug|Win32
		{56069B48-3665-4407-B969-AA5CD8562E45}.Debug|x86.Build.0 = Debug|Win32
		{56069B48-3665-4407-B969-AA5CD8562E45}.Release|x64.ActiveCfg = Release|x64
		{56069B48-3665-4407-B969-AA5CD8562E45}.Release|x64.Build.0 = Release|x64
		{56069B48-3665-4407-B969-AA5CD8562E45}.Release|x86.ActiveCfg = Release|Win32
		{56069B48-3665-4407-B969-AA5CD8562E45}.Release|x86.Build.0 = Release|Win32
	EndGlobalSection
	GlobalSection(SolutionProperties) = preSolution
		HideSolutionNode = FALSE
	EndGlobalSection
	GlobalSection(ExtensibilityGlobals) = postSolution
		SolutionGuid = {D16131DE-539F-42D7-968B-83F030633B09}
	EndGlobalSection
EndGlobal
