
Microsoft Visual Studio Solution File, Format Version 12.00
# Visual Studio Version 17
VisualStudioVersion = 17.6.33801.468
MinimumVisualStudioVersion = 10.0.40219.1
Project("{8BC9CEB8-8B4A-11D0-8D11-00A0C91BC942}") = "Graph", "Graph\Graph.vcxproj", "{22CCD2D9-F1A8-4723-BA08-D479B7385B5A}"
EndProject
Project("{8BC9CEB8-8B4A-11D0-8D11-00A0C91BC942}") = "Week2_A", "Week2_A\Week2_A.vcxproj", "{21B13225-8EFF-4007-8C80-6847B4C485C3}"
EndProject
Project("{8BC9CEB8-8B4A-11D0-8D11-00A0C91BC942}") = "Week2_B_1012", "Week2_B_1012\Week2_B_1012.vcxproj", "{3F6958DE-16A7-47EB-9A67-3DB3D2EC5A36}"
EndProject
Project("{8BC9CEB8-8B4A-11D0-8D11-00A0C91BC942}") = "Week2_C_2468", "Week2_C_2468\Week2_C_2468.vcxproj", "{F5A759F5-76E1-429F-9A88-3203A3D9B496}"
EndProject
Project("{8BC9CEB8-8B4A-11D0-8D11-00A0C91BC942}") = "Week2_D_2583", "Week2_D_2583\Week2_D_2583.vcxproj", "{3FF9624B-4A07-4621-9E65-148EC58FB0C5}"
EndProject
Project("{8BC9CEB8-8B4A-11D0-8D11-00A0C91BC942}") = "Week2_E_1992", "Week2_E_1992\Week2_E_1992.vcxproj", "{A14B8479-D50B-4934-96B5-32D8858D13EE}"
EndProject
Project("{8BC9CEB8-8B4A-11D0-8D11-00A0C91BC942}") = "Week2_F_2828", "Week2_F_2828\Week2_F_2828.vcxproj", "{2952280B-AE5C-4189-BC21-BDBE74019D5E}"
EndProject
Project("{8BC9CEB8-8B4A-11D0-8D11-00A0C91BC942}") = "Week2_G_2910", "Week2_G_2910\Week2_G_2910.vcxproj", "{2F4DBB12-AD0C-4C0E-9E56-D47D4FE8C127}"
EndProject
Project("{8BC9CEB8-8B4A-11D0-8D11-00A0C91BC942}") = "Week2_H_4659", "Week2__4659\Week2__4659.vcxproj", "{F2B3406A-8886-4C4E-94FD-AF8B0C5FB07E}"
EndProject
Project("{8BC9CEB8-8B4A-11D0-8D11-00A0C91BC942}") = "Week2_I_2870", "Week_2_I_2870\Week_2_I_2870.vcxproj", "{68286116-97D0-44C5-8977-8FC9882DA1A4}"
EndProject
Project("{8BC9CEB8-8B4A-11D0-8D11-00A0C91BC942}") = "Week2_J_10709", "Week2_J_10709\Week2_J_10709.vcxproj", "{4B1807C9-604F-47B2-9AF8-012782CF710C}"
EndProject
Project("{8BC9CEB8-8B4A-11D0-8D11-00A0C91BC942}") = "Week2_K_3474", "Week2_K_3474\Week2_K_3474.vcxproj", "{8362DBC6-58ED-4E94-BE62-3F16A9BF401F}"
EndProject
Project("{8BC9CEB8-8B4A-11D0-8D11-00A0C91BC942}") = "Week2_L_2852", "Week2_L_2852\Week2_L_2852.vcxproj", "{9D4ACF38-5C56-463B-B55F-9F8CF4E2DF07}"
EndProject
Project("{8BC9CEB8-8B4A-11D0-8D11-00A0C91BC942}") = "Week2_M_1438", "Week2_M_1438\Week2_M_1438.vcxproj", "{F1446BEF-19DC-40E2-8AF6-CA9FFA0601CA}"
EndProject
Global
	GlobalSection(SolutionConfigurationPlatforms) = preSolution
		Debug|x64 = Debug|x64
		Debug|x86 = Debug|x86
		Release|x64 = Release|x64
		Release|x86 = Release|x86
	EndGlobalSection
	GlobalSection(ProjectConfigurationPlatforms) = postSolution
		{22CCD2D9-F1A8-4723-BA08-D479B7385B5A}.Debug|x64.ActiveCfg = Debug|x64
		{22CCD2D9-F1A8-4723-BA08-D479B7385B5A}.Debug|x64.Build.0 = Debug|x64
		{22CCD2D9-F1A8-4723-BA08-D479B7385B5A}.Debug|x86.ActiveCfg = Debug|Win32
		{22CCD2D9-F1A8-4723-BA08-D479B7385B5A}.Debug|x86.Build.0 = Debug|Win32
		{22CCD2D9-F1A8-4723-BA08-D479B7385B5A}.Release|x64.ActiveCfg = Release|x64
		{22CCD2D9-F1A8-4723-BA08-D479B7385B5A}.Release|x64.Build.0 = Release|x64
		{22CCD2D9-F1A8-4723-BA08-D479B7385B5A}.Release|x86.ActiveCfg = Release|Win32
		{22CCD2D9-F1A8-4723-BA08-D479B7385B5A}.Release|x86.Build.0 = Release|Win32
		{21B13225-8EFF-4007-8C80-6847B4C485C3}.Debug|x64.ActiveCfg = Debug|x64
		{21B13225-8EFF-4007-8C80-6847B4C485C3}.Debug|x64.Build.0 = Debug|x64
		{21B13225-8EFF-4007-8C80-6847B4C485C3}.Debug|x86.ActiveCfg = Debug|Win32
		{21B13225-8EFF-4007-8C80-6847B4C485C3}.Debug|x86.Build.0 = Debug|Win32
		{21B13225-8EFF-4007-8C80-6847B4C485C3}.Release|x64.ActiveCfg = Release|x64
		{21B13225-8EFF-4007-8C80-6847B4C485C3}.Release|x64.Build.0 = Release|x64
		{21B13225-8EFF-4007-8C80-6847B4C485C3}.Release|x86.ActiveCfg = Release|Win32
		{21B13225-8EFF-4007-8C80-6847B4C485C3}.Release|x86.Build.0 = Release|Win32
		{3F6958DE-16A7-47EB-9A67-3DB3D2EC5A36}.Debug|x64.ActiveCfg = Debug|x64
		{3F6958DE-16A7-47EB-9A67-3DB3D2EC5A36}.Debug|x64.Build.0 = Debug|x64
		{3F6958DE-16A7-47EB-9A67-3DB3D2EC5A36}.Debug|x86.ActiveCfg = Debug|Win32
		{3F6958DE-16A7-47EB-9A67-3DB3D2EC5A36}.Debug|x86.Build.0 = Debug|Win32
		{3F6958DE-16A7-47EB-9A67-3DB3D2EC5A36}.Release|x64.ActiveCfg = Release|x64
		{3F6958DE-16A7-47EB-9A67-3DB3D2EC5A36}.Release|x64.Build.0 = Release|x64
		{3F6958DE-16A7-47EB-9A67-3DB3D2EC5A36}.Release|x86.ActiveCfg = Release|Win32
		{3F6958DE-16A7-47EB-9A67-3DB3D2EC5A36}.Release|x86.Build.0 = Release|Win32
		{F5A759F5-76E1-429F-9A88-3203A3D9B496}.Debug|x64.ActiveCfg = Debug|x64
		{F5A759F5-76E1-429F-9A88-3203A3D9B496}.Debug|x64.Build.0 = Debug|x64
		{F5A759F5-76E1-429F-9A88-3203A3D9B496}.Debug|x86.ActiveCfg = Debug|Win32
		{F5A759F5-76E1-429F-9A88-3203A3D9B496}.Debug|x86.Build.0 = Debug|Win32
		{F5A759F5-76E1-429F-9A88-3203A3D9B496}.Release|x64.ActiveCfg = Release|x64
		{F5A759F5-76E1-429F-9A88-3203A3D9B496}.Release|x64.Build.0 = Release|x64
		{F5A759F5-76E1-429F-9A88-3203A3D9B496}.Release|x86.ActiveCfg = Release|Win32
		{F5A759F5-76E1-429F-9A88-3203A3D9B496}.Release|x86.Build.0 = Release|Win32
		{3FF9624B-4A07-4621-9E65-148EC58FB0C5}.Debug|x64.ActiveCfg = Debug|x64
		{3FF9624B-4A07-4621-9E65-148EC58FB0C5}.Debug|x64.Build.0 = Debug|x64
		{3FF9624B-4A07-4621-9E65-148EC58FB0C5}.Debug|x86.ActiveCfg = Debug|Win32
		{3FF9624B-4A07-4621-9E65-148EC58FB0C5}.Debug|x86.Build.0 = Debug|Win32
		{3FF9624B-4A07-4621-9E65-148EC58FB0C5}.Release|x64.ActiveCfg = Release|x64
		{3FF9624B-4A07-4621-9E65-148EC58FB0C5}.Release|x64.Build.0 = Release|x64
		{3FF9624B-4A07-4621-9E65-148EC58FB0C5}.Release|x86.ActiveCfg = Release|Win32
		{3FF9624B-4A07-4621-9E65-148EC58FB0C5}.Release|x86.Build.0 = Release|Win32
		{A14B8479-D50B-4934-96B5-32D8858D13EE}.Debug|x64.ActiveCfg = Debug|x64
		{A14B8479-D50B-4934-96B5-32D8858D13EE}.Debug|x64.Build.0 = Debug|x64
		{A14B8479-D50B-4934-96B5-32D8858D13EE}.Debug|x86.ActiveCfg = Debug|Win32
		{A14B8479-D50B-4934-96B5-32D8858D13EE}.Debug|x86.Build.0 = Debug|Win32
		{A14B8479-D50B-4934-96B5-32D8858D13EE}.Release|x64.ActiveCfg = Release|x64
		{A14B8479-D50B-4934-96B5-32D8858D13EE}.Release|x64.Build.0 = Release|x64
		{A14B8479-D50B-4934-96B5-32D8858D13EE}.Release|x86.ActiveCfg = Release|Win32
		{A14B8479-D50B-4934-96B5-32D8858D13EE}.Release|x86.Build.0 = Release|Win32
		{2952280B-AE5C-4189-BC21-BDBE74019D5E}.Debug|x64.ActiveCfg = Debug|x64
		{2952280B-AE5C-4189-BC21-BDBE74019D5E}.Debug|x64.Build.0 = Debug|x64
		{2952280B-AE5C-4189-BC21-BDBE74019D5E}.Debug|x86.ActiveCfg = Debug|Win32
		{2952280B-AE5C-4189-BC21-BDBE74019D5E}.Debug|x86.Build.0 = Debug|Win32
		{2952280B-AE5C-4189-BC21-BDBE74019D5E}.Release|x64.ActiveCfg = Release|x64
		{2952280B-AE5C-4189-BC21-BDBE74019D5E}.Release|x64.Build.0 = Release|x64
		{2952280B-AE5C-4189-BC21-BDBE74019D5E}.Release|x86.ActiveCfg = Release|Win32
		{2952280B-AE5C-4189-BC21-BDBE74019D5E}.Release|x86.Build.0 = Release|Win32
		{2F4DBB12-AD0C-4C0E-9E56-D47D4FE8C127}.Debug|x64.ActiveCfg = Debug|x64
		{2F4DBB12-AD0C-4C0E-9E56-D47D4FE8C127}.Debug|x64.Build.0 = Debug|x64
		{2F4DBB12-AD0C-4C0E-9E56-D47D4FE8C127}.Debug|x86.ActiveCfg = Debug|Win32
		{2F4DBB12-AD0C-4C0E-9E56-D47D4FE8C127}.Debug|x86.Build.0 = Debug|Win32
		{2F4DBB12-AD0C-4C0E-9E56-D47D4FE8C127}.Release|x64.ActiveCfg = Release|x64
		{2F4DBB12-AD0C-4C0E-9E56-D47D4FE8C127}.Release|x64.Build.0 = Release|x64
		{2F4DBB12-AD0C-4C0E-9E56-D47D4FE8C127}.Release|x86.ActiveCfg = Release|Win32
		{2F4DBB12-AD0C-4C0E-9E56-D47D4FE8C127}.Release|x86.Build.0 = Release|Win32
		{F2B3406A-8886-4C4E-94FD-AF8B0C5FB07E}.Debug|x64.ActiveCfg = Debug|x64
		{F2B3406A-8886-4C4E-94FD-AF8B0C5FB07E}.Debug|x64.Build.0 = Debug|x64
		{F2B3406A-8886-4C4E-94FD-AF8B0C5FB07E}.Debug|x86.ActiveCfg = Debug|Win32
		{F2B3406A-8886-4C4E-94FD-AF8B0C5FB07E}.Debug|x86.Build.0 = Debug|Win32
		{F2B3406A-8886-4C4E-94FD-AF8B0C5FB07E}.Release|x64.ActiveCfg = Release|x64
		{F2B3406A-8886-4C4E-94FD-AF8B0C5FB07E}.Release|x64.Build.0 = Release|x64
		{F2B3406A-8886-4C4E-94FD-AF8B0C5FB07E}.Release|x86.ActiveCfg = Release|Win32
		{F2B3406A-8886-4C4E-94FD-AF8B0C5FB07E}.Release|x86.Build.0 = Release|Win32
		{68286116-97D0-44C5-8977-8FC9882DA1A4}.Debug|x64.ActiveCfg = Debug|x64
		{68286116-97D0-44C5-8977-8FC9882DA1A4}.Debug|x64.Build.0 = Debug|x64
		{68286116-97D0-44C5-8977-8FC9882DA1A4}.Debug|x86.ActiveCfg = Debug|Win32
		{68286116-97D0-44C5-8977-8FC9882DA1A4}.Debug|x86.Build.0 = Debug|Win32
		{68286116-97D0-44C5-8977-8FC9882DA1A4}.Release|x64.ActiveCfg = Release|x64
		{68286116-97D0-44C5-8977-8FC9882DA1A4}.Release|x64.Build.0 = Release|x64
		{68286116-97D0-44C5-8977-8FC9882DA1A4}.Release|x86.ActiveCfg = Release|Win32
		{68286116-97D0-44C5-8977-8FC9882DA1A4}.Release|x86.Build.0 = Release|Win32
		{4B1807C9-604F-47B2-9AF8-012782CF710C}.Debug|x64.ActiveCfg = Debug|x64
		{4B1807C9-604F-47B2-9AF8-012782CF710C}.Debug|x64.Build.0 = Debug|x64
		{4B1807C9-604F-47B2-9AF8-012782CF710C}.Debug|x86.ActiveCfg = Debug|Win32
		{4B1807C9-604F-47B2-9AF8-012782CF710C}.Debug|x86.Build.0 = Debug|Win32
		{4B1807C9-604F-47B2-9AF8-012782CF710C}.Release|x64.ActiveCfg = Release|x64
		{4B1807C9-604F-47B2-9AF8-012782CF710C}.Release|x64.Build.0 = Release|x64
		{4B1807C9-604F-47B2-9AF8-012782CF710C}.Release|x86.ActiveCfg = Release|Win32
		{4B1807C9-604F-47B2-9AF8-012782CF710C}.Release|x86.Build.0 = Release|Win32
		{8362DBC6-58ED-4E94-BE62-3F16A9BF401F}.Debug|x64.ActiveCfg = Debug|x64
		{8362DBC6-58ED-4E94-BE62-3F16A9BF401F}.Debug|x64.Build.0 = Debug|x64
		{8362DBC6-58ED-4E94-BE62-3F16A9BF401F}.Debug|x86.ActiveCfg = Debug|Win32
		{8362DBC6-58ED-4E94-BE62-3F16A9BF401F}.Debug|x86.Build.0 = Debug|Win32
		{8362DBC6-58ED-4E94-BE62-3F16A9BF401F}.Release|x64.ActiveCfg = Release|x64
		{8362DBC6-58ED-4E94-BE62-3F16A9BF401F}.Release|x64.Build.0 = Release|x64
		{8362DBC6-58ED-4E94-BE62-3F16A9BF401F}.Release|x86.ActiveCfg = Release|Win32
		{8362DBC6-58ED-4E94-BE62-3F16A9BF401F}.Release|x86.Build.0 = Release|Win32
		{9D4ACF38-5C56-463B-B55F-9F8CF4E2DF07}.Debug|x64.ActiveCfg = Debug|x64
		{9D4ACF38-5C56-463B-B55F-9F8CF4E2DF07}.Debug|x64.Build.0 = Debug|x64
		{9D4ACF38-5C56-463B-B55F-9F8CF4E2DF07}.Debug|x86.ActiveCfg = Debug|Win32
		{9D4ACF38-5C56-463B-B55F-9F8CF4E2DF07}.Debug|x86.Build.0 = Debug|Win32
		{9D4ACF38-5C56-463B-B55F-9F8CF4E2DF07}.Release|x64.ActiveCfg = Release|x64
		{9D4ACF38-5C56-463B-B55F-9F8CF4E2DF07}.Release|x64.Build.0 = Release|x64
		{9D4ACF38-5C56-463B-B55F-9F8CF4E2DF07}.Release|x86.ActiveCfg = Release|Win32
		{9D4ACF38-5C56-463B-B55F-9F8CF4E2DF07}.Release|x86.Build.0 = Release|Win32
		{F1446BEF-19DC-40E2-8AF6-CA9FFA0601CA}.Debug|x64.ActiveCfg = Debug|x64
		{F1446BEF-19DC-40E2-8AF6-CA9FFA0601CA}.Debug|x64.Build.0 = Debug|x64
		{F1446BEF-19DC-40E2-8AF6-CA9FFA0601CA}.Debug|x86.ActiveCfg = Debug|Win32
		{F1446BEF-19DC-40E2-8AF6-CA9FFA0601CA}.Debug|x86.Build.0 = Debug|Win32
		{F1446BEF-19DC-40E2-8AF6-CA9FFA0601CA}.Release|x64.ActiveCfg = Release|x64
		{F1446BEF-19DC-40E2-8AF6-CA9FFA0601CA}.Release|x64.Build.0 = Release|x64
		{F1446BEF-19DC-40E2-8AF6-CA9FFA0601CA}.Release|x86.ActiveCfg = Release|Win32
		{F1446BEF-19DC-40E2-8AF6-CA9FFA0601CA}.Release|x86.Build.0 = Release|Win32
	EndGlobalSection
	GlobalSection(SolutionProperties) = preSolution
		HideSolutionNode = FALSE
	EndGlobalSection
	GlobalSection(ExtensibilityGlobals) = postSolution
		SolutionGuid = {74B1E4FD-6A80-49EE-B442-CFA01FECC28A}
	EndGlobalSection
EndGlobal
