
Microsoft Visual Studio Solution File, Format Version 12.00
# Visual Studio Version 17
VisualStudioVersion = 17.6.33801.468
MinimumVisualStudioVersion = 10.0.40219.1
Project("{8BC9CEB8-8B4A-11D0-8D11-00A0C91BC942}") = "Week3_A_15686", "Week3_A_15686\Week3_A_15686.vcxproj", "{67320C22-FDCF-499D-BF37-76AD2EDB07A0}"
EndProject
Project("{8BC9CEB8-8B4A-11D0-8D11-00A0C91BC942}") = "Week3_B_2589", "Week3_B_2589\Week3_B_2589.vcxproj", "{ADFE15A4-89C8-4418-80D9-1438FF1B174D}"
EndProject
Project("{8BC9CEB8-8B4A-11D0-8D11-00A0C91BC942}") = "Week3_C_16234", "Week3_C_16234\Week3_C_16234.vcxproj", "{258493FC-DD1A-448A-B23F-1CBE41692FBF}"
EndProject
Project("{8BC9CEB8-8B4A-11D0-8D11-00A0C91BC942}") = "Week3_D_4179", "Week3_D_4179\Week3_D_4179.vcxproj", "{AAAD3E71-A8A3-4397-8F01-F407B9431C41}"
EndProject
Project("{8BC9CEB8-8B4A-11D0-8D11-00A0C91BC942}") = "Week3_E_12869", "Week3_E_12869\Week3_E_12869.vcxproj", "{9CBC6882-8F94-4B5D-B51C-99860C1DF692}"
EndProject
Project("{8BC9CEB8-8B4A-11D0-8D11-00A0C91BC942}") = "Week3_F_16637", "Week3_F_16637\Week3_F_16637.vcxproj", "{FB1E2D23-2BE8-46D3-8107-51101CB74035}"
EndProject
Project("{8BC9CEB8-8B4A-11D0-8D11-00A0C91BC942}") = "Week3_G_12851", "Week3_G_12851\Week3_G_12851.vcxproj", "{2CE68604-0074-475A-9832-B2449C2A1A1A}"
EndProject
Project("{8BC9CEB8-8B4A-11D0-8D11-00A0C91BC942}") = "Week3_H_13913", "Week3_H_13913\Week3_H_13913.vcxproj", "{A9C55395-E2E4-44B8-A5EA-C9D8A077224E}"
EndProject
Project("{8BC9CEB8-8B4A-11D0-8D11-00A0C91BC942}") = "Week3_I_17071", "Week3_I_17071\Week3_I_17071.vcxproj", "{3D6073EE-3386-42D7-9DEE-10E582305E23}"
EndProject
Project("{8BC9CEB8-8B4A-11D0-8D11-00A0C91BC942}") = "Week3_J_14497", "Week3_J_14497\Week3_J_14497.vcxproj", "{5C44BDD3-5C14-4887-82DE-11E651544391}"
EndProject
Project("{8BC9CEB8-8B4A-11D0-8D11-00A0C91BC942}") = "Week3_K_3197", "Week3_K_3197\Week3_K_3197.vcxproj", "{3BB50FE2-5AC1-46D8-B721-9D0894FED92D}"
EndProject
Project("{8BC9CEB8-8B4A-11D0-8D11-00A0C91BC942}") = "Week3_L_1987", "Week3_L_1987\Week3_L_1987.vcxproj", "{EA8A2CA6-CA50-4EE0-AD80-6A1DD9F304B4}"
EndProject
Project("{8BC9CEB8-8B4A-11D0-8D11-00A0C91BC942}") = "Week3_M_2529", "Week3_M_2529\Week3_M_2529.vcxproj", "{222F2ACC-8B3B-49DB-95D0-240CA29F23C2}"
EndProject
Project("{8BC9CEB8-8B4A-11D0-8D11-00A0C91BC942}") = "Week3_N_9934", "Week3_N_9934\Week3_N_9934.vcxproj", "{353FE61F-196E-4CC7-9E35-99DC5C0058A8}"
EndProject
Project("{8BC9CEB8-8B4A-11D0-8D11-00A0C91BC942}") = "Week3_O_15684", "Week3_O_15684\Week3_O_15684.vcxproj", "{2585CDA8-CB5C-404F-BF4F-1982EFDF43FE}"
EndProject
Project("{8BC9CEB8-8B4A-11D0-8D11-00A0C91BC942}") = "Week3_P_14620", "Week3_P_14620\Week3_P_14620.vcxproj", "{8268B1ED-F35E-4E66-AF81-0EDE9CDB4AE6}"
EndProject
Project("{8BC9CEB8-8B4A-11D0-8D11-00A0C91BC942}") = "Week3_Q_1189", "Week3_Q_1189\Week3_Q_1189.vcxproj", "{B0A73341-F665-4158-81FB-415656A89B16}"
EndProject
Global
	GlobalSection(SolutionConfigurationPlatforms) = preSolution
		Debug|x64 = Debug|x64
		Debug|x86 = Debug|x86
		Release|x64 = Release|x64
		Release|x86 = Release|x86
	EndGlobalSection
	GlobalSection(ProjectConfigurationPlatforms) = postSolution
		{67320C22-FDCF-499D-BF37-76AD2EDB07A0}.Debug|x64.ActiveCfg = Debug|x64
		{67320C22-FDCF-499D-BF37-76AD2EDB07A0}.Debug|x64.Build.0 = Debug|x64
		{67320C22-FDCF-499D-BF37-76AD2EDB07A0}.Debug|x86.ActiveCfg = Debug|Win32
		{67320C22-FDCF-499D-BF37-76AD2EDB07A0}.Debug|x86.Build.0 = Debug|Win32
		{67320C22-FDCF-499D-BF37-76AD2EDB07A0}.Release|x64.ActiveCfg = Release|x64
		{67320C22-FDCF-499D-BF37-76AD2EDB07A0}.Release|x64.Build.0 = Release|x64
		{67320C22-FDCF-499D-BF37-76AD2EDB07A0}.Release|x86.ActiveCfg = Release|Win32
		{67320C22-FDCF-499D-BF37-76AD2EDB07A0}.Release|x86.Build.0 = Release|Win32
		{ADFE15A4-89C8-4418-80D9-1438FF1B174D}.Debug|x64.ActiveCfg = Debug|x64
		{ADFE15A4-89C8-4418-80D9-1438FF1B174D}.Debug|x64.Build.0 = Debug|x64
		{ADFE15A4-89C8-4418-80D9-1438FF1B174D}.Debug|x86.ActiveCfg = Debug|Win32
		{ADFE15A4-89C8-4418-80D9-1438FF1B174D}.Debug|x86.Build.0 = Debug|Win32
		{ADFE15A4-89C8-4418-80D9-1438FF1B174D}.Release|x64.ActiveCfg = Release|x64
		{ADFE15A4-89C8-4418-80D9-1438FF1B174D}.Release|x64.Build.0 = Release|x64
		{ADFE15A4-89C8-4418-80D9-1438FF1B174D}.Release|x86.ActiveCfg = Release|Win32
		{ADFE15A4-89C8-4418-80D9-1438FF1B174D}.Release|x86.Build.0 = Release|Win32
		{258493FC-DD1A-448A-B23F-1CBE41692FBF}.Debug|x64.ActiveCfg = Debug|x64
		{258493FC-DD1A-448A-B23F-1CBE41692FBF}.Debug|x64.Build.0 = Debug|x64
		{258493FC-DD1A-448A-B23F-1CBE41692FBF}.Debug|x86.ActiveCfg = Debug|Win32
		{258493FC-DD1A-448A-B23F-1CBE41692FBF}.Debug|x86.Build.0 = Debug|Win32
		{258493FC-DD1A-448A-B23F-1CBE41692FBF}.Release|x64.ActiveCfg = Release|x64
		{258493FC-DD1A-448A-B23F-1CBE41692FBF}.Release|x64.Build.0 = Release|x64
		{258493FC-DD1A-448A-B23F-1CBE41692FBF}.Release|x86.ActiveCfg = Release|Win32
		{258493FC-DD1A-448A-B23F-1CBE41692FBF}.Release|x86.Build.0 = Release|Win32
		{AAAD3E71-A8A3-4397-8F01-F407B9431C41}.Debug|x64.ActiveCfg = Debug|x64
		{AAAD3E71-A8A3-4397-8F01-F407B9431C41}.Debug|x64.Build.0 = Debug|x64
		{AAAD3E71-A8A3-4397-8F01-F407B9431C41}.Debug|x86.ActiveCfg = Debug|Win32
		{AAAD3E71-A8A3-4397-8F01-F407B9431C41}.Debug|x86.Build.0 = Debug|Win32
		{AAAD3E71-A8A3-4397-8F01-F407B9431C41}.Release|x64.ActiveCfg = Release|x64
		{AAAD3E71-A8A3-4397-8F01-F407B9431C41}.Release|x64.Build.0 = Release|x64
		{AAAD3E71-A8A3-4397-8F01-F407B9431C41}.Release|x86.ActiveCfg = Release|Win32
		{AAAD3E71-A8A3-4397-8F01-F407B9431C41}.Release|x86.Build.0 = Release|Win32
		{9CBC6882-8F94-4B5D-B51C-99860C1DF692}.Debug|x64.ActiveCfg = Debug|x64
		{9CBC6882-8F94-4B5D-B51C-99860C1DF692}.Debug|x64.Build.0 = Debug|x64
		{9CBC6882-8F94-4B5D-B51C-99860C1DF692}.Debug|x86.ActiveCfg = Debug|Win32
		{9CBC6882-8F94-4B5D-B51C-99860C1DF692}.Debug|x86.Build.0 = Debug|Win32
		{9CBC6882-8F94-4B5D-B51C-99860C1DF692}.Release|x64.ActiveCfg = Release|x64
		{9CBC6882-8F94-4B5D-B51C-99860C1DF692}.Release|x64.Build.0 = Release|x64
		{9CBC6882-8F94-4B5D-B51C-99860C1DF692}.Release|x86.ActiveCfg = Release|Win32
		{9CBC6882-8F94-4B5D-B51C-99860C1DF692}.Release|x86.Build.0 = Release|Win32
		{FB1E2D23-2BE8-46D3-8107-51101CB74035}.Debug|x64.ActiveCfg = Debug|x64
		{FB1E2D23-2BE8-46D3-8107-51101CB74035}.Debug|x64.Build.0 = Debug|x64
		{FB1E2D23-2BE8-46D3-8107-51101CB74035}.Debug|x86.ActiveCfg = Debug|Win32
		{FB1E2D23-2BE8-46D3-8107-51101CB74035}.Debug|x86.Build.0 = Debug|Win32
		{FB1E2D23-2BE8-46D3-8107-51101CB74035}.Release|x64.ActiveCfg = Release|x64
		{FB1E2D23-2BE8-46D3-8107-51101CB74035}.Release|x64.Build.0 = Release|x64
		{FB1E2D23-2BE8-46D3-8107-51101CB74035}.Release|x86.ActiveCfg = Release|Win32
		{FB1E2D23-2BE8-46D3-8107-51101CB74035}.Release|x86.Build.0 = Release|Win32
		{2CE68604-0074-475A-9832-B2449C2A1A1A}.Debug|x64.ActiveCfg = Debug|x64
		{2CE68604-0074-475A-9832-B2449C2A1A1A}.Debug|x64.Build.0 = Debug|x64
		{2CE68604-0074-475A-9832-B2449C2A1A1A}.Debug|x86.ActiveCfg = Debug|Win32
		{2CE68604-0074-475A-9832-B2449C2A1A1A}.Debug|x86.Build.0 = Debug|Win32
		{2CE68604-0074-475A-9832-B2449C2A1A1A}.Release|x64.ActiveCfg = Release|x64
		{2CE68604-0074-475A-9832-B2449C2A1A1A}.Release|x64.Build.0 = Release|x64
		{2CE68604-0074-475A-9832-B2449C2A1A1A}.Release|x86.ActiveCfg = Release|Win32
		{2CE68604-0074-475A-9832-B2449C2A1A1A}.Release|x86.Build.0 = Release|Win32
		{A9C55395-E2E4-44B8-A5EA-C9D8A077224E}.Debug|x64.ActiveCfg = Debug|x64
		{A9C55395-E2E4-44B8-A5EA-C9D8A077224E}.Debug|x64.Build.0 = Debug|x64
		{A9C55395-E2E4-44B8-A5EA-C9D8A077224E}.Debug|x86.ActiveCfg = Debug|Win32
		{A9C55395-E2E4-44B8-A5EA-C9D8A077224E}.Debug|x86.Build.0 = Debug|Win32
		{A9C55395-E2E4-44B8-A5EA-C9D8A077224E}.Release|x64.ActiveCfg = Release|x64
		{A9C55395-E2E4-44B8-A5EA-C9D8A077224E}.Release|x64.Build.0 = Release|x64
		{A9C55395-E2E4-44B8-A5EA-C9D8A077224E}.Release|x86.ActiveCfg = Release|Win32
		{A9C55395-E2E4-44B8-A5EA-C9D8A077224E}.Release|x86.Build.0 = Release|Win32
		{3D6073EE-3386-42D7-9DEE-10E582305E23}.Debug|x64.ActiveCfg = Debug|x64
		{3D6073EE-3386-42D7-9DEE-10E582305E23}.Debug|x64.Build.0 = Debug|x64
		{3D6073EE-3386-42D7-9DEE-10E582305E23}.Debug|x86.ActiveCfg = Debug|Win32
		{3D6073EE-3386-42D7-9DEE-10E582305E23}.Debug|x86.Build.0 = Debug|Win32
		{3D6073EE-3386-42D7-9DEE-10E582305E23}.Release|x64.ActiveCfg = Release|x64
		{3D6073EE-3386-42D7-9DEE-10E582305E23}.Release|x64.Build.0 = Release|x64
		{3D6073EE-3386-42D7-9DEE-10E582305E23}.Release|x86.ActiveCfg = Release|Win32
		{3D6073EE-3386-42D7-9DEE-10E582305E23}.Release|x86.Build.0 = Release|Win32
		{5C44BDD3-5C14-4887-82DE-11E651544391}.Debug|x64.ActiveCfg = Debug|x64
		{5C44BDD3-5C14-4887-82DE-11E651544391}.Debug|x64.Build.0 = Debug|x64
		{5C44BDD3-5C14-4887-82DE-11E651544391}.Debug|x86.ActiveCfg = Debug|Win32
		{5C44BDD3-5C14-4887-82DE-11E651544391}.Debug|x86.Build.0 = Debug|Win32
		{5C44BDD3-5C14-4887-82DE-11E651544391}.Release|x64.ActiveCfg = Release|x64
		{5C44BDD3-5C14-4887-82DE-11E651544391}.Release|x64.Build.0 = Release|x64
		{5C44BDD3-5C14-4887-82DE-11E651544391}.Release|x86.ActiveCfg = Release|Win32
		{5C44BDD3-5C14-4887-82DE-11E651544391}.Release|x86.Build.0 = Release|Win32
		{3BB50FE2-5AC1-46D8-B721-9D0894FED92D}.Debug|x64.ActiveCfg = Debug|x64
		{3BB50FE2-5AC1-46D8-B721-9D0894FED92D}.Debug|x64.Build.0 = Debug|x64
		{3BB50FE2-5AC1-46D8-B721-9D0894FED92D}.Debug|x86.ActiveCfg = Debug|Win32
		{3BB50FE2-5AC1-46D8-B721-9D0894FED92D}.Debug|x86.Build.0 = Debug|Win32
		{3BB50FE2-5AC1-46D8-B721-9D0894FED92D}.Release|x64.ActiveCfg = Release|x64
		{3BB50FE2-5AC1-46D8-B721-9D0894FED92D}.Release|x64.Build.0 = Release|x64
		{3BB50FE2-5AC1-46D8-B721-9D0894FED92D}.Release|x86.ActiveCfg = Release|Win32
		{3BB50FE2-5AC1-46D8-B721-9D0894FED92D}.Release|x86.Build.0 = Release|Win32
		{EA8A2CA6-CA50-4EE0-AD80-6A1DD9F304B4}.Debug|x64.ActiveCfg = Debug|x64
		{EA8A2CA6-CA50-4EE0-AD80-6A1DD9F304B4}.Debug|x64.Build.0 = Debug|x64
		{EA8A2CA6-CA50-4EE0-AD80-6A1DD9F304B4}.Debug|x86.ActiveCfg = Debug|Win32
		{EA8A2CA6-CA50-4EE0-AD80-6A1DD9F304B4}.Debug|x86.Build.0 = Debug|Win32
		{EA8A2CA6-CA50-4EE0-AD80-6A1DD9F304B4}.Release|x64.ActiveCfg = Release|x64
		{EA8A2CA6-CA50-4EE0-AD80-6A1DD9F304B4}.Release|x64.Build.0 = Release|x64
		{EA8A2CA6-CA50-4EE0-AD80-6A1DD9F304B4}.Release|x86.ActiveCfg = Release|Win32
		{EA8A2CA6-CA50-4EE0-AD80-6A1DD9F304B4}.Release|x86.Build.0 = Release|Win32
		{222F2ACC-8B3B-49DB-95D0-240CA29F23C2}.Debug|x64.ActiveCfg = Debug|x64
		{222F2ACC-8B3B-49DB-95D0-240CA29F23C2}.Debug|x64.Build.0 = Debug|x64
		{222F2ACC-8B3B-49DB-95D0-240CA29F23C2}.Debug|x86.ActiveCfg = Debug|Win32
		{222F2ACC-8B3B-49DB-95D0-240CA29F23C2}.Debug|x86.Build.0 = Debug|Win32
		{222F2ACC-8B3B-49DB-95D0-240CA29F23C2}.Release|x64.ActiveCfg = Release|x64
		{222F2ACC-8B3B-49DB-95D0-240CA29F23C2}.Release|x64.Build.0 = Release|x64
		{222F2ACC-8B3B-49DB-95D0-240CA29F23C2}.Release|x86.ActiveCfg = Release|Win32
		{222F2ACC-8B3B-49DB-95D0-240CA29F23C2}.Release|x86.Build.0 = Release|Win32
		{353FE61F-196E-4CC7-9E35-99DC5C0058A8}.Debug|x64.ActiveCfg = Debug|x64
		{353FE61F-196E-4CC7-9E35-99DC5C0058A8}.Debug|x64.Build.0 = Debug|x64
		{353FE61F-196E-4CC7-9E35-99DC5C0058A8}.Debug|x86.ActiveCfg = Debug|Win32
		{353FE61F-196E-4CC7-9E35-99DC5C0058A8}.Debug|x86.Build.0 = Debug|Win32
		{353FE61F-196E-4CC7-9E35-99DC5C0058A8}.Release|x64.ActiveCfg = Release|x64
		{353FE61F-196E-4CC7-9E35-99DC5C0058A8}.Release|x64.Build.0 = Release|x64
		{353FE61F-196E-4CC7-9E35-99DC5C0058A8}.Release|x86.ActiveCfg = Release|Win32
		{353FE61F-196E-4CC7-9E35-99DC5C0058A8}.Release|x86.Build.0 = Release|Win32
		{2585CDA8-CB5C-404F-BF4F-1982EFDF43FE}.Debug|x64.ActiveCfg = Debug|x64
		{2585CDA8-CB5C-404F-BF4F-1982EFDF43FE}.Debug|x64.Build.0 = Debug|x64
		{2585CDA8-CB5C-404F-BF4F-1982EFDF43FE}.Debug|x86.ActiveCfg = Debug|Win32
		{2585CDA8-CB5C-404F-BF4F-1982EFDF43FE}.Debug|x86.Build.0 = Debug|Win32
		{2585CDA8-CB5C-404F-BF4F-1982EFDF43FE}.Release|x64.ActiveCfg = Release|x64
		{2585CDA8-CB5C-404F-BF4F-1982EFDF43FE}.Release|x64.Build.0 = Release|x64
		{2585CDA8-CB5C-404F-BF4F-1982EFDF43FE}.Release|x86.ActiveCfg = Release|Win32
		{2585CDA8-CB5C-404F-BF4F-1982EFDF43FE}.Release|x86.Build.0 = Release|Win32
		{8268B1ED-F35E-4E66-AF81-0EDE9CDB4AE6}.Debug|x64.ActiveCfg = Debug|x64
		{8268B1ED-F35E-4E66-AF81-0EDE9CDB4AE6}.Debug|x64.Build.0 = Debug|x64
		{8268B1ED-F35E-4E66-AF81-0EDE9CDB4AE6}.Debug|x86.ActiveCfg = Debug|Win32
		{8268B1ED-F35E-4E66-AF81-0EDE9CDB4AE6}.Debug|x86.Build.0 = Debug|Win32
		{8268B1ED-F35E-4E66-AF81-0EDE9CDB4AE6}.Release|x64.ActiveCfg = Release|x64
		{8268B1ED-F35E-4E66-AF81-0EDE9CDB4AE6}.Release|x64.Build.0 = Release|x64
		{8268B1ED-F35E-4E66-AF81-0EDE9CDB4AE6}.Release|x86.ActiveCfg = Release|Win32
		{8268B1ED-F35E-4E66-AF81-0EDE9CDB4AE6}.Release|x86.Build.0 = Release|Win32
		{B0A73341-F665-4158-81FB-415656A89B16}.Debug|x64.ActiveCfg = Debug|x64
		{B0A73341-F665-4158-81FB-415656A89B16}.Debug|x64.Build.0 = Debug|x64
		{B0A73341-F665-4158-81FB-415656A89B16}.Debug|x86.ActiveCfg = Debug|Win32
		{B0A73341-F665-4158-81FB-415656A89B16}.Debug|x86.Build.0 = Debug|Win32
		{B0A73341-F665-4158-81FB-415656A89B16}.Release|x64.ActiveCfg = Release|x64
		{B0A73341-F665-4158-81FB-415656A89B16}.Release|x64.Build.0 = Release|x64
		{B0A73341-F665-4158-81FB-415656A89B16}.Release|x86.ActiveCfg = Release|Win32
		{B0A73341-F665-4158-81FB-415656A89B16}.Release|x86.Build.0 = Release|Win32
	EndGlobalSection
	GlobalSection(SolutionProperties) = preSolution
		HideSolutionNode = FALSE
	EndGlobalSection
	GlobalSection(ExtensibilityGlobals) = postSolution
		SolutionGuid = {C3C6627A-A2A3-436A-959E-4B14BC82A35A}
	EndGlobalSection
EndGlobal
