
Microsoft Visual Studio Solution File, Format Version 12.00
# Visual Studio Version 17
VisualStudioVersion = 17.6.33801.468
MinimumVisualStudioVersion = 10.0.40219.1
Project("{8BC9CEB8-8B4A-11D0-8D11-00A0C91BC942}") = "Week3_A_15686", "Week3_A_15686\Week3_A_15686.vcxproj", "{67320C22-FDCF-499D-BF37-76AD2EDB07A0}"
EndProject
Project("{8BC9CEB8-8B4A-11D0-8D11-00A0C91BC942}") = "Week3_B_2589", "Week3_B_2589\Week3_B_2589.vcxproj", "{ADFE15A4-89C8-4418-80D9-1438FF1B174D}"
EndProject
Project("{8BC9CEB8-8B4A-11D0-8D11-00A0C91BC942}") = "Week3_C_16234", "Week3_C_16234\Week3_C_16234.vcxproj", "{258493FC-DD1A-448A-B23F-1CBE41692FBF}"
EndProject
Project("{8BC9CEB8-8B4A-11D0-8D11-00A0C91BC942}") = "Week3_D_4179", "Week3_D_4179\Week3_D_4179.vcxproj", "{AAAD3E71-A8A3-4397-8F01-F407B9431C41}"
EndProject
Project("{8BC9CEB8-8B4A-11D0-8D11-00A0C91BC942}") = "Week3_E_12869", "Week3_E_12869\Week3_E_12869.vcxproj", "{9CBC6882-8F94-4B5D-B51C-99860C1DF692}"
EndProject
Project("{8BC9CEB8-8B4A-11D0-8D11-00A0C91BC942}") = "Week3_F_16637", "Week3_F_16637\Week3_F_16637.vcxproj", "{FB1E2D23-2BE8-46D3-8107-51101CB74035}"
EndProject
Project("{8BC9CEB8-8B4A-11D0-8D11-00A0C91BC942}") = "Week3_G_12851", "Week3_G_12851\Week3_G_12851.vcxproj", "{2CE68604-0074-475A-9832-B2449C2A1A1A}"
EndProject
Project("{8BC9CEB8-8B4A-11D0-8D11-00A0C91BC942}") = "Week3_H_13913", "Week3_H_13913\Week3_H_13913.vcxproj", "{A9C55395-E2E4-44B8-A5EA-C9D8A077224E}"
EndProject
Project("{8BC9CEB8-8B4A-11D0-8D11-00A0C91BC942}") = "Week3_I_17071", "Week3_I_17071\Week3_I_17071.vcxproj", "{3D6073EE-3386-42D7-9DEE-10E582305E23}"
EndProject
Global
	GlobalSection(SolutionConfigurationPlatforms) = preSolution
		Debug|x64 = Debug|x64
		Debug|x86 = Debug|x86
		Release|x64 = Release|x64
		Release|x86 = Release|x86
	EndGlobalSection
	GlobalSection(ProjectConfigurationPlatforms) = postSolution
		{67320C22-FDCF-499D-BF37-76AD2EDB07A0}.Debug|x64.ActiveCfg = Debug|x64
		{67320C22-FDCF-499D-BF37-76AD2EDB07A0}.Debug|x64.Build.0 = Debug|x64
		{67320C22-FDCF-499D-BF37-76AD2EDB07A0}.Debug|x86.ActiveCfg = Debug|Win32
		{67320C22-FDCF-499D-BF37-76AD2EDB07A0}.Debug|x86.Build.0 = Debug|Win32
		{67320C22-FDCF-499D-BF37-76AD2EDB07A0}.Release|x64.ActiveCfg = Release|x64
		{67320C22-FDCF-499D-BF37-76AD2EDB07A0}.Release|x64.Build.0 = Release|x64
		{67320C22-FDCF-499D-BF37-76AD2EDB07A0}.Release|x86.ActiveCfg = Release|Win32
		{67320C22-FDCF-499D-BF37-76AD2EDB07A0}.Release|x86.Build.0 = Release|Win32
		{ADFE15A4-89C8-4418-80D9-1438FF1B174D}.Debug|x64.ActiveCfg = Debug|x64
		{ADFE15A4-89C8-4418-80D9-1438FF1B174D}.Debug|x64.Build.0 = Debug|x64
		{ADFE15A4-89C8-4418-80D9-1438FF1B174D}.Debug|x86.ActiveCfg = Debug|Win32
		{ADFE15A4-89C8-4418-80D9-1438FF1B174D}.Debug|x86.Build.0 = Debug|Win32
		{ADFE15A4-89C8-4418-80D9-1438FF1B174D}.Release|x64.ActiveCfg = Release|x64
		{ADFE15A4-89C8-4418-80D9-1438FF1B174D}.Release|x64.Build.0 = Release|x64
		{ADFE15A4-89C8-4418-80D9-1438FF1B174D}.Release|x86.ActiveCfg = Release|Win32
		{ADFE15A4-89C8-4418-80D9-1438FF1B174D}.Release|x86.Build.0 = Release|Win32
		{258493FC-DD1A-448A-B23F-1CBE41692FBF}.Debug|x64.ActiveCfg = Debug|x64
		{258493FC-DD1A-448A-B23F-1CBE41692FBF}.Debug|x64.Build.0 = Debug|x64
		{258493FC-DD1A-448A-B23F-1CBE41692FBF}.Debug|x86.ActiveCfg = Debug|Win32
		{258493FC-DD1A-448A-B23F-1CBE41692FBF}.Debug|x86.Build.0 = Debug|Win32
		{258493FC-DD1A-448A-B23F-1CBE41692FBF}.Release|x64.ActiveCfg = Release|x64
		{258493FC-DD1A-448A-B23F-1CBE41692FBF}.Release|x64.Build.0 = Release|x64
		{258493FC-DD1A-448A-B23F-1CBE41692FBF}.Release|x86.ActiveCfg = Release|Win32
		{258493FC-DD1A-448A-B23F-1CBE41692FBF}.Release|x86.Build.0 = Release|Win32
		{AAAD3E71-A8A3-4397-8F01-F407B9431C41}.Debug|x64.ActiveCfg = Debug|x64
		{AAAD3E71-A8A3-4397-8F01-F407B9431C41}.Debug|x64.Build.0 = Debug|x64
		{AAAD3E71-A8A3-4397-8F01-F407B9431C41}.Debug|x86.ActiveCfg = Debug|Win32
		{AAAD3E71-A8A3-4397-8F01-F407B9431C41}.Debug|x86.Build.0 = Debug|Win32
		{AAAD3E71-A8A3-4397-8F01-F407B9431C41}.Release|x64.ActiveCfg = Release|x64
		{AAAD3E71-A8A3-4397-8F01-F407B9431C41}.Release|x64.Build.0 = Release|x64
		{AAAD3E71-A8A3-4397-8F01-F407B9431C41}.Release|x86.ActiveCfg = Release|Win32
		{AAAD3E71-A8A3-4397-8F01-F407B9431C41}.Release|x86.Build.0 = Release|Win32
		{9CBC6882-8F94-4B5D-B51C-99860C1DF692}.Debug|x64.ActiveCfg = Debug|x64
		{9CBC6882-8F94-4B5D-B51C-99860C1DF692}.Debug|x64.Build.0 = Debug|x64
		{9CBC6882-8F94-4B5D-B51C-99860C1DF692}.Debug|x86.ActiveCfg = Debug|Win32
		{9CBC6882-8F94-4B5D-B51C-99860C1DF692}.Debug|x86.Build.0 = Debug|Win32
		{9CBC6882-8F94-4B5D-B51C-99860C1DF692}.Release|x64.ActiveCfg = Release|x64
		{9CBC6882-8F94-4B5D-B51C-99860C1DF692}.Release|x64.Build.0 = Release|x64
		{9CBC6882-8F94-4B5D-B51C-99860C1DF692}.Release|x86.ActiveCfg = Release|Win32
		{9CBC6882-8F94-4B5D-B51C-99860C1DF692}.Release|x86.Build.0 = Release|Win32
		{FB1E2D23-2BE8-46D3-8107-51101CB74035}.Debug|x64.ActiveCfg = Debug|x64
		{FB1E2D23-2BE8-46D3-8107-51101CB74035}.Debug|x64.Build.0 = Debug|x64
		{FB1E2D23-2BE8-46D3-8107-51101CB74035}.Debug|x86.ActiveCfg = Debug|Win32
		{FB1E2D23-2BE8-46D3-8107-51101CB74035}.Debug|x86.Build.0 = Debug|Win32
		{FB1E2D23-2BE8-46D3-8107-51101CB74035}.Release|x64.ActiveCfg = Release|x64
		{FB1E2D23-2BE8-46D3-8107-51101CB74035}.Release|x64.Build.0 = Release|x64
		{FB1E2D23-2BE8-46D3-8107-51101CB74035}.Release|x86.ActiveCfg = Release|Win32
		{FB1E2D23-2BE8-46D3-8107-51101CB74035}.Release|x86.Build.0 = Release|Win32
		{2CE68604-0074-475A-9832-B2449C2A1A1A}.Debug|x64.ActiveCfg = Debug|x64
		{2CE68604-0074-475A-9832-B2449C2A1A1A}.Debug|x64.Build.0 = Debug|x64
		{2CE68604-0074-475A-9832-B2449C2A1A1A}.Debug|x86.ActiveCfg = Debug|Win32
		{2CE68604-0074-475A-9832-B2449C2A1A1A}.Debug|x86.Build.0 = Debug|Win32
		{2CE68604-0074-475A-9832-B2449C2A1A1A}.Release|x64.ActiveCfg = Release|x64
		{2CE68604-0074-475A-9832-B2449C2A1A1A}.Release|x64.Build.0 = Release|x64
		{2CE68604-0074-475A-9832-B2449C2A1A1A}.Release|x86.ActiveCfg = Release|Win32
		{2CE68604-0074-475A-9832-B2449C2A1A1A}.Release|x86.Build.0 = Release|Win32
		{A9C55395-E2E4-44B8-A5EA-C9D8A077224E}.Debug|x64.ActiveCfg = Debug|x64
		{A9C55395-E2E4-44B8-A5EA-C9D8A077224E}.Debug|x64.Build.0 = Debug|x64
		{A9C55395-E2E4-44B8-A5EA-C9D8A077224E}.Debug|x86.ActiveCfg = Debug|Win32
		{A9C55395-E2E4-44B8-A5EA-C9D8A077224E}.Debug|x86.Build.0 = Debug|Win32
		{A9C55395-E2E4-44B8-A5EA-C9D8A077224E}.Release|x64.ActiveCfg = Release|x64
		{A9C55395-E2E4-44B8-A5EA-C9D8A077224E}.Release|x64.Build.0 = Release|x64
		{A9C55395-E2E4-44B8-A5EA-C9D8A077224E}.Release|x86.ActiveCfg = Release|Win32
		{A9C55395-E2E4-44B8-A5EA-C9D8A077224E}.Release|x86.Build.0 = Release|Win32
		{3D6073EE-3386-42D7-9DEE-10E582305E23}.Debug|x64.ActiveCfg = Debug|x64
		{3D6073EE-3386-42D7-9DEE-10E582305E23}.Debug|x64.Build.0 = Debug|x64
		{3D6073EE-3386-42D7-9DEE-10E582305E23}.Debug|x86.ActiveCfg = Debug|Win32
		{3D6073EE-3386-42D7-9DEE-10E582305E23}.Debug|x86.Build.0 = Debug|Win32
		{3D6073EE-3386-42D7-9DEE-10E582305E23}.Release|x64.ActiveCfg = Release|x64
		{3D6073EE-3386-42D7-9DEE-10E582305E23}.Release|x64.Build.0 = Release|x64
		{3D6073EE-3386-42D7-9DEE-10E582305E23}.Release|x86.ActiveCfg = Release|Win32
		{3D6073EE-3386-42D7-9DEE-10E582305E23}.Release|x86.Build.0 = Release|Win32
	EndGlobalSection
	GlobalSection(SolutionProperties) = preSolution
		HideSolutionNode = FALSE
	EndGlobalSection
	GlobalSection(ExtensibilityGlobals) = postSolution
		SolutionGuid = {C3C6627A-A2A3-436A-959E-4B14BC82A35A}
	EndGlobalSection
EndGlobal
