
Microsoft Visual Studio Solution File, Format Version 12.00
# Visual Studio Version 17
VisualStudioVersion = 17.13.35913.81
MinimumVisualStudioVersion = 10.0.40219.1
Project("{8BC9CEB8-8B4A-11D0-8D11-00A0C91BC942}") = "Week6_A_2792", "Week6_A_2792\Week6_A_2792.vcxproj", "{39927C3D-0257-451D-933D-80589CF09555}"
EndProject
Project("{8BC9CEB8-8B4A-11D0-8D11-00A0C91BC942}") = "Week6_B_2343", "Week6_B_2343\Week6_B_2343.vcxproj", "{2D759556-6B5F-440B-86B6-623B63A4E58A}"
EndProject
Project("{8BC9CEB8-8B4A-11D0-8D11-00A0C91BC942}") = "Week6_C_6236", "Week6_C_6236\Week6_C_6236.vcxproj", "{18960A07-5EC0-4CB4-8465-755F395A6DA0}"
EndProject
Project("{8BC9CEB8-8B4A-11D0-8D11-00A0C91BC942}") = "Week6_D_7795", "Week6_D_7795\Week6_D_7795.vcxproj", "{5784E1D0-00B5-4FD2-A370-D452EFBB254E}"
EndProject
Project("{8BC9CEB8-8B4A-11D0-8D11-00A0C91BC942}") = "Week6_E_1269", "Week6_E_1269\Week6_E_1269.vcxproj", "{646E7E40-AC61-4626-B3F3-CB690E0A387C}"
EndProject
Project("{8BC9CEB8-8B4A-11D0-8D11-00A0C91BC942}") = "Week6_F_16434", "Week6_F_16434\Week6_F_16434.vcxproj", "{FCC43AF3-5689-4319-8F9C-1B4586878589}"
EndProject
Project("{8BC9CEB8-8B4A-11D0-8D11-00A0C91BC942}") = "Week6_G_1072", "Week6_G_1072\Week6_G_1072.vcxproj", "{ADDB565A-8657-4E0D-AD68-27DB8AD23A2C}"
EndProject
Project("{8BC9CEB8-8B4A-11D0-8D11-00A0C91BC942}") = "Week6_H_2776", "Week6_H_2776\Week6_H_2776.vcxproj", "{CFAFC223-8D6C-4CE8-AC32-2F07D2625733}"
EndProject
Project("{8BC9CEB8-8B4A-11D0-8D11-00A0C91BC942}") = "Week6_I_14627", "Week6_I_14627\Week6_I_14627.vcxproj", "{D09C49B2-6119-498B-95B6-3ECBAAD3510C}"
EndProject
Project("{8BC9CEB8-8B4A-11D0-8D11-00A0C91BC942}") = "Week6_J_1561", "Week6_J_1561\Week6_J_1561.vcxproj", "{8B9CA6F6-64B4-4717-A25D-E80A60334A24}"
EndProject
Project("{8BC9CEB8-8B4A-11D0-8D11-00A0C91BC942}") = "Week6_K_14003", "Week6_K_14003\Week6_K_14003.vcxproj", "{105F59FD-F584-4B34-8E28-E9F06EF95FA6}"
EndProject
Global
	GlobalSection(SolutionConfigurationPlatforms) = preSolution
		Debug|x64 = Debug|x64
		Debug|x86 = Debug|x86
		Release|x64 = Release|x64
		Release|x86 = Release|x86
	EndGlobalSection
	GlobalSection(ProjectConfigurationPlatforms) = postSolution
		{39927C3D-0257-451D-933D-80589CF09555}.Debug|x64.ActiveCfg = Debug|x64
		{39927C3D-0257-451D-933D-80589CF09555}.Debug|x64.Build.0 = Debug|x64
		{39927C3D-0257-451D-933D-80589CF09555}.Debug|x86.ActiveCfg = Debug|Win32
		{39927C3D-0257-451D-933D-80589CF09555}.Debug|x86.Build.0 = Debug|Win32
		{39927C3D-0257-451D-933D-80589CF09555}.Release|x64.ActiveCfg = Release|x64
		{39927C3D-0257-451D-933D-80589CF09555}.Release|x64.Build.0 = Release|x64
		{39927C3D-0257-451D-933D-80589CF09555}.Release|x86.ActiveCfg = Release|Win32
		{39927C3D-0257-451D-933D-80589CF09555}.Release|x86.Build.0 = Release|Win32
		{2D759556-6B5F-440B-86B6-623B63A4E58A}.Debug|x64.ActiveCfg = Debug|x64
		{2D759556-6B5F-440B-86B6-623B63A4E58A}.Debug|x64.Build.0 = Debug|x64
		{2D759556-6B5F-440B-86B6-623B63A4E58A}.Debug|x86.ActiveCfg = Debug|Win32
		{2D759556-6B5F-440B-86B6-623B63A4E58A}.Debug|x86.Build.0 = Debug|Win32
		{2D759556-6B5F-440B-86B6-623B63A4E58A}.Release|x64.ActiveCfg = Release|x64
		{2D759556-6B5F-440B-86B6-623B63A4E58A}.Release|x64.Build.0 = Release|x64
		{2D759556-6B5F-440B-86B6-623B63A4E58A}.Release|x86.ActiveCfg = Release|Win32
		{2D759556-6B5F-440B-86B6-623B63A4E58A}.Release|x86.Build.0 = Release|Win32
		{18960A07-5EC0-4CB4-8465-755F395A6DA0}.Debug|x64.ActiveCfg = Debug|x64
		{18960A07-5EC0-4CB4-8465-755F395A6DA0}.Debug|x64.Build.0 = Debug|x64
		{18960A07-5EC0-4CB4-8465-755F395A6DA0}.Debug|x86.ActiveCfg = Debug|Win32
		{18960A07-5EC0-4CB4-8465-755F395A6DA0}.Debug|x86.Build.0 = Debug|Win32
		{18960A07-5EC0-4CB4-8465-755F395A6DA0}.Release|x64.ActiveCfg = Release|x64
		{18960A07-5EC0-4CB4-8465-755F395A6DA0}.Release|x64.Build.0 = Release|x64
		{18960A07-5EC0-4CB4-8465-755F395A6DA0}.Release|x86.ActiveCfg = Release|Win32
		{18960A07-5EC0-4CB4-8465-755F395A6DA0}.Release|x86.Build.0 = Release|Win32
		{5784E1D0-00B5-4FD2-A370-D452EFBB254E}.Debug|x64.ActiveCfg = Debug|x64
		{5784E1D0-00B5-4FD2-A370-D452EFBB254E}.Debug|x64.Build.0 = Debug|x64
		{5784E1D0-00B5-4FD2-A370-D452EFBB254E}.Debug|x86.ActiveCfg = Debug|Win32
		{5784E1D0-00B5-4FD2-A370-D452EFBB254E}.Debug|x86.Build.0 = Debug|Win32
		{5784E1D0-00B5-4FD2-A370-D452EFBB254E}.Release|x64.ActiveCfg = Release|x64
		{5784E1D0-00B5-4FD2-A370-D452EFBB254E}.Release|x64.Build.0 = Release|x64
		{5784E1D0-00B5-4FD2-A370-D452EFBB254E}.Release|x86.ActiveCfg = Release|Win32
		{5784E1D0-00B5-4FD2-A370-D452EFBB254E}.Release|x86.Build.0 = Release|Win32
		{646E7E40-AC61-4626-B3F3-CB690E0A387C}.Debug|x64.ActiveCfg = Debug|x64
		{646E7E40-AC61-4626-B3F3-CB690E0A387C}.Debug|x64.Build.0 = Debug|x64
		{646E7E40-AC61-4626-B3F3-CB690E0A387C}.Debug|x86.ActiveCfg = Debug|Win32
		{646E7E40-AC61-4626-B3F3-CB690E0A387C}.Debug|x86.Build.0 = Debug|Win32
		{646E7E40-AC61-4626-B3F3-CB690E0A387C}.Release|x64.ActiveCfg = Release|x64
		{646E7E40-AC61-4626-B3F3-CB690E0A387C}.Release|x64.Build.0 = Release|x64
		{646E7E40-AC61-4626-B3F3-CB690E0A387C}.Release|x86.ActiveCfg = Release|Win32
		{646E7E40-AC61-4626-B3F3-CB690E0A387C}.Release|x86.Build.0 = Release|Win32
		{FCC43AF3-5689-4319-8F9C-1B4586878589}.Debug|x64.ActiveCfg = Debug|x64
		{FCC43AF3-5689-4319-8F9C-1B4586878589}.Debug|x64.Build.0 = Debug|x64
		{FCC43AF3-5689-4319-8F9C-1B4586878589}.Debug|x86.ActiveCfg = Debug|Win32
		{FCC43AF3-5689-4319-8F9C-1B4586878589}.Debug|x86.Build.0 = Debug|Win32
		{FCC43AF3-5689-4319-8F9C-1B4586878589}.Release|x64.ActiveCfg = Release|x64
		{FCC43AF3-5689-4319-8F9C-1B4586878589}.Release|x64.Build.0 = Release|x64
		{FCC43AF3-5689-4319-8F9C-1B4586878589}.Release|x86.ActiveCfg = Release|Win32
		{FCC43AF3-5689-4319-8F9C-1B4586878589}.Release|x86.Build.0 = Release|Win32
		{ADDB565A-8657-4E0D-AD68-27DB8AD23A2C}.Debug|x64.ActiveCfg = Debug|x64
		{ADDB565A-8657-4E0D-AD68-27DB8AD23A2C}.Debug|x64.Build.0 = Debug|x64
		{ADDB565A-8657-4E0D-AD68-27DB8AD23A2C}.Debug|x86.ActiveCfg = Debug|Win32
		{ADDB565A-8657-4E0D-AD68-27DB8AD23A2C}.Debug|x86.Build.0 = Debug|Win32
		{ADDB565A-8657-4E0D-AD68-27DB8AD23A2C}.Release|x64.ActiveCfg = Release|x64
		{ADDB565A-8657-4E0D-AD68-27DB8AD23A2C}.Release|x64.Build.0 = Release|x64
		{ADDB565A-8657-4E0D-AD68-27DB8AD23A2C}.Release|x86.ActiveCfg = Release|Win32
		{ADDB565A-8657-4E0D-AD68-27DB8AD23A2C}.Release|x86.Build.0 = Release|Win32
		{CFAFC223-8D6C-4CE8-AC32-2F07D2625733}.Debug|x64.ActiveCfg = Debug|x64
		{CFAFC223-8D6C-4CE8-AC32-2F07D2625733}.Debug|x64.Build.0 = Debug|x64
		{CFAFC223-8D6C-4CE8-AC32-2F07D2625733}.Debug|x86.ActiveCfg = Debug|Win32
		{CFAFC223-8D6C-4CE8-AC32-2F07D2625733}.Debug|x86.Build.0 = Debug|Win32
		{CFAFC223-8D6C-4CE8-AC32-2F07D2625733}.Release|x64.ActiveCfg = Release|x64
		{CFAFC223-8D6C-4CE8-AC32-2F07D2625733}.Release|x64.Build.0 = Release|x64
		{CFAFC223-8D6C-4CE8-AC32-2F07D2625733}.Release|x86.ActiveCfg = Release|Win32
		{CFAFC223-8D6C-4CE8-AC32-2F07D2625733}.Release|x86.Build.0 = Release|Win32
		{D09C49B2-6119-498B-95B6-3ECBAAD3510C}.Debug|x64.ActiveCfg = Debug|x64
		{D09C49B2-6119-498B-95B6-3ECBAAD3510C}.Debug|x64.Build.0 = Debug|x64
		{D09C49B2-6119-498B-95B6-3ECBAAD3510C}.Debug|x86.ActiveCfg = Debug|Win32
		{D09C49B2-6119-498B-95B6-3ECBAAD3510C}.Debug|x86.Build.0 = Debug|Win32
		{D09C49B2-6119-498B-95B6-3ECBAAD3510C}.Release|x64.ActiveCfg = Release|x64
		{D09C49B2-6119-498B-95B6-3ECBAAD3510C}.Release|x64.Build.0 = Release|x64
		{D09C49B2-6119-498B-95B6-3ECBAAD3510C}.Release|x86.ActiveCfg = Release|Win32
		{D09C49B2-6119-498B-95B6-3ECBAAD3510C}.Release|x86.Build.0 = Release|Win32
		{8B9CA6F6-64B4-4717-A25D-E80A60334A24}.Debug|x64.ActiveCfg = Debug|x64
		{8B9CA6F6-64B4-4717-A25D-E80A60334A24}.Debug|x64.Build.0 = Debug|x64
		{8B9CA6F6-64B4-4717-A25D-E80A60334A24}.Debug|x86.ActiveCfg = Debug|Win32
		{8B9CA6F6-64B4-4717-A25D-E80A60334A24}.Debug|x86.Build.0 = Debug|Win32
		{8B9CA6F6-64B4-4717-A25D-E80A60334A24}.Release|x64.ActiveCfg = Release|x64
		{8B9CA6F6-64B4-4717-A25D-E80A60334A24}.Release|x64.Build.0 = Release|x64
		{8B9CA6F6-64B4-4717-A25D-E80A60334A24}.Release|x86.ActiveCfg = Release|Win32
		{8B9CA6F6-64B4-4717-A25D-E80A60334A24}.Release|x86.Build.0 = Release|Win32
		{105F59FD-F584-4B34-8E28-E9F06EF95FA6}.Debug|x64.ActiveCfg = Debug|x64
		{105F59FD-F584-4B34-8E28-E9F06EF95FA6}.Debug|x64.Build.0 = Debug|x64
		{105F59FD-F584-4B34-8E28-E9F06EF95FA6}.Debug|x86.ActiveCfg = Debug|Win32
		{105F59FD-F584-4B34-8E28-E9F06EF95FA6}.Debug|x86.Build.0 = Debug|Win32
		{105F59FD-F584-4B34-8E28-E9F06EF95FA6}.Release|x64.ActiveCfg = Release|x64
		{105F59FD-F584-4B34-8E28-E9F06EF95FA6}.Release|x64.Build.0 = Release|x64
		{105F59FD-F584-4B34-8E28-E9F06EF95FA6}.Release|x86.ActiveCfg = Release|Win32
		{105F59FD-F584-4B34-8E28-E9F06EF95FA6}.Release|x86.Build.0 = Release|Win32
	EndGlobalSection
	GlobalSection(SolutionProperties) = preSolution
		HideSolutionNode = FALSE
	EndGlobalSection
	GlobalSection(ExtensibilityGlobals) = postSolution
		SolutionGuid = {B3D3C4C9-CBA2-4F99-B882-C4428C2EF5D8}
	EndGlobalSection
EndGlobal
