
Microsoft Visual Studio Solution File, Format Version 12.00
# Visual Studio Version 17
VisualStudioVersion = 17.13.35913.81
MinimumVisualStudioVersion = 10.0.40219.1
Project("{8BC9CEB8-8B4A-11D0-8D11-00A0C91BC942}") = "Week6_A_2792", "Week6_A_2792\Week6_A_2792.vcxproj", "{39927C3D-0257-451D-933D-80589CF09555}"
EndProject
Project("{8BC9CEB8-8B4A-11D0-8D11-00A0C91BC942}") = "Week6_B_2343", "Week6_B_2343\Week6_B_2343.vcxproj", "{2D759556-6B5F-440B-86B6-623B63A4E58A}"
EndProject
Project("{8BC9CEB8-8B4A-11D0-8D11-00A0C91BC942}") = "Week6_C_6236", "Week6_C_6236\Week6_C_6236.vcxproj", "{18960A07-5EC0-4CB4-8465-755F395A6DA0}"
EndProject
Project("{8BC9CEB8-8B4A-11D0-8D11-00A0C91BC942}") = "Week6_D_7795", "Week6_D_7795\Week6_D_7795.vcxproj", "{5784E1D0-00B5-4FD2-A370-D452EFBB254E}"
EndProject
Project("{8BC9CEB8-8B4A-11D0-8D11-00A0C91BC942}") = "Week6_E_1269", "Week6_E_1269\Week6_E_1269.vcxproj", "{646E7E40-AC61-4626-B3F3-CB690E0A387C}"
EndProject
Project("{8BC9CEB8-8B4A-11D0-8D11-00A0C91BC942}") = "Week6_F_16434", "Week6_F_16434\Week6_F_16434.vcxproj", "{FCC43AF3-5689-4319-8F9C-1B4586878589}"
EndProject
Global
	GlobalSection(SolutionConfigurationPlatforms) = preSolution
		Debug|x64 = Debug|x64
		Debug|x86 = Debug|x86
		Release|x64 = Release|x64
		Release|x86 = Release|x86
	EndGlobalSection
	GlobalSection(ProjectConfigurationPlatforms) = postSolution
		{39927C3D-0257-451D-933D-80589CF09555}.Debug|x64.ActiveCfg = Debug|x64
		{39927C3D-0257-451D-933D-80589CF09555}.Debug|x64.Build.0 = Debug|x64
		{39927C3D-0257-451D-933D-80589CF09555}.Debug|x86.ActiveCfg = Debug|Win32
		{39927C3D-0257-451D-933D-80589CF09555}.Debug|x86.Build.0 = Debug|Win32
		{39927C3D-0257-451D-933D-80589CF09555}.Release|x64.ActiveCfg = Release|x64
		{39927C3D-0257-451D-933D-80589CF09555}.Release|x64.Build.0 = Release|x64
		{39927C3D-0257-451D-933D-80589CF09555}.Release|x86.ActiveCfg = Release|Win32
		{39927C3D-0257-451D-933D-80589CF09555}.Release|x86.Build.0 = Release|Win32
		{2D759556-6B5F-440B-86B6-623B63A4E58A}.Debug|x64.ActiveCfg = Debug|x64
		{2D759556-6B5F-440B-86B6-623B63A4E58A}.Debug|x64.Build.0 = Debug|x64
		{2D759556-6B5F-440B-86B6-623B63A4E58A}.Debug|x86.ActiveCfg = Debug|Win32
		{2D759556-6B5F-440B-86B6-623B63A4E58A}.Debug|x86.Build.0 = Debug|Win32
		{2D759556-6B5F-440B-86B6-623B63A4E58A}.Release|x64.ActiveCfg = Release|x64
		{2D759556-6B5F-440B-86B6-623B63A4E58A}.Release|x64.Build.0 = Release|x64
		{2D759556-6B5F-440B-86B6-623B63A4E58A}.Release|x86.ActiveCfg = Release|Win32
		{2D759556-6B5F-440B-86B6-623B63A4E58A}.Release|x86.Build.0 = Release|Win32
		{18960A07-5EC0-4CB4-8465-755F395A6DA0}.Debug|x64.ActiveCfg = Debug|x64
		{18960A07-5EC0-4CB4-8465-755F395A6DA0}.Debug|x64.Build.0 = Debug|x64
		{18960A07-5EC0-4CB4-8465-755F395A6DA0}.Debug|x86.ActiveCfg = Debug|Win32
		{18960A07-5EC0-4CB4-8465-755F395A6DA0}.Debug|x86.Build.0 = Debug|Win32
		{18960A07-5EC0-4CB4-8465-755F395A6DA0}.Release|x64.ActiveCfg = Release|x64
		{18960A07-5EC0-4CB4-8465-755F395A6DA0}.Release|x64.Build.0 = Release|x64
		{18960A07-5EC0-4CB4-8465-755F395A6DA0}.Release|x86.ActiveCfg = Release|Win32
		{18960A07-5EC0-4CB4-8465-755F395A6DA0}.Release|x86.Build.0 = Release|Win32
		{5784E1D0-00B5-4FD2-A370-D452EFBB254E}.Debug|x64.ActiveCfg = Debug|x64
		{5784E1D0-00B5-4FD2-A370-D452EFBB254E}.Debug|x64.Build.0 = Debug|x64
		{5784E1D0-00B5-4FD2-A370-D452EFBB254E}.Debug|x86.ActiveCfg = Debug|Win32
		{5784E1D0-00B5-4FD2-A370-D452EFBB254E}.Debug|x86.Build.0 = Debug|Win32
		{5784E1D0-00B5-4FD2-A370-D452EFBB254E}.Release|x64.ActiveCfg = Release|x64
		{5784E1D0-00B5-4FD2-A370-D452EFBB254E}.Release|x64.Build.0 = Release|x64
		{5784E1D0-00B5-4FD2-A370-D452EFBB254E}.Release|x86.ActiveCfg = Release|Win32
		{5784E1D0-00B5-4FD2-A370-D452EFBB254E}.Release|x86.Build.0 = Release|Win32
		{646E7E40-AC61-4626-B3F3-CB690E0A387C}.Debug|x64.ActiveCfg = Debug|x64
		{646E7E40-AC61-4626-B3F3-CB690E0A387C}.Debug|x64.Build.0 = Debug|x64
		{646E7E40-AC61-4626-B3F3-CB690E0A387C}.Debug|x86.ActiveCfg = Debug|Win32
		{646E7E40-AC61-4626-B3F3-CB690E0A387C}.Debug|x86.Build.0 = Debug|Win32
		{646E7E40-AC61-4626-B3F3-CB690E0A387C}.Release|x64.ActiveCfg = Release|x64
		{646E7E40-AC61-4626-B3F3-CB690E0A387C}.Release|x64.Build.0 = Release|x64
		{646E7E40-AC61-4626-B3F3-CB690E0A387C}.Release|x86.ActiveCfg = Release|Win32
		{646E7E40-AC61-4626-B3F3-CB690E0A387C}.Release|x86.Build.0 = Release|Win32
		{FCC43AF3-5689-4319-8F9C-1B4586878589}.Debug|x64.ActiveCfg = Debug|x64
		{FCC43AF3-5689-4319-8F9C-1B4586878589}.Debug|x64.Build.0 = Debug|x64
		{FCC43AF3-5689-4319-8F9C-1B4586878589}.Debug|x86.ActiveCfg = Debug|Win32
		{FCC43AF3-5689-4319-8F9C-1B4586878589}.Debug|x86.Build.0 = Debug|Win32
		{FCC43AF3-5689-4319-8F9C-1B4586878589}.Release|x64.ActiveCfg = Release|x64
		{FCC43AF3-5689-4319-8F9C-1B4586878589}.Release|x64.Build.0 = Release|x64
		{FCC43AF3-5689-4319-8F9C-1B4586878589}.Release|x86.ActiveCfg = Release|Win32
		{FCC43AF3-5689-4319-8F9C-1B4586878589}.Release|x86.Build.0 = Release|Win32
	EndGlobalSection
	GlobalSection(SolutionProperties) = preSolution
		HideSolutionNode = FALSE
	EndGlobalSection
	GlobalSection(ExtensibilityGlobals) = postSolution
		SolutionGuid = {B3D3C4C9-CBA2-4F99-B882-C4428C2EF5D8}
	EndGlobalSection
EndGlobal
