
Microsoft Visual Studio Solution File, Format Version 12.00
# Visual Studio Version 17
VisualStudioVersion = 17.6.33801.468
MinimumVisualStudioVersion = 10.0.40219.1
Project("{8BC9CEB8-8B4A-11D0-8D11-00A0C91BC942}") = "Step_1_1_2557", "Step_1\Step_1.vcxproj", "{D10808E4-1519-4E0A-9280-3170BF75956C}"
EndProject
Project("{8BC9CEB8-8B4A-11D0-8D11-00A0C91BC942}") = "Step_1_2_1000", "Step_2\Step_2.vcxproj", "{ABAF526C-8414-46B0-92C5-4E531E4EAF02}"
EndProject
Project("{8BC9CEB8-8B4A-11D0-8D11-00A0C91BC942}") = "Step_1_3_1001", "Step_1_C_101\Step_1_C_101.vcxproj", "{1D4A3E41-E80F-4E23-80CC-7D69F6F7CCB1}"
EndProject
Project("{8BC9CEB8-8B4A-11D0-8D11-00A0C91BC942}") = "Step1_4_10998", "Step1_D_10998\Step1_D_10998.vcxproj", "{BFB22FDF-6B70-4241-8235-2D65496D27B8}"
EndProject
Project("{8BC9CEB8-8B4A-11D0-8D11-00A0C91BC942}") = "Step1_5_1008", "Step1_E_1008\Step1_E_1008.vcxproj", "{091F7520-05C3-4914-B608-CAB12CC0B4E7}"
EndProject
Project("{8BC9CEB8-8B4A-11D0-8D11-00A0C91BC942}") = "Step1_6_10869", "Step1_F_10869\Step1_F_10869.vcxproj", "{2C0E2F4D-06C2-4B39-B516-470CF0A2A108}"
EndProject
Project("{8BC9CEB8-8B4A-11D0-8D11-00A0C91BC942}") = "Step1_7_10926", "Step1_7_10926\Step1_7_10926.vcxproj", "{290146F1-054A-47DF-8391-0ABAE23F4A9E}"
EndProject
Project("{8BC9CEB8-8B4A-11D0-8D11-00A0C91BC942}") = "Step1_8_18108", "Step1_8_18108\Step1_8_18108.vcxproj", "{B9575A69-D995-418B-B0F4-1136ED6D4612}"
EndProject
Project("{8BC9CEB8-8B4A-11D0-8D11-00A0C91BC942}") = "Step1_9_10430", "Step1_9_10430\Step1_9_10430.vcxproj", "{EA5D2F80-E637-4FEB-A1CC-DCA5F0D736B0}"
EndProject
Project("{8BC9CEB8-8B4A-11D0-8D11-00A0C91BC942}") = "Step1_10_2588", "Step1_10_2588\Step1_10_2588.vcxproj", "{ED240B7E-ABD5-4F76-A0B7-D4412C2A36A6}"
EndProject
Global
	GlobalSection(SolutionConfigurationPlatforms) = preSolution
		Debug|x64 = Debug|x64
		Debug|x86 = Debug|x86
		Release|x64 = Release|x64
		Release|x86 = Release|x86
	EndGlobalSection
	GlobalSection(ProjectConfigurationPlatforms) = postSolution
		{D10808E4-1519-4E0A-9280-3170BF75956C}.Debug|x64.ActiveCfg = Debug|x64
		{D10808E4-1519-4E0A-9280-3170BF75956C}.Debug|x64.Build.0 = Debug|x64
		{D10808E4-1519-4E0A-9280-3170BF75956C}.Debug|x86.ActiveCfg = Debug|Win32
		{D10808E4-1519-4E0A-9280-3170BF75956C}.Debug|x86.Build.0 = Debug|Win32
		{D10808E4-1519-4E0A-9280-3170BF75956C}.Release|x64.ActiveCfg = Release|x64
		{D10808E4-1519-4E0A-9280-3170BF75956C}.Release|x64.Build.0 = Release|x64
		{D10808E4-1519-4E0A-9280-3170BF75956C}.Release|x86.ActiveCfg = Release|Win32
		{D10808E4-1519-4E0A-9280-3170BF75956C}.Release|x86.Build.0 = Release|Win32
		{ABAF526C-8414-46B0-92C5-4E531E4EAF02}.Debug|x64.ActiveCfg = Debug|x64
		{ABAF526C-8414-46B0-92C5-4E531E4EAF02}.Debug|x64.Build.0 = Debug|x64
		{ABAF526C-8414-46B0-92C5-4E531E4EAF02}.Debug|x86.ActiveCfg = Debug|Win32
		{ABAF526C-8414-46B0-92C5-4E531E4EAF02}.Debug|x86.Build.0 = Debug|Win32
		{ABAF526C-8414-46B0-92C5-4E531E4EAF02}.Release|x64.ActiveCfg = Release|x64
		{ABAF526C-8414-46B0-92C5-4E531E4EAF02}.Release|x64.Build.0 = Release|x64
		{ABAF526C-8414-46B0-92C5-4E531E4EAF02}.Release|x86.ActiveCfg = Release|Win32
		{ABAF526C-8414-46B0-92C5-4E531E4EAF02}.Release|x86.Build.0 = Release|Win32
		{1D4A3E41-E80F-4E23-80CC-7D69F6F7CCB1}.Debug|x64.ActiveCfg = Debug|x64
		{1D4A3E41-E80F-4E23-80CC-7D69F6F7CCB1}.Debug|x64.Build.0 = Debug|x64
		{1D4A3E41-E80F-4E23-80CC-7D69F6F7CCB1}.Debug|x86.ActiveCfg = Debug|Win32
		{1D4A3E41-E80F-4E23-80CC-7D69F6F7CCB1}.Debug|x86.Build.0 = Debug|Win32
		{1D4A3E41-E80F-4E23-80CC-7D69F6F7CCB1}.Release|x64.ActiveCfg = Release|x64
		{1D4A3E41-E80F-4E23-80CC-7D69F6F7CCB1}.Release|x64.Build.0 = Release|x64
		{1D4A3E41-E80F-4E23-80CC-7D69F6F7CCB1}.Release|x86.ActiveCfg = Release|Win32
		{1D4A3E41-E80F-4E23-80CC-7D69F6F7CCB1}.Release|x86.Build.0 = Release|Win32
		{BFB22FDF-6B70-4241-8235-2D65496D27B8}.Debug|x64.ActiveCfg = Debug|x64
		{BFB22FDF-6B70-4241-8235-2D65496D27B8}.Debug|x64.Build.0 = Debug|x64
		{BFB22FDF-6B70-4241-8235-2D65496D27B8}.Debug|x86.ActiveCfg = Debug|Win32
		{BFB22FDF-6B70-4241-8235-2D65496D27B8}.Debug|x86.Build.0 = Debug|Win32
		{BFB22FDF-6B70-4241-8235-2D65496D27B8}.Release|x64.ActiveCfg = Release|x64
		{BFB22FDF-6B70-4241-8235-2D65496D27B8}.Release|x64.Build.0 = Release|x64
		{BFB22FDF-6B70-4241-8235-2D65496D27B8}.Release|x86.ActiveCfg = Release|Win32
		{BFB22FDF-6B70-4241-8235-2D65496D27B8}.Release|x86.Build.0 = Release|Win32
		{091F7520-05C3-4914-B608-CAB12CC0B4E7}.Debug|x64.ActiveCfg = Debug|x64
		{091F7520-05C3-4914-B608-CAB12CC0B4E7}.Debug|x64.Build.0 = Debug|x64
		{091F7520-05C3-4914-B608-CAB12CC0B4E7}.Debug|x86.ActiveCfg = Debug|Win32
		{091F7520-05C3-4914-B608-CAB12CC0B4E7}.Debug|x86.Build.0 = Debug|Win32
		{091F7520-05C3-4914-B608-CAB12CC0B4E7}.Release|x64.ActiveCfg = Release|x64
		{091F7520-05C3-4914-B608-CAB12CC0B4E7}.Release|x64.Build.0 = Release|x64
		{091F7520-05C3-4914-B608-CAB12CC0B4E7}.Release|x86.ActiveCfg = Release|Win32
		{091F7520-05C3-4914-B608-CAB12CC0B4E7}.Release|x86.Build.0 = Release|Win32
		{2C0E2F4D-06C2-4B39-B516-470CF0A2A108}.Debug|x64.ActiveCfg = Debug|x64
		{2C0E2F4D-06C2-4B39-B516-470CF0A2A108}.Debug|x64.Build.0 = Debug|x64
		{2C0E2F4D-06C2-4B39-B516-470CF0A2A108}.Debug|x86.ActiveCfg = Debug|Win32
		{2C0E2F4D-06C2-4B39-B516-470CF0A2A108}.Debug|x86.Build.0 = Debug|Win32
		{2C0E2F4D-06C2-4B39-B516-470CF0A2A108}.Release|x64.ActiveCfg = Release|x64
		{2C0E2F4D-06C2-4B39-B516-470CF0A2A108}.Release|x64.Build.0 = Release|x64
		{2C0E2F4D-06C2-4B39-B516-470CF0A2A108}.Release|x86.ActiveCfg = Release|Win32
		{2C0E2F4D-06C2-4B39-B516-470CF0A2A108}.Release|x86.Build.0 = Release|Win32
		{290146F1-054A-47DF-8391-0ABAE23F4A9E}.Debug|x64.ActiveCfg = Debug|x64
		{290146F1-054A-47DF-8391-0ABAE23F4A9E}.Debug|x64.Build.0 = Debug|x64
		{290146F1-054A-47DF-8391-0ABAE23F4A9E}.Debug|x86.ActiveCfg = Debug|Win32
		{290146F1-054A-47DF-8391-0ABAE23F4A9E}.Debug|x86.Build.0 = Debug|Win32
		{290146F1-054A-47DF-8391-0ABAE23F4A9E}.Release|x64.ActiveCfg = Release|x64
		{290146F1-054A-47DF-8391-0ABAE23F4A9E}.Release|x64.Build.0 = Release|x64
		{290146F1-054A-47DF-8391-0ABAE23F4A9E}.Release|x86.ActiveCfg = Release|Win32
		{290146F1-054A-47DF-8391-0ABAE23F4A9E}.Release|x86.Build.0 = Release|Win32
		{B9575A69-D995-418B-B0F4-1136ED6D4612}.Debug|x64.ActiveCfg = Debug|x64
		{B9575A69-D995-418B-B0F4-1136ED6D4612}.Debug|x64.Build.0 = Debug|x64
		{B9575A69-D995-418B-B0F4-1136ED6D4612}.Debug|x86.ActiveCfg = Debug|Win32
		{B9575A69-D995-418B-B0F4-1136ED6D4612}.Debug|x86.Build.0 = Debug|Win32
		{B9575A69-D995-418B-B0F4-1136ED6D4612}.Release|x64.ActiveCfg = Release|x64
		{B9575A69-D995-418B-B0F4-1136ED6D4612}.Release|x64.Build.0 = Release|x64
		{B9575A69-D995-418B-B0F4-1136ED6D4612}.Release|x86.ActiveCfg = Release|Win32
		{B9575A69-D995-418B-B0F4-1136ED6D4612}.Release|x86.Build.0 = Release|Win32
		{EA5D2F80-E637-4FEB-A1CC-DCA5F0D736B0}.Debug|x64.ActiveCfg = Debug|x64
		{EA5D2F80-E637-4FEB-A1CC-DCA5F0D736B0}.Debug|x64.Build.0 = Debug|x64
		{EA5D2F80-E637-4FEB-A1CC-DCA5F0D736B0}.Debug|x86.ActiveCfg = Debug|Win32
		{EA5D2F80-E637-4FEB-A1CC-DCA5F0D736B0}.Debug|x86.Build.0 = Debug|Win32
		{EA5D2F80-E637-4FEB-A1CC-DCA5F0D736B0}.Release|x64.ActiveCfg = Release|x64
		{EA5D2F80-E637-4FEB-A1CC-DCA5F0D736B0}.Release|x64.Build.0 = Release|x64
		{EA5D2F80-E637-4FEB-A1CC-DCA5F0D736B0}.Release|x86.ActiveCfg = Release|Win32
		{EA5D2F80-E637-4FEB-A1CC-DCA5F0D736B0}.Release|x86.Build.0 = Release|Win32
		{ED240B7E-ABD5-4F76-A0B7-D4412C2A36A6}.Debug|x64.ActiveCfg = Debug|x64
		{ED240B7E-ABD5-4F76-A0B7-D4412C2A36A6}.Debug|x64.Build.0 = Debug|x64
		{ED240B7E-ABD5-4F76-A0B7-D4412C2A36A6}.Debug|x86.ActiveCfg = Debug|Win32
		{ED240B7E-ABD5-4F76-A0B7-D4412C2A36A6}.Debug|x86.Build.0 = Debug|Win32
		{ED240B7E-ABD5-4F76-A0B7-D4412C2A36A6}.Release|x64.ActiveCfg = Release|x64
		{ED240B7E-ABD5-4F76-A0B7-D4412C2A36A6}.Release|x64.Build.0 = Release|x64
		{ED240B7E-ABD5-4F76-A0B7-D4412C2A36A6}.Release|x86.ActiveCfg = Release|Win32
		{ED240B7E-ABD5-4F76-A0B7-D4412C2A36A6}.Release|x86.Build.0 = Release|Win32
	EndGlobalSection
	GlobalSection(SolutionProperties) = preSolution
		HideSolutionNode = FALSE
	EndGlobalSection
	GlobalSection(ExtensibilityGlobals) = postSolution
		SolutionGuid = {56317F77-431F-4DEE-8B2C-68654FAD6DBD}
	EndGlobalSection
EndGlobal
