
Microsoft Visual Studio Solution File, Format Version 12.00
# Visual Studio Version 17
VisualStudioVersion = 17.12.35527.113
MinimumVisualStudioVersion = 10.0.40219.1
Project("{8BC9CEB8-8B4A-11D0-8D11-00A0C91BC942}") = "Week5_A_2109", "Week5_A_2109\Week5_A_2109.vcxproj", "{2DF05781-4207-45AE-BC66-C103A1DE1C87}"
EndProject
Project("{8BC9CEB8-8B4A-11D0-8D11-00A0C91BC942}") = "Week5_B_9935", "Week5_B_9935\Week5_B_9935.vcxproj", "{F1FF5AF8-93C1-46CF-B5C8-9F0A51F1A759}"
EndProject
Project("{8BC9CEB8-8B4A-11D0-8D11-00A0C91BC942}") = "Week5_C_1781", "Week5_C_1781\Week5_C_1781.vcxproj", "{F9A863B9-8CEB-4B85-B6BA-C39E81F57B47}"
EndProject
Project("{8BC9CEB8-8B4A-11D0-8D11-00A0C91BC942}") = "Week5_D_14469", "Week5_D_14469\Week5_D_14469.vcxproj", "{ECA1F506-F8D9-4596-8AE4-CEB283FA422A}"
EndProject
Project("{8BC9CEB8-8B4A-11D0-8D11-00A0C91BC942}") = "Week5_E_1931", "Week5_E_1931\Week5_E_1931.vcxproj", "{71A3500A-16A1-4B6D-9828-B6FBABA79B2D}"
EndProject
Project("{8BC9CEB8-8B4A-11D0-8D11-00A0C91BC942}") = "Week5_F_1202", "Week5_F_1202\Week5_F_1202.vcxproj", "{8CC85014-F5CC-4ACC-BAD7-E84ED4D32E16}"
EndProject
Project("{8BC9CEB8-8B4A-11D0-8D11-00A0C91BC942}") = "Week5_G_1644", "Week5_G_1644\Week5_G_1644.vcxproj", "{7973C693-A9B6-41BE-857A-8CAE3E3FA065}"
EndProject
Project("{8BC9CEB8-8B4A-11D0-8D11-00A0C91BC942}") = "Week5_H_13144", "Week5_H_13144\Week5_H_13144.vcxproj", "{DD309D0A-90B3-4A47-A339-BA1BB58B6961}"
EndProject
Project("{8BC9CEB8-8B4A-11D0-8D11-00A0C91BC942}") = "Week5_I_3273", "Week5_I_3273\Week5_I_3273.vcxproj", "{1B819185-A389-4405-B52B-97E4B9EEE4DD}"
EndProject
Project("{8BC9CEB8-8B4A-11D0-8D11-00A0C91BC942}") = "Week5_J_1700", "Week5_J_1700\Week5_J_1700.vcxproj", "{05BD263B-67E6-4647-8ADB-9CBCB9997D73}"
EndProject
Project("{8BC9CEB8-8B4A-11D0-8D11-00A0C91BC942}") = "Week5_K_17144", "Week5_K_17144\Week5_K_17144.vcxproj", "{1DE63A66-B021-467D-A1C2-EA252025DB8C}"
EndProject
Project("{8BC9CEB8-8B4A-11D0-8D11-00A0C91BC942}") = "Week5_L_14889", "Week5_L_14889\Week5_L_14889.vcxproj", "{D1D59018-FA37-4083-A7C5-65ED4133D0BD}"
EndProject
Project("{8BC9CEB8-8B4A-11D0-8D11-00A0C91BC942}") = "Week5_M_12100", "Week5_M_12100\Week5_M_12100.vcxproj", "{6CC8BFE8-0A0F-4D23-BBD2-3A2D5FBA1AF7}"
EndProject
Project("{8BC9CEB8-8B4A-11D0-8D11-00A0C91BC942}") = "Week5_N_3190", "Week5_N_3190\Week5_N_3190.vcxproj", "{09F7A456-C7EC-4AF6-9908-0A489D82B8DB}"
EndProject
Project("{8BC9CEB8-8B4A-11D0-8D11-00A0C91BC942}") = "Week5_O_17406", "Week5_O_17406\Week5_O_17406.vcxproj", "{D0D90178-C792-4F58-8A0A-D9F7AED7A963}"
EndProject
Project("{8BC9CEB8-8B4A-11D0-8D11-00A0C91BC942}") = "Week5_R_15662", "Week5_R_15662\Week5_R_15662.vcxproj", "{145DAE05-D6AF-46BE-8176-38E1654126F7}"
EndProject
Project("{8BC9CEB8-8B4A-11D0-8D11-00A0C91BC942}") = "Week5_Q_1911", "Week5_Q_1911\Week5_Q_1911.vcxproj", "{6BE7C0B7-09BB-48B4-A249-64C31F02BFD5}"
EndProject
Project("{8BC9CEB8-8B4A-11D0-8D11-00A0C91BC942}") = "Week5_R_17825", "Week5_R_17825\Week5_R_17825.vcxproj", "{E312AA1A-9E92-4DBA-8699-F45199B4450D}"
EndProject
Global
	GlobalSection(SolutionConfigurationPlatforms) = preSolution
		Debug|x64 = Debug|x64
		Debug|x86 = Debug|x86
		Release|x64 = Release|x64
		Release|x86 = Release|x86
	EndGlobalSection
	GlobalSection(ProjectConfigurationPlatforms) = postSolution
		{2DF05781-4207-45AE-BC66-C103A1DE1C87}.Debug|x64.ActiveCfg = Debug|x64
		{2DF05781-4207-45AE-BC66-C103A1DE1C87}.Debug|x64.Build.0 = Debug|x64
		{2DF05781-4207-45AE-BC66-C103A1DE1C87}.Debug|x86.ActiveCfg = Debug|Win32
		{2DF05781-4207-45AE-BC66-C103A1DE1C87}.Debug|x86.Build.0 = Debug|Win32
		{2DF05781-4207-45AE-BC66-C103A1DE1C87}.Release|x64.ActiveCfg = Release|x64
		{2DF05781-4207-45AE-BC66-C103A1DE1C87}.Release|x64.Build.0 = Release|x64
		{2DF05781-4207-45AE-BC66-C103A1DE1C87}.Release|x86.ActiveCfg = Release|Win32
		{2DF05781-4207-45AE-BC66-C103A1DE1C87}.Release|x86.Build.0 = Release|Win32
		{F1FF5AF8-93C1-46CF-B5C8-9F0A51F1A759}.Debug|x64.ActiveCfg = Debug|x64
		{F1FF5AF8-93C1-46CF-B5C8-9F0A51F1A759}.Debug|x64.Build.0 = Debug|x64
		{F1FF5AF8-93C1-46CF-B5C8-9F0A51F1A759}.Debug|x86.ActiveCfg = Debug|Win32
		{F1FF5AF8-93C1-46CF-B5C8-9F0A51F1A759}.Debug|x86.Build.0 = Debug|Win32
		{F1FF5AF8-93C1-46CF-B5C8-9F0A51F1A759}.Release|x64.ActiveCfg = Release|x64
		{F1FF5AF8-93C1-46CF-B5C8-9F0A51F1A759}.Release|x64.Build.0 = Release|x64
		{F1FF5AF8-93C1-46CF-B5C8-9F0A51F1A759}.Release|x86.ActiveCfg = Release|Win32
		{F1FF5AF8-93C1-46CF-B5C8-9F0A51F1A759}.Release|x86.Build.0 = Release|Win32
		{F9A863B9-8CEB-4B85-B6BA-C39E81F57B47}.Debug|x64.ActiveCfg = Debug|x64
		{F9A863B9-8CEB-4B85-B6BA-C39E81F57B47}.Debug|x64.Build.0 = Debug|x64
		{F9A863B9-8CEB-4B85-B6BA-C39E81F57B47}.Debug|x86.ActiveCfg = Debug|Win32
		{F9A863B9-8CEB-4B85-B6BA-C39E81F57B47}.Debug|x86.Build.0 = Debug|Win32
		{F9A863B9-8CEB-4B85-B6BA-C39E81F57B47}.Release|x64.ActiveCfg = Release|x64
		{F9A863B9-8CEB-4B85-B6BA-C39E81F57B47}.Release|x64.Build.0 = Release|x64
		{F9A863B9-8CEB-4B85-B6BA-C39E81F57B47}.Release|x86.ActiveCfg = Release|Win32
		{F9A863B9-8CEB-4B85-B6BA-C39E81F57B47}.Release|x86.Build.0 = Release|Win32
		{ECA1F506-F8D9-4596-8AE4-CEB283FA422A}.Debug|x64.ActiveCfg = Debug|x64
		{ECA1F506-F8D9-4596-8AE4-CEB283FA422A}.Debug|x64.Build.0 = Debug|x64
		{ECA1F506-F8D9-4596-8AE4-CEB283FA422A}.Debug|x86.ActiveCfg = Debug|Win32
		{ECA1F506-F8D9-4596-8AE4-CEB283FA422A}.Debug|x86.Build.0 = Debug|Win32
		{ECA1F506-F8D9-4596-8AE4-CEB283FA422A}.Release|x64.ActiveCfg = Release|x64
		{ECA1F506-F8D9-4596-8AE4-CEB283FA422A}.Release|x64.Build.0 = Release|x64
		{ECA1F506-F8D9-4596-8AE4-CEB283FA422A}.Release|x86.ActiveCfg = Release|Win32
		{ECA1F506-F8D9-4596-8AE4-CEB283FA422A}.Release|x86.Build.0 = Release|Win32
		{71A3500A-16A1-4B6D-9828-B6FBABA79B2D}.Debug|x64.ActiveCfg = Debug|x64
		{71A3500A-16A1-4B6D-9828-B6FBABA79B2D}.Debug|x64.Build.0 = Debug|x64
		{71A3500A-16A1-4B6D-9828-B6FBABA79B2D}.Debug|x86.ActiveCfg = Debug|Win32
		{71A3500A-16A1-4B6D-9828-B6FBABA79B2D}.Debug|x86.Build.0 = Debug|Win32
		{71A3500A-16A1-4B6D-9828-B6FBABA79B2D}.Release|x64.ActiveCfg = Release|x64
		{71A3500A-16A1-4B6D-9828-B6FBABA79B2D}.Release|x64.Build.0 = Release|x64
		{71A3500A-16A1-4B6D-9828-B6FBABA79B2D}.Release|x86.ActiveCfg = Release|Win32
		{71A3500A-16A1-4B6D-9828-B6FBABA79B2D}.Release|x86.Build.0 = Release|Win32
		{8CC85014-F5CC-4ACC-BAD7-E84ED4D32E16}.Debug|x64.ActiveCfg = Debug|x64
		{8CC85014-F5CC-4ACC-BAD7-E84ED4D32E16}.Debug|x64.Build.0 = Debug|x64
		{8CC85014-F5CC-4ACC-BAD7-E84ED4D32E16}.Debug|x86.ActiveCfg = Debug|Win32
		{8CC85014-F5CC-4ACC-BAD7-E84ED4D32E16}.Debug|x86.Build.0 = Debug|Win32
		{8CC85014-F5CC-4ACC-BAD7-E84ED4D32E16}.Release|x64.ActiveCfg = Release|x64
		{8CC85014-F5CC-4ACC-BAD7-E84ED4D32E16}.Release|x64.Build.0 = Release|x64
		{8CC85014-F5CC-4ACC-BAD7-E84ED4D32E16}.Release|x86.ActiveCfg = Release|Win32
		{8CC85014-F5CC-4ACC-BAD7-E84ED4D32E16}.Release|x86.Build.0 = Release|Win32
		{7973C693-A9B6-41BE-857A-8CAE3E3FA065}.Debug|x64.ActiveCfg = Debug|x64
		{7973C693-A9B6-41BE-857A-8CAE3E3FA065}.Debug|x64.Build.0 = Debug|x64
		{7973C693-A9B6-41BE-857A-8CAE3E3FA065}.Debug|x86.ActiveCfg = Debug|Win32
		{7973C693-A9B6-41BE-857A-8CAE3E3FA065}.Debug|x86.Build.0 = Debug|Win32
		{7973C693-A9B6-41BE-857A-8CAE3E3FA065}.Release|x64.ActiveCfg = Release|x64
		{7973C693-A9B6-41BE-857A-8CAE3E3FA065}.Release|x64.Build.0 = Release|x64
		{7973C693-A9B6-41BE-857A-8CAE3E3FA065}.Release|x86.ActiveCfg = Release|Win32
		{7973C693-A9B6-41BE-857A-8CAE3E3FA065}.Release|x86.Build.0 = Release|Win32
		{DD309D0A-90B3-4A47-A339-BA1BB58B6961}.Debug|x64.ActiveCfg = Debug|x64
		{DD309D0A-90B3-4A47-A339-BA1BB58B6961}.Debug|x64.Build.0 = Debug|x64
		{DD309D0A-90B3-4A47-A339-BA1BB58B6961}.Debug|x86.ActiveCfg = Debug|Win32
		{DD309D0A-90B3-4A47-A339-BA1BB58B6961}.Debug|x86.Build.0 = Debug|Win32
		{DD309D0A-90B3-4A47-A339-BA1BB58B6961}.Release|x64.ActiveCfg = Release|x64
		{DD309D0A-90B3-4A47-A339-BA1BB58B6961}.Release|x64.Build.0 = Release|x64
		{DD309D0A-90B3-4A47-A339-BA1BB58B6961}.Release|x86.ActiveCfg = Release|Win32
		{DD309D0A-90B3-4A47-A339-BA1BB58B6961}.Release|x86.Build.0 = Release|Win32
		{1B819185-A389-4405-B52B-97E4B9EEE4DD}.Debug|x64.ActiveCfg = Debug|x64
		{1B819185-A389-4405-B52B-97E4B9EEE4DD}.Debug|x64.Build.0 = Debug|x64
		{1B819185-A389-4405-B52B-97E4B9EEE4DD}.Debug|x86.ActiveCfg = Debug|Win32
		{1B819185-A389-4405-B52B-97E4B9EEE4DD}.Debug|x86.Build.0 = Debug|Win32
		{1B819185-A389-4405-B52B-97E4B9EEE4DD}.Release|x64.ActiveCfg = Release|x64
		{1B819185-A389-4405-B52B-97E4B9EEE4DD}.Release|x64.Build.0 = Release|x64
		{1B819185-A389-4405-B52B-97E4B9EEE4DD}.Release|x86.ActiveCfg = Release|Win32
		{1B819185-A389-4405-B52B-97E4B9EEE4DD}.Release|x86.Build.0 = Release|Win32
		{05BD263B-67E6-4647-8ADB-9CBCB9997D73}.Debug|x64.ActiveCfg = Debug|x64
		{05BD263B-67E6-4647-8ADB-9CBCB9997D73}.Debug|x64.Build.0 = Debug|x64
		{05BD263B-67E6-4647-8ADB-9CBCB9997D73}.Debug|x86.ActiveCfg = Debug|Win32
		{05BD263B-67E6-4647-8ADB-9CBCB9997D73}.Debug|x86.Build.0 = Debug|Win32
		{05BD263B-67E6-4647-8ADB-9CBCB9997D73}.Release|x64.ActiveCfg = Release|x64
		{05BD263B-67E6-4647-8ADB-9CBCB9997D73}.Release|x64.Build.0 = Release|x64
		{05BD263B-67E6-4647-8ADB-9CBCB9997D73}.Release|x86.ActiveCfg = Release|Win32
		{05BD263B-67E6-4647-8ADB-9CBCB9997D73}.Release|x86.Build.0 = Release|Win32
		{1DE63A66-B021-467D-A1C2-EA252025DB8C}.Debug|x64.ActiveCfg = Debug|x64
		{1DE63A66-B021-467D-A1C2-EA252025DB8C}.Debug|x64.Build.0 = Debug|x64
		{1DE63A66-B021-467D-A1C2-EA252025DB8C}.Debug|x86.ActiveCfg = Debug|Win32
		{1DE63A66-B021-467D-A1C2-EA252025DB8C}.Debug|x86.Build.0 = Debug|Win32
		{1DE63A66-B021-467D-A1C2-EA252025DB8C}.Release|x64.ActiveCfg = Release|x64
		{1DE63A66-B021-467D-A1C2-EA252025DB8C}.Release|x64.Build.0 = Release|x64
		{1DE63A66-B021-467D-A1C2-EA252025DB8C}.Release|x86.ActiveCfg = Release|Win32
		{1DE63A66-B021-467D-A1C2-EA252025DB8C}.Release|x86.Build.0 = Release|Win32
		{D1D59018-FA37-4083-A7C5-65ED4133D0BD}.Debug|x64.ActiveCfg = Debug|x64
		{D1D59018-FA37-4083-A7C5-65ED4133D0BD}.Debug|x64.Build.0 = Debug|x64
		{D1D59018-FA37-4083-A7C5-65ED4133D0BD}.Debug|x86.ActiveCfg = Debug|Win32
		{D1D59018-FA37-4083-A7C5-65ED4133D0BD}.Debug|x86.Build.0 = Debug|Win32
		{D1D59018-FA37-4083-A7C5-65ED4133D0BD}.Release|x64.ActiveCfg = Release|x64
		{D1D59018-FA37-4083-A7C5-65ED4133D0BD}.Release|x64.Build.0 = Release|x64
		{D1D59018-FA37-4083-A7C5-65ED4133D0BD}.Release|x86.ActiveCfg = Release|Win32
		{D1D59018-FA37-4083-A7C5-65ED4133D0BD}.Release|x86.Build.0 = Release|Win32
		{6CC8BFE8-0A0F-4D23-BBD2-3A2D5FBA1AF7}.Debug|x64.ActiveCfg = Debug|x64
		{6CC8BFE8-0A0F-4D23-BBD2-3A2D5FBA1AF7}.Debug|x64.Build.0 = Debug|x64
		{6CC8BFE8-0A0F-4D23-BBD2-3A2D5FBA1AF7}.Debug|x86.ActiveCfg = Debug|Win32
		{6CC8BFE8-0A0F-4D23-BBD2-3A2D5FBA1AF7}.Debug|x86.Build.0 = Debug|Win32
		{6CC8BFE8-0A0F-4D23-BBD2-3A2D5FBA1AF7}.Release|x64.ActiveCfg = Release|x64
		{6CC8BFE8-0A0F-4D23-BBD2-3A2D5FBA1AF7}.Release|x64.Build.0 = Release|x64
		{6CC8BFE8-0A0F-4D23-BBD2-3A2D5FBA1AF7}.Release|x86.ActiveCfg = Release|Win32
		{6CC8BFE8-0A0F-4D23-BBD2-3A2D5FBA1AF7}.Release|x86.Build.0 = Release|Win32
		{09F7A456-C7EC-4AF6-9908-0A489D82B8DB}.Debug|x64.ActiveCfg = Debug|x64
		{09F7A456-C7EC-4AF6-9908-0A489D82B8DB}.Debug|x64.Build.0 = Debug|x64
		{09F7A456-C7EC-4AF6-9908-0A489D82B8DB}.Debug|x86.ActiveCfg = Debug|Win32
		{09F7A456-C7EC-4AF6-9908-0A489D82B8DB}.Debug|x86.Build.0 = Debug|Win32
		{09F7A456-C7EC-4AF6-9908-0A489D82B8DB}.Release|x64.ActiveCfg = Release|x64
		{09F7A456-C7EC-4AF6-9908-0A489D82B8DB}.Release|x64.Build.0 = Release|x64
		{09F7A456-C7EC-4AF6-9908-0A489D82B8DB}.Release|x86.ActiveCfg = Release|Win32
		{09F7A456-C7EC-4AF6-9908-0A489D82B8DB}.Release|x86.Build.0 = Release|Win32
		{D0D90178-C792-4F58-8A0A-D9F7AED7A963}.Debug|x64.ActiveCfg = Debug|x64
		{D0D90178-C792-4F58-8A0A-D9F7AED7A963}.Debug|x64.Build.0 = Debug|x64
		{D0D90178-C792-4F58-8A0A-D9F7AED7A963}.Debug|x86.ActiveCfg = Debug|Win32
		{D0D90178-C792-4F58-8A0A-D9F7AED7A963}.Debug|x86.Build.0 = Debug|Win32
		{D0D90178-C792-4F58-8A0A-D9F7AED7A963}.Release|x64.ActiveCfg = Release|x64
		{D0D90178-C792-4F58-8A0A-D9F7AED7A963}.Release|x64.Build.0 = Release|x64
		{D0D90178-C792-4F58-8A0A-D9F7AED7A963}.Release|x86.ActiveCfg = Release|Win32
		{D0D90178-C792-4F58-8A0A-D9F7AED7A963}.Release|x86.Build.0 = Release|Win32
		{145DAE05-D6AF-46BE-8176-38E1654126F7}.Debug|x64.ActiveCfg = Debug|x64
		{145DAE05-D6AF-46BE-8176-38E1654126F7}.Debug|x64.Build.0 = Debug|x64
		{145DAE05-D6AF-46BE-8176-38E1654126F7}.Debug|x86.ActiveCfg = Debug|Win32
		{145DAE05-D6AF-46BE-8176-38E1654126F7}.Debug|x86.Build.0 = Debug|Win32
		{145DAE05-D6AF-46BE-8176-38E1654126F7}.Release|x64.ActiveCfg = Release|x64
		{145DAE05-D6AF-46BE-8176-38E1654126F7}.Release|x64.Build.0 = Release|x64
		{145DAE05-D6AF-46BE-8176-38E1654126F7}.Release|x86.ActiveCfg = Release|Win32
		{145DAE05-D6AF-46BE-8176-38E1654126F7}.Release|x86.Build.0 = Release|Win32
		{6BE7C0B7-09BB-48B4-A249-64C31F02BFD5}.Debug|x64.ActiveCfg = Debug|x64
		{6BE7C0B7-09BB-48B4-A249-64C31F02BFD5}.Debug|x64.Build.0 = Debug|x64
		{6BE7C0B7-09BB-48B4-A249-64C31F02BFD5}.Debug|x86.ActiveCfg = Debug|Win32
		{6BE7C0B7-09BB-48B4-A249-64C31F02BFD5}.Debug|x86.Build.0 = Debug|Win32
		{6BE7C0B7-09BB-48B4-A249-64C31F02BFD5}.Release|x64.ActiveCfg = Release|x64
		{6BE7C0B7-09BB-48B4-A249-64C31F02BFD5}.Release|x64.Build.0 = Release|x64
		{6BE7C0B7-09BB-48B4-A249-64C31F02BFD5}.Release|x86.ActiveCfg = Release|Win32
		{6BE7C0B7-09BB-48B4-A249-64C31F02BFD5}.Release|x86.Build.0 = Release|Win32
		{E312AA1A-9E92-4DBA-8699-F45199B4450D}.Debug|x64.ActiveCfg = Debug|x64
		{E312AA1A-9E92-4DBA-8699-F45199B4450D}.Debug|x64.Build.0 = Debug|x64
		{E312AA1A-9E92-4DBA-8699-F45199B4450D}.Debug|x86.ActiveCfg = Debug|Win32
		{E312AA1A-9E92-4DBA-8699-F45199B4450D}.Debug|x86.Build.0 = Debug|Win32
		{E312AA1A-9E92-4DBA-8699-F45199B4450D}.Release|x64.ActiveCfg = Release|x64
		{E312AA1A-9E92-4DBA-8699-F45199B4450D}.Release|x64.Build.0 = Release|x64
		{E312AA1A-9E92-4DBA-8699-F45199B4450D}.Release|x86.ActiveCfg = Release|Win32
		{E312AA1A-9E92-4DBA-8699-F45199B4450D}.Release|x86.Build.0 = Release|Win32
	EndGlobalSection
	GlobalSection(SolutionProperties) = preSolution
		HideSolutionNode = FALSE
	EndGlobalSection
EndGlobal
