
Microsoft Visual Studio Solution File, Format Version 12.00
# Visual Studio Version 17
VisualStudioVersion = 17.6.33801.468
MinimumVisualStudioVersion = 10.0.40219.1
Project("{8BC9CEB8-8B4A-11D0-8D11-00A0C91BC942}") = "Week1_TimeComplexity", "Week1_TimeComplexity\Week1_TimeComplexity.vcxproj", "{B07A0098-4D9B-434A-8673-BC734E9EF8DA}"
EndProject
Project("{8BC9CEB8-8B4A-11D0-8D11-00A0C91BC942}") = "Week1_prefix_Sum", "Week1_prefix_Sum\Week1_prefix_Sum.vcxproj", "{900511A6-FF26-4023-90C5-C2C92BB5D44C}"
EndProject
Project("{8BC9CEB8-8B4A-11D0-8D11-00A0C91BC942}") = "Week1_im", "Week1_im\Week1_im.vcxproj", "{C8E94F5C-187C-4BB0-BAAD-DAA2AD8C28ED}"
EndProject
Project("{8BC9CEB8-8B4A-11D0-8D11-00A0C91BC942}") = "Week1_A", "Week1_A\Week1_A.vcxproj", "{CB7AB209-8DA0-400C-9D1F-0B89D2D0FACA}"
EndProject
Project("{8BC9CEB8-8B4A-11D0-8D11-00A0C91BC942}") = "Week1_B", "Week1_B\Week1_B.vcxproj", "{B6C2ECE3-EBCC-4B50-8A0C-4F01F823CB67}"
EndProject
Project("{8BC9CEB8-8B4A-11D0-8D11-00A0C91BC942}") = "Week1_C", "Week1_C\Week1_C.vcxproj", "{E9600346-E4A7-4531-9B00-8EF9B7854DE5}"
EndProject
Project("{8BC9CEB8-8B4A-11D0-8D11-00A0C91BC942}") = "Week1_D", "Week1_D\Week1_D.vcxproj", "{C4BBA4F5-0E53-49C6-8A93-5F5364B471F3}"
EndProject
Project("{8BC9CEB8-8B4A-11D0-8D11-00A0C91BC942}") = "Week1_E", "Week1_E\Week1_E.vcxproj", "{978EBFC1-2B0A-4D11-BC46-BEF892BEA27E}"
EndProject
Project("{8BC9CEB8-8B4A-11D0-8D11-00A0C91BC942}") = "Week1_F", "Week1_F\Week1_F.vcxproj", "{64DA22B6-C841-4FE3-AC89-6FA25B099761}"
EndProject
Project("{8BC9CEB8-8B4A-11D0-8D11-00A0C91BC942}") = "Week1_G", "Week1_G\Week1_G.vcxproj", "{0BB6FAEA-7BBE-4028-BC7C-A9E7877D31C6}"
EndProject
Project("{8BC9CEB8-8B4A-11D0-8D11-00A0C91BC942}") = "Week1_H", "Week1_H\Week1_H.vcxproj", "{6962A91F-199E-4407-9B72-B18BECC608AA}"
EndProject
Project("{8BC9CEB8-8B4A-11D0-8D11-00A0C91BC942}") = "Week1_I", "Week1_I\Week1_I.vcxproj", "{62A0FD53-D5DF-42CA-A7AE-3EBDFF58F0F8}"
EndProject
Project("{8BC9CEB8-8B4A-11D0-8D11-00A0C91BC942}") = "Week1_J", "Week1_J\Week1_J.vcxproj", "{A8EACDA5-0689-4F88-A97E-EB82B91C2280}"
EndProject
Project("{8BC9CEB8-8B4A-11D0-8D11-00A0C91BC942}") = "Week1_K", "Week1_K\Week1_K.vcxproj", "{9E3D864F-A301-4B97-9A52-4234B6EDC952}"
EndProject
Project("{8BC9CEB8-8B4A-11D0-8D11-00A0C91BC942}") = "Week1_L", "Week1_L\Week1_L.vcxproj", "{1E168EEE-97CC-4E67-8197-885001E7AE75}"
EndProject
Project("{8BC9CEB8-8B4A-11D0-8D11-00A0C91BC942}") = "Week1_M", "Week1_M\Week1_M.vcxproj", "{860F23A2-F92A-4A73-A695-CE1E31F5B419}"
EndProject
Project("{8BC9CEB8-8B4A-11D0-8D11-00A0C91BC942}") = "Week1_N", "Week1_N\Week1_N.vcxproj", "{49A81C88-86EA-4619-B27C-B12BE84F14FA}"
EndProject
Project("{8BC9CEB8-8B4A-11D0-8D11-00A0C91BC942}") = "Week1_O", "Week1_O\Week1_O.vcxproj", "{F4A167AA-08AC-41B5-BDDE-DB4F25C0B90D}"
EndProject
Project("{8BC9CEB8-8B4A-11D0-8D11-00A0C91BC942}") = "Week1_A_2309_Re", "Week1_A_2309_Re\Week1_A_2309_Re.vcxproj", "{83A6712D-6618-40CC-B7D9-02CF400C6199}"
EndProject
Project("{8BC9CEB8-8B4A-11D0-8D11-00A0C91BC942}") = "Week1_B_10808_Re", "Week1_B_10808_Re\Week1_B_10808_Re.vcxproj", "{7BFAB251-29EF-4A02-9824-0ED785084382}"
EndProject
Project("{8BC9CEB8-8B4A-11D0-8D11-00A0C91BC942}") = "Week1_C_2979", "Week1_C_2979\Week1_C_2979.vcxproj", "{E42E79D9-B1F4-49D4-89DE-87CF47CE39A3}"
EndProject
Project("{8BC9CEB8-8B4A-11D0-8D11-00A0C91BC942}") = "Week1_D_10988_Re", "Week1_D_10988_Re\Week1_D_10988_Re.vcxproj", "{194B54F2-B7AD-49EE-BA34-E6A9525512A7}"
EndProject
Project("{8BC9CEB8-8B4A-11D0-8D11-00A0C91BC942}") = "Week1_E_1159_RE", "Week1_E_1159_RE\Week1_E_1159_RE.vcxproj", "{BF6B8DDE-C7BB-48F1-B6E2-B2F5ABFFD815}"
EndProject
Global
	GlobalSection(SolutionConfigurationPlatforms) = preSolution
		Debug|x64 = Debug|x64
		Debug|x86 = Debug|x86
		Release|x64 = Release|x64
		Release|x86 = Release|x86
	EndGlobalSection
	GlobalSection(ProjectConfigurationPlatforms) = postSolution
		{B07A0098-4D9B-434A-8673-BC734E9EF8DA}.Debug|x64.ActiveCfg = Debug|x64
		{B07A0098-4D9B-434A-8673-BC734E9EF8DA}.Debug|x64.Build.0 = Debug|x64
		{B07A0098-4D9B-434A-8673-BC734E9EF8DA}.Debug|x86.ActiveCfg = Debug|Win32
		{B07A0098-4D9B-434A-8673-BC734E9EF8DA}.Debug|x86.Build.0 = Debug|Win32
		{B07A0098-4D9B-434A-8673-BC734E9EF8DA}.Release|x64.ActiveCfg = Release|x64
		{B07A0098-4D9B-434A-8673-BC734E9EF8DA}.Release|x64.Build.0 = Release|x64
		{B07A0098-4D9B-434A-8673-BC734E9EF8DA}.Release|x86.ActiveCfg = Release|Win32
		{B07A0098-4D9B-434A-8673-BC734E9EF8DA}.Release|x86.Build.0 = Release|Win32
		{900511A6-FF26-4023-90C5-C2C92BB5D44C}.Debug|x64.ActiveCfg = Debug|x64
		{900511A6-FF26-4023-90C5-C2C92BB5D44C}.Debug|x64.Build.0 = Debug|x64
		{900511A6-FF26-4023-90C5-C2C92BB5D44C}.Debug|x86.ActiveCfg = Debug|Win32
		{900511A6-FF26-4023-90C5-C2C92BB5D44C}.Debug|x86.Build.0 = Debug|Win32
		{900511A6-FF26-4023-90C5-C2C92BB5D44C}.Release|x64.ActiveCfg = Release|x64
		{900511A6-FF26-4023-90C5-C2C92BB5D44C}.Release|x64.Build.0 = Release|x64
		{900511A6-FF26-4023-90C5-C2C92BB5D44C}.Release|x86.ActiveCfg = Release|Win32
		{900511A6-FF26-4023-90C5-C2C92BB5D44C}.Release|x86.Build.0 = Release|Win32
		{C8E94F5C-187C-4BB0-BAAD-DAA2AD8C28ED}.Debug|x64.ActiveCfg = Debug|x64
		{C8E94F5C-187C-4BB0-BAAD-DAA2AD8C28ED}.Debug|x64.Build.0 = Debug|x64
		{C8E94F5C-187C-4BB0-BAAD-DAA2AD8C28ED}.Debug|x86.ActiveCfg = Debug|Win32
		{C8E94F5C-187C-4BB0-BAAD-DAA2AD8C28ED}.Debug|x86.Build.0 = Debug|Win32
		{C8E94F5C-187C-4BB0-BAAD-DAA2AD8C28ED}.Release|x64.ActiveCfg = Release|x64
		{C8E94F5C-187C-4BB0-BAAD-DAA2AD8C28ED}.Release|x64.Build.0 = Release|x64
		{C8E94F5C-187C-4BB0-BAAD-DAA2AD8C28ED}.Release|x86.ActiveCfg = Release|Win32
		{C8E94F5C-187C-4BB0-BAAD-DAA2AD8C28ED}.Release|x86.Build.0 = Release|Win32
		{CB7AB209-8DA0-400C-9D1F-0B89D2D0FACA}.Debug|x64.ActiveCfg = Debug|x64
		{CB7AB209-8DA0-400C-9D1F-0B89D2D0FACA}.Debug|x64.Build.0 = Debug|x64
		{CB7AB209-8DA0-400C-9D1F-0B89D2D0FACA}.Debug|x86.ActiveCfg = Debug|Win32
		{CB7AB209-8DA0-400C-9D1F-0B89D2D0FACA}.Debug|x86.Build.0 = Debug|Win32
		{CB7AB209-8DA0-400C-9D1F-0B89D2D0FACA}.Release|x64.ActiveCfg = Release|x64
		{CB7AB209-8DA0-400C-9D1F-0B89D2D0FACA}.Release|x64.Build.0 = Release|x64
		{CB7AB209-8DA0-400C-9D1F-0B89D2D0FACA}.Release|x86.ActiveCfg = Release|Win32
		{CB7AB209-8DA0-400C-9D1F-0B89D2D0FACA}.Release|x86.Build.0 = Release|Win32
		{B6C2ECE3-EBCC-4B50-8A0C-4F01F823CB67}.Debug|x64.ActiveCfg = Debug|x64
		{B6C2ECE3-EBCC-4B50-8A0C-4F01F823CB67}.Debug|x64.Build.0 = Debug|x64
		{B6C2ECE3-EBCC-4B50-8A0C-4F01F823CB67}.Debug|x86.ActiveCfg = Debug|Win32
		{B6C2ECE3-EBCC-4B50-8A0C-4F01F823CB67}.Debug|x86.Build.0 = Debug|Win32
		{B6C2ECE3-EBCC-4B50-8A0C-4F01F823CB67}.Release|x64.ActiveCfg = Release|x64
		{B6C2ECE3-EBCC-4B50-8A0C-4F01F823CB67}.Release|x64.Build.0 = Release|x64
		{B6C2ECE3-EBCC-4B50-8A0C-4F01F823CB67}.Release|x86.ActiveCfg = Release|Win32
		{B6C2ECE3-EBCC-4B50-8A0C-4F01F823CB67}.Release|x86.Build.0 = Release|Win32
		{E9600346-E4A7-4531-9B00-8EF9B7854DE5}.Debug|x64.ActiveCfg = Debug|x64
		{E9600346-E4A7-4531-9B00-8EF9B7854DE5}.Debug|x64.Build.0 = Debug|x64
		{E9600346-E4A7-4531-9B00-8EF9B7854DE5}.Debug|x86.ActiveCfg = Debug|Win32
		{E9600346-E4A7-4531-9B00-8EF9B7854DE5}.Debug|x86.Build.0 = Debug|Win32
		{E9600346-E4A7-4531-9B00-8EF9B7854DE5}.Release|x64.ActiveCfg = Release|x64
		{E9600346-E4A7-4531-9B00-8EF9B7854DE5}.Release|x64.Build.0 = Release|x64
		{E9600346-E4A7-4531-9B00-8EF9B7854DE5}.Release|x86.ActiveCfg = Release|Win32
		{E9600346-E4A7-4531-9B00-8EF9B7854DE5}.Release|x86.Build.0 = Release|Win32
		{C4BBA4F5-0E53-49C6-8A93-5F5364B471F3}.Debug|x64.ActiveCfg = Debug|x64
		{C4BBA4F5-0E53-49C6-8A93-5F5364B471F3}.Debug|x64.Build.0 = Debug|x64
		{C4BBA4F5-0E53-49C6-8A93-5F5364B471F3}.Debug|x86.ActiveCfg = Debug|Win32
		{C4BBA4F5-0E53-49C6-8A93-5F5364B471F3}.Debug|x86.Build.0 = Debug|Win32
		{C4BBA4F5-0E53-49C6-8A93-5F5364B471F3}.Release|x64.ActiveCfg = Release|x64
		{C4BBA4F5-0E53-49C6-8A93-5F5364B471F3}.Release|x64.Build.0 = Release|x64
		{C4BBA4F5-0E53-49C6-8A93-5F5364B471F3}.Release|x86.ActiveCfg = Release|Win32
		{C4BBA4F5-0E53-49C6-8A93-5F5364B471F3}.Release|x86.Build.0 = Release|Win32
		{978EBFC1-2B0A-4D11-BC46-BEF892BEA27E}.Debug|x64.ActiveCfg = Debug|x64
		{978EBFC1-2B0A-4D11-BC46-BEF892BEA27E}.Debug|x64.Build.0 = Debug|x64
		{978EBFC1-2B0A-4D11-BC46-BEF892BEA27E}.Debug|x86.ActiveCfg = Debug|Win32
		{978EBFC1-2B0A-4D11-BC46-BEF892BEA27E}.Debug|x86.Build.0 = Debug|Win32
		{978EBFC1-2B0A-4D11-BC46-BEF892BEA27E}.Release|x64.ActiveCfg = Release|x64
		{978EBFC1-2B0A-4D11-BC46-BEF892BEA27E}.Release|x64.Build.0 = Release|x64
		{978EBFC1-2B0A-4D11-BC46-BEF892BEA27E}.Release|x86.ActiveCfg = Release|Win32
		{978EBFC1-2B0A-4D11-BC46-BEF892BEA27E}.Release|x86.Build.0 = Release|Win32
		{64DA22B6-C841-4FE3-AC89-6FA25B099761}.Debug|x64.ActiveCfg = Debug|x64
		{64DA22B6-C841-4FE3-AC89-6FA25B099761}.Debug|x64.Build.0 = Debug|x64
		{64DA22B6-C841-4FE3-AC89-6FA25B099761}.Debug|x86.ActiveCfg = Debug|Win32
		{64DA22B6-C841-4FE3-AC89-6FA25B099761}.Debug|x86.Build.0 = Debug|Win32
		{64DA22B6-C841-4FE3-AC89-6FA25B099761}.Release|x64.ActiveCfg = Release|x64
		{64DA22B6-C841-4FE3-AC89-6FA25B099761}.Release|x64.Build.0 = Release|x64
		{64DA22B6-C841-4FE3-AC89-6FA25B099761}.Release|x86.ActiveCfg = Release|Win32
		{64DA22B6-C841-4FE3-AC89-6FA25B099761}.Release|x86.Build.0 = Release|Win32
		{0BB6FAEA-7BBE-4028-BC7C-A9E7877D31C6}.Debug|x64.ActiveCfg = Debug|x64
		{0BB6FAEA-7BBE-4028-BC7C-A9E7877D31C6}.Debug|x64.Build.0 = Debug|x64
		{0BB6FAEA-7BBE-4028-BC7C-A9E7877D31C6}.Debug|x86.ActiveCfg = Debug|Win32
		{0BB6FAEA-7BBE-4028-BC7C-A9E7877D31C6}.Debug|x86.Build.0 = Debug|Win32
		{0BB6FAEA-7BBE-4028-BC7C-A9E7877D31C6}.Release|x64.ActiveCfg = Release|x64
		{0BB6FAEA-7BBE-4028-BC7C-A9E7877D31C6}.Release|x64.Build.0 = Release|x64
		{0BB6FAEA-7BBE-4028-BC7C-A9E7877D31C6}.Release|x86.ActiveCfg = Release|Win32
		{0BB6FAEA-7BBE-4028-BC7C-A9E7877D31C6}.Release|x86.Build.0 = Release|Win32
		{6962A91F-199E-4407-9B72-B18BECC608AA}.Debug|x64.ActiveCfg = Debug|x64
		{6962A91F-199E-4407-9B72-B18BECC608AA}.Debug|x64.Build.0 = Debug|x64
		{6962A91F-199E-4407-9B72-B18BECC608AA}.Debug|x86.ActiveCfg = Debug|Win32
		{6962A91F-199E-4407-9B72-B18BECC608AA}.Debug|x86.Build.0 = Debug|Win32
		{6962A91F-199E-4407-9B72-B18BECC608AA}.Release|x64.ActiveCfg = Release|x64
		{6962A91F-199E-4407-9B72-B18BECC608AA}.Release|x64.Build.0 = Release|x64
		{6962A91F-199E-4407-9B72-B18BECC608AA}.Release|x86.ActiveCfg = Release|Win32
		{6962A91F-199E-4407-9B72-B18BECC608AA}.Release|x86.Build.0 = Release|Win32
		{62A0FD53-D5DF-42CA-A7AE-3EBDFF58F0F8}.Debug|x64.ActiveCfg = Debug|x64
		{62A0FD53-D5DF-42CA-A7AE-3EBDFF58F0F8}.Debug|x64.Build.0 = Debug|x64
		{62A0FD53-D5DF-42CA-A7AE-3EBDFF58F0F8}.Debug|x86.ActiveCfg = Debug|Win32
		{62A0FD53-D5DF-42CA-A7AE-3EBDFF58F0F8}.Debug|x86.Build.0 = Debug|Win32
		{62A0FD53-D5DF-42CA-A7AE-3EBDFF58F0F8}.Release|x64.ActiveCfg = Release|x64
		{62A0FD53-D5DF-42CA-A7AE-3EBDFF58F0F8}.Release|x64.Build.0 = Release|x64
		{62A0FD53-D5DF-42CA-A7AE-3EBDFF58F0F8}.Release|x86.ActiveCfg = Release|Win32
		{62A0FD53-D5DF-42CA-A7AE-3EBDFF58F0F8}.Release|x86.Build.0 = Release|Win32
		{A8EACDA5-0689-4F88-A97E-EB82B91C2280}.Debug|x64.ActiveCfg = Debug|x64
		{A8EACDA5-0689-4F88-A97E-EB82B91C2280}.Debug|x64.Build.0 = Debug|x64
		{A8EACDA5-0689-4F88-A97E-EB82B91C2280}.Debug|x86.ActiveCfg = Debug|Win32
		{A8EACDA5-0689-4F88-A97E-EB82B91C2280}.Debug|x86.Build.0 = Debug|Win32
		{A8EACDA5-0689-4F88-A97E-EB82B91C2280}.Release|x64.ActiveCfg = Release|x64
		{A8EACDA5-0689-4F88-A97E-EB82B91C2280}.Release|x64.Build.0 = Release|x64
		{A8EACDA5-0689-4F88-A97E-EB82B91C2280}.Release|x86.ActiveCfg = Release|Win32
		{A8EACDA5-0689-4F88-A97E-EB82B91C2280}.Release|x86.Build.0 = Release|Win32
		{9E3D864F-A301-4B97-9A52-4234B6EDC952}.Debug|x64.ActiveCfg = Debug|x64
		{9E3D864F-A301-4B97-9A52-4234B6EDC952}.Debug|x64.Build.0 = Debug|x64
		{9E3D864F-A301-4B97-9A52-4234B6EDC952}.Debug|x86.ActiveCfg = Debug|Win32
		{9E3D864F-A301-4B97-9A52-4234B6EDC952}.Debug|x86.Build.0 = Debug|Win32
		{9E3D864F-A301-4B97-9A52-4234B6EDC952}.Release|x64.ActiveCfg = Release|x64
		{9E3D864F-A301-4B97-9A52-4234B6EDC952}.Release|x64.Build.0 = Release|x64
		{9E3D864F-A301-4B97-9A52-4234B6EDC952}.Release|x86.ActiveCfg = Release|Win32
		{9E3D864F-A301-4B97-9A52-4234B6EDC952}.Release|x86.Build.0 = Release|Win32
		{1E168EEE-97CC-4E67-8197-885001E7AE75}.Debug|x64.ActiveCfg = Debug|x64
		{1E168EEE-97CC-4E67-8197-885001E7AE75}.Debug|x64.Build.0 = Debug|x64
		{1E168EEE-97CC-4E67-8197-885001E7AE75}.Debug|x86.ActiveCfg = Debug|Win32
		{1E168EEE-97CC-4E67-8197-885001E7AE75}.Debug|x86.Build.0 = Debug|Win32
		{1E168EEE-97CC-4E67-8197-885001E7AE75}.Release|x64.ActiveCfg = Release|x64
		{1E168EEE-97CC-4E67-8197-885001E7AE75}.Release|x64.Build.0 = Release|x64
		{1E168EEE-97CC-4E67-8197-885001E7AE75}.Release|x86.ActiveCfg = Release|Win32
		{1E168EEE-97CC-4E67-8197-885001E7AE75}.Release|x86.Build.0 = Release|Win32
		{860F23A2-F92A-4A73-A695-CE1E31F5B419}.Debug|x64.ActiveCfg = Debug|x64
		{860F23A2-F92A-4A73-A695-CE1E31F5B419}.Debug|x64.Build.0 = Debug|x64
		{860F23A2-F92A-4A73-A695-CE1E31F5B419}.Debug|x86.ActiveCfg = Debug|Win32
		{860F23A2-F92A-4A73-A695-CE1E31F5B419}.Debug|x86.Build.0 = Debug|Win32
		{860F23A2-F92A-4A73-A695-CE1E31F5B419}.Release|x64.ActiveCfg = Release|x64
		{860F23A2-F92A-4A73-A695-CE1E31F5B419}.Release|x64.Build.0 = Release|x64
		{860F23A2-F92A-4A73-A695-CE1E31F5B419}.Release|x86.ActiveCfg = Release|Win32
		{860F23A2-F92A-4A73-A695-CE1E31F5B419}.Release|x86.Build.0 = Release|Win32
		{49A81C88-86EA-4619-B27C-B12BE84F14FA}.Debug|x64.ActiveCfg = Debug|x64
		{49A81C88-86EA-4619-B27C-B12BE84F14FA}.Debug|x64.Build.0 = Debug|x64
		{49A81C88-86EA-4619-B27C-B12BE84F14FA}.Debug|x86.ActiveCfg = Debug|Win32
		{49A81C88-86EA-4619-B27C-B12BE84F14FA}.Debug|x86.Build.0 = Debug|Win32
		{49A81C88-86EA-4619-B27C-B12BE84F14FA}.Release|x64.ActiveCfg = Release|x64
		{49A81C88-86EA-4619-B27C-B12BE84F14FA}.Release|x64.Build.0 = Release|x64
		{49A81C88-86EA-4619-B27C-B12BE84F14FA}.Release|x86.ActiveCfg = Release|Win32
		{49A81C88-86EA-4619-B27C-B12BE84F14FA}.Release|x86.Build.0 = Release|Win32
		{F4A167AA-08AC-41B5-BDDE-DB4F25C0B90D}.Debug|x64.ActiveCfg = Debug|x64
		{F4A167AA-08AC-41B5-BDDE-DB4F25C0B90D}.Debug|x64.Build.0 = Debug|x64
		{F4A167AA-08AC-41B5-BDDE-DB4F25C0B90D}.Debug|x86.ActiveCfg = Debug|Win32
		{F4A167AA-08AC-41B5-BDDE-DB4F25C0B90D}.Debug|x86.Build.0 = Debug|Win32
		{F4A167AA-08AC-41B5-BDDE-DB4F25C0B90D}.Release|x64.ActiveCfg = Release|x64
		{F4A167AA-08AC-41B5-BDDE-DB4F25C0B90D}.Release|x64.Build.0 = Release|x64
		{F4A167AA-08AC-41B5-BDDE-DB4F25C0B90D}.Release|x86.ActiveCfg = Release|Win32
		{F4A167AA-08AC-41B5-BDDE-DB4F25C0B90D}.Release|x86.Build.0 = Release|Win32
		{83A6712D-6618-40CC-B7D9-02CF400C6199}.Debug|x64.ActiveCfg = Debug|x64
		{83A6712D-6618-40CC-B7D9-02CF400C6199}.Debug|x64.Build.0 = Debug|x64
		{83A6712D-6618-40CC-B7D9-02CF400C6199}.Debug|x86.ActiveCfg = Debug|Win32
		{83A6712D-6618-40CC-B7D9-02CF400C6199}.Debug|x86.Build.0 = Debug|Win32
		{83A6712D-6618-40CC-B7D9-02CF400C6199}.Release|x64.ActiveCfg = Release|x64
		{83A6712D-6618-40CC-B7D9-02CF400C6199}.Release|x64.Build.0 = Release|x64
		{83A6712D-6618-40CC-B7D9-02CF400C6199}.Release|x86.ActiveCfg = Release|Win32
		{83A6712D-6618-40CC-B7D9-02CF400C6199}.Release|x86.Build.0 = Release|Win32
		{7BFAB251-29EF-4A02-9824-0ED785084382}.Debug|x64.ActiveCfg = Debug|x64
		{7BFAB251-29EF-4A02-9824-0ED785084382}.Debug|x64.Build.0 = Debug|x64
		{7BFAB251-29EF-4A02-9824-0ED785084382}.Debug|x86.ActiveCfg = Debug|Win32
		{7BFAB251-29EF-4A02-9824-0ED785084382}.Debug|x86.Build.0 = Debug|Win32
		{7BFAB251-29EF-4A02-9824-0ED785084382}.Release|x64.ActiveCfg = Release|x64
		{7BFAB251-29EF-4A02-9824-0ED785084382}.Release|x64.Build.0 = Release|x64
		{7BFAB251-29EF-4A02-9824-0ED785084382}.Release|x86.ActiveCfg = Release|Win32
		{7BFAB251-29EF-4A02-9824-0ED785084382}.Release|x86.Build.0 = Release|Win32
		{E42E79D9-B1F4-49D4-89DE-87CF47CE39A3}.Debug|x64.ActiveCfg = Debug|x64
		{E42E79D9-B1F4-49D4-89DE-87CF47CE39A3}.Debug|x64.Build.0 = Debug|x64
		{E42E79D9-B1F4-49D4-89DE-87CF47CE39A3}.Debug|x86.ActiveCfg = Debug|Win32
		{E42E79D9-B1F4-49D4-89DE-87CF47CE39A3}.Debug|x86.Build.0 = Debug|Win32
		{E42E79D9-B1F4-49D4-89DE-87CF47CE39A3}.Release|x64.ActiveCfg = Release|x64
		{E42E79D9-B1F4-49D4-89DE-87CF47CE39A3}.Release|x64.Build.0 = Release|x64
		{E42E79D9-B1F4-49D4-89DE-87CF47CE39A3}.Release|x86.ActiveCfg = Release|Win32
		{E42E79D9-B1F4-49D4-89DE-87CF47CE39A3}.Release|x86.Build.0 = Release|Win32
		{194B54F2-B7AD-49EE-BA34-E6A9525512A7}.Debug|x64.ActiveCfg = Debug|x64
		{194B54F2-B7AD-49EE-BA34-E6A9525512A7}.Debug|x64.Build.0 = Debug|x64
		{194B54F2-B7AD-49EE-BA34-E6A9525512A7}.Debug|x86.ActiveCfg = Debug|Win32
		{194B54F2-B7AD-49EE-BA34-E6A9525512A7}.Debug|x86.Build.0 = Debug|Win32
		{194B54F2-B7AD-49EE-BA34-E6A9525512A7}.Release|x64.ActiveCfg = Release|x64
		{194B54F2-B7AD-49EE-BA34-E6A9525512A7}.Release|x64.Build.0 = Release|x64
		{194B54F2-B7AD-49EE-BA34-E6A9525512A7}.Release|x86.ActiveCfg = Release|Win32
		{194B54F2-B7AD-49EE-BA34-E6A9525512A7}.Release|x86.Build.0 = Release|Win32
		{BF6B8DDE-C7BB-48F1-B6E2-B2F5ABFFD815}.Debug|x64.ActiveCfg = Debug|x64
		{BF6B8DDE-C7BB-48F1-B6E2-B2F5ABFFD815}.Debug|x64.Build.0 = Debug|x64
		{BF6B8DDE-C7BB-48F1-B6E2-B2F5ABFFD815}.Debug|x86.ActiveCfg = Debug|Win32
		{BF6B8DDE-C7BB-48F1-B6E2-B2F5ABFFD815}.Debug|x86.Build.0 = Debug|Win32
		{BF6B8DDE-C7BB-48F1-B6E2-B2F5ABFFD815}.Release|x64.ActiveCfg = Release|x64
		{BF6B8DDE-C7BB-48F1-B6E2-B2F5ABFFD815}.Release|x64.Build.0 = Release|x64
		{BF6B8DDE-C7BB-48F1-B6E2-B2F5ABFFD815}.Release|x86.ActiveCfg = Release|Win32
		{BF6B8DDE-C7BB-48F1-B6E2-B2F5ABFFD815}.Release|x86.Build.0 = Release|Win32
	EndGlobalSection
	GlobalSection(SolutionProperties) = preSolution
		HideSolutionNode = FALSE
	EndGlobalSection
	GlobalSection(ExtensibilityGlobals) = postSolution
		SolutionGuid = {460394B9-615B-469F-8540-27A7DEA0457C}
	EndGlobalSection
EndGlobal
