
Microsoft Visual Studio Solution File, Format Version 12.00
# Visual Studio Version 17
VisualStudioVersion = 17.6.33801.468
MinimumVisualStudioVersion = 10.0.40219.1
Project("{8BC9CEB8-8B4A-11D0-8D11-00A0C91BC942}") = "BruteForce_backTracking", "BruteForce_backTracking\BruteForce_backTracking.vcxproj", "{AE027B16-5D75-4E0E-9CC8-5A37D143B9CB}"
EndProject
Project("{8BC9CEB8-8B4A-11D0-8D11-00A0C91BC942}") = "FullSearch_", "FullSearch_\FullSearch_.vcxproj", "{3E46F105-8ABC-455A-9B7C-1FF8756F8E4F}"
EndProject
Project("{8BC9CEB8-8B4A-11D0-8D11-00A0C91BC942}") = "Week3_A_15686", "Week3_A_15686\Week3_A_15686.vcxproj", "{006700B0-DC31-4A96-B48E-440B95B7142D}"
EndProject
Project("{8BC9CEB8-8B4A-11D0-8D11-00A0C91BC942}") = "Week3_B_2589", "Week3_B_2589\Week3_B_2589.vcxproj", "{8740D70C-E79C-471C-ABFC-E2FBCCB458B6}"
EndProject
Project("{8BC9CEB8-8B4A-11D0-8D11-00A0C91BC942}") = "Week3_C_16234", "Week3_C_16234\Week3_C_16234.vcxproj", "{AB585370-841C-4B5E-809A-AA2F0E7B3754}"
EndProject
Project("{8BC9CEB8-8B4A-11D0-8D11-00A0C91BC942}") = "Week3_D_4179", "Week3_D_4179\Week3_D_4179.vcxproj", "{2E8F9721-5E67-4B51-8131-5C1FFA420E7D}"
EndProject
Project("{8BC9CEB8-8B4A-11D0-8D11-00A0C91BC942}") = "Week3_E_12869", "Week3_E_12869\Week3_E_12869.vcxproj", "{F69661AE-62AC-48F9-82A9-7A047696659A}"
EndProject
Project("{8BC9CEB8-8B4A-11D0-8D11-00A0C91BC942}") = "Week3_F_16637", "Week3_F_16637\Week3_F_16637.vcxproj", "{88F81AF1-FEA7-40BA-8C58-26952D247BBD}"
EndProject
Project("{8BC9CEB8-8B4A-11D0-8D11-00A0C91BC942}") = "Week3_G_12851", "Week3_G_12851\Week3_G_12851.vcxproj", "{0C08CDE6-6D16-48CC-8386-1A157D74C207}"
EndProject
Project("{8BC9CEB8-8B4A-11D0-8D11-00A0C91BC942}") = "Week3_H_13913", "Week3_H_13913\Week3_H_13913.vcxproj", "{20A47BA1-39A7-4D0B-92C7-C35702364D37}"
EndProject
Project("{8BC9CEB8-8B4A-11D0-8D11-00A0C91BC942}") = "Week3_I_17071", "Week3_I_17071\Week3_I_17071.vcxproj", "{B1139DD9-7902-4976-AE4A-322F7B46BB51}"
EndProject
Project("{8BC9CEB8-8B4A-11D0-8D11-00A0C91BC942}") = "Week3_J_14497", "Week3_J_14497\Week3_J_14497.vcxproj", "{7EF3506A-CA9E-4209-B128-84825772BEDF}"
EndProject
Project("{8BC9CEB8-8B4A-11D0-8D11-00A0C91BC942}") = "Week3_K_3197", "Week3_K_3197\Week3_K_3197.vcxproj", "{C5B45820-C56A-4DE8-8B1A-12F544AFDDAE}"
EndProject
Project("{8BC9CEB8-8B4A-11D0-8D11-00A0C91BC942}") = "Week3_L_1987", "Week3_L_1987\Week3_L_1987.vcxproj", "{8364069F-F38B-4D05-A763-CABB3BFB0271}"
EndProject
Global
	GlobalSection(SolutionConfigurationPlatforms) = preSolution
		Debug|x64 = Debug|x64
		Debug|x86 = Debug|x86
		Release|x64 = Release|x64
		Release|x86 = Release|x86
	EndGlobalSection
	GlobalSection(ProjectConfigurationPlatforms) = postSolution
		{AE027B16-5D75-4E0E-9CC8-5A37D143B9CB}.Debug|x64.ActiveCfg = Debug|x64
		{AE027B16-5D75-4E0E-9CC8-5A37D143B9CB}.Debug|x64.Build.0 = Debug|x64
		{AE027B16-5D75-4E0E-9CC8-5A37D143B9CB}.Debug|x86.ActiveCfg = Debug|Win32
		{AE027B16-5D75-4E0E-9CC8-5A37D143B9CB}.Debug|x86.Build.0 = Debug|Win32
		{AE027B16-5D75-4E0E-9CC8-5A37D143B9CB}.Release|x64.ActiveCfg = Release|x64
		{AE027B16-5D75-4E0E-9CC8-5A37D143B9CB}.Release|x64.Build.0 = Release|x64
		{AE027B16-5D75-4E0E-9CC8-5A37D143B9CB}.Release|x86.ActiveCfg = Release|Win32
		{AE027B16-5D75-4E0E-9CC8-5A37D143B9CB}.Release|x86.Build.0 = Release|Win32
		{3E46F105-8ABC-455A-9B7C-1FF8756F8E4F}.Debug|x64.ActiveCfg = Debug|x64
		{3E46F105-8ABC-455A-9B7C-1FF8756F8E4F}.Debug|x64.Build.0 = Debug|x64
		{3E46F105-8ABC-455A-9B7C-1FF8756F8E4F}.Debug|x86.ActiveCfg = Debug|Win32
		{3E46F105-8ABC-455A-9B7C-1FF8756F8E4F}.Debug|x86.Build.0 = Debug|Win32
		{3E46F105-8ABC-455A-9B7C-1FF8756F8E4F}.Release|x64.ActiveCfg = Release|x64
		{3E46F105-8ABC-455A-9B7C-1FF8756F8E4F}.Release|x64.Build.0 = Release|x64
		{3E46F105-8ABC-455A-9B7C-1FF8756F8E4F}.Release|x86.ActiveCfg = Release|Win32
		{3E46F105-8ABC-455A-9B7C-1FF8756F8E4F}.Release|x86.Build.0 = Release|Win32
		{006700B0-DC31-4A96-B48E-440B95B7142D}.Debug|x64.ActiveCfg = Debug|x64
		{006700B0-DC31-4A96-B48E-440B95B7142D}.Debug|x64.Build.0 = Debug|x64
		{006700B0-DC31-4A96-B48E-440B95B7142D}.Debug|x86.ActiveCfg = Debug|Win32
		{006700B0-DC31-4A96-B48E-440B95B7142D}.Debug|x86.Build.0 = Debug|Win32
		{006700B0-DC31-4A96-B48E-440B95B7142D}.Release|x64.ActiveCfg = Release|x64
		{006700B0-DC31-4A96-B48E-440B95B7142D}.Release|x64.Build.0 = Release|x64
		{006700B0-DC31-4A96-B48E-440B95B7142D}.Release|x86.ActiveCfg = Release|Win32
		{006700B0-DC31-4A96-B48E-440B95B7142D}.Release|x86.Build.0 = Release|Win32
		{8740D70C-E79C-471C-ABFC-E2FBCCB458B6}.Debug|x64.ActiveCfg = Debug|x64
		{8740D70C-E79C-471C-ABFC-E2FBCCB458B6}.Debug|x64.Build.0 = Debug|x64
		{8740D70C-E79C-471C-ABFC-E2FBCCB458B6}.Debug|x86.ActiveCfg = Debug|Win32
		{8740D70C-E79C-471C-ABFC-E2FBCCB458B6}.Debug|x86.Build.0 = Debug|Win32
		{8740D70C-E79C-471C-ABFC-E2FBCCB458B6}.Release|x64.ActiveCfg = Release|x64
		{8740D70C-E79C-471C-ABFC-E2FBCCB458B6}.Release|x64.Build.0 = Release|x64
		{8740D70C-E79C-471C-ABFC-E2FBCCB458B6}.Release|x86.ActiveCfg = Release|Win32
		{8740D70C-E79C-471C-ABFC-E2FBCCB458B6}.Release|x86.Build.0 = Release|Win32
		{AB585370-841C-4B5E-809A-AA2F0E7B3754}.Debug|x64.ActiveCfg = Debug|x64
		{AB585370-841C-4B5E-809A-AA2F0E7B3754}.Debug|x64.Build.0 = Debug|x64
		{AB585370-841C-4B5E-809A-AA2F0E7B3754}.Debug|x86.ActiveCfg = Debug|Win32
		{AB585370-841C-4B5E-809A-AA2F0E7B3754}.Debug|x86.Build.0 = Debug|Win32
		{AB585370-841C-4B5E-809A-AA2F0E7B3754}.Release|x64.ActiveCfg = Release|x64
		{AB585370-841C-4B5E-809A-AA2F0E7B3754}.Release|x64.Build.0 = Release|x64
		{AB585370-841C-4B5E-809A-AA2F0E7B3754}.Release|x86.ActiveCfg = Release|Win32
		{AB585370-841C-4B5E-809A-AA2F0E7B3754}.Release|x86.Build.0 = Release|Win32
		{2E8F9721-5E67-4B51-8131-5C1FFA420E7D}.Debug|x64.ActiveCfg = Debug|x64
		{2E8F9721-5E67-4B51-8131-5C1FFA420E7D}.Debug|x64.Build.0 = Debug|x64
		{2E8F9721-5E67-4B51-8131-5C1FFA420E7D}.Debug|x86.ActiveCfg = Debug|Win32
		{2E8F9721-5E67-4B51-8131-5C1FFA420E7D}.Debug|x86.Build.0 = Debug|Win32
		{2E8F9721-5E67-4B51-8131-5C1FFA420E7D}.Release|x64.ActiveCfg = Release|x64
		{2E8F9721-5E67-4B51-8131-5C1FFA420E7D}.Release|x64.Build.0 = Release|x64
		{2E8F9721-5E67-4B51-8131-5C1FFA420E7D}.Release|x86.ActiveCfg = Release|Win32
		{2E8F9721-5E67-4B51-8131-5C1FFA420E7D}.Release|x86.Build.0 = Release|Win32
		{F69661AE-62AC-48F9-82A9-7A047696659A}.Debug|x64.ActiveCfg = Debug|x64
		{F69661AE-62AC-48F9-82A9-7A047696659A}.Debug|x64.Build.0 = Debug|x64
		{F69661AE-62AC-48F9-82A9-7A047696659A}.Debug|x86.ActiveCfg = Debug|Win32
		{F69661AE-62AC-48F9-82A9-7A047696659A}.Debug|x86.Build.0 = Debug|Win32
		{F69661AE-62AC-48F9-82A9-7A047696659A}.Release|x64.ActiveCfg = Release|x64
		{F69661AE-62AC-48F9-82A9-7A047696659A}.Release|x64.Build.0 = Release|x64
		{F69661AE-62AC-48F9-82A9-7A047696659A}.Release|x86.ActiveCfg = Release|Win32
		{F69661AE-62AC-48F9-82A9-7A047696659A}.Release|x86.Build.0 = Release|Win32
		{88F81AF1-FEA7-40BA-8C58-26952D247BBD}.Debug|x64.ActiveCfg = Debug|x64
		{88F81AF1-FEA7-40BA-8C58-26952D247BBD}.Debug|x64.Build.0 = Debug|x64
		{88F81AF1-FEA7-40BA-8C58-26952D247BBD}.Debug|x86.ActiveCfg = Debug|Win32
		{88F81AF1-FEA7-40BA-8C58-26952D247BBD}.Debug|x86.Build.0 = Debug|Win32
		{88F81AF1-FEA7-40BA-8C58-26952D247BBD}.Release|x64.ActiveCfg = Release|x64
		{88F81AF1-FEA7-40BA-8C58-26952D247BBD}.Release|x64.Build.0 = Release|x64
		{88F81AF1-FEA7-40BA-8C58-26952D247BBD}.Release|x86.ActiveCfg = Release|Win32
		{88F81AF1-FEA7-40BA-8C58-26952D247BBD}.Release|x86.Build.0 = Release|Win32
		{0C08CDE6-6D16-48CC-8386-1A157D74C207}.Debug|x64.ActiveCfg = Debug|x64
		{0C08CDE6-6D16-48CC-8386-1A157D74C207}.Debug|x64.Build.0 = Debug|x64
		{0C08CDE6-6D16-48CC-8386-1A157D74C207}.Debug|x86.ActiveCfg = Debug|Win32
		{0C08CDE6-6D16-48CC-8386-1A157D74C207}.Debug|x86.Build.0 = Debug|Win32
		{0C08CDE6-6D16-48CC-8386-1A157D74C207}.Release|x64.ActiveCfg = Release|x64
		{0C08CDE6-6D16-48CC-8386-1A157D74C207}.Release|x64.Build.0 = Release|x64
		{0C08CDE6-6D16-48CC-8386-1A157D74C207}.Release|x86.ActiveCfg = Release|Win32
		{0C08CDE6-6D16-48CC-8386-1A157D74C207}.Release|x86.Build.0 = Release|Win32
		{20A47BA1-39A7-4D0B-92C7-C35702364D37}.Debug|x64.ActiveCfg = Debug|x64
		{20A47BA1-39A7-4D0B-92C7-C35702364D37}.Debug|x64.Build.0 = Debug|x64
		{20A47BA1-39A7-4D0B-92C7-C35702364D37}.Debug|x86.ActiveCfg = Debug|Win32
		{20A47BA1-39A7-4D0B-92C7-C35702364D37}.Debug|x86.Build.0 = Debug|Win32
		{20A47BA1-39A7-4D0B-92C7-C35702364D37}.Release|x64.ActiveCfg = Release|x64
		{20A47BA1-39A7-4D0B-92C7-C35702364D37}.Release|x64.Build.0 = Release|x64
		{20A47BA1-39A7-4D0B-92C7-C35702364D37}.Release|x86.ActiveCfg = Release|Win32
		{20A47BA1-39A7-4D0B-92C7-C35702364D37}.Release|x86.Build.0 = Release|Win32
		{B1139DD9-7902-4976-AE4A-322F7B46BB51}.Debug|x64.ActiveCfg = Debug|x64
		{B1139DD9-7902-4976-AE4A-322F7B46BB51}.Debug|x64.Build.0 = Debug|x64
		{B1139DD9-7902-4976-AE4A-322F7B46BB51}.Debug|x86.ActiveCfg = Debug|Win32
		{B1139DD9-7902-4976-AE4A-322F7B46BB51}.Debug|x86.Build.0 = Debug|Win32
		{B1139DD9-7902-4976-AE4A-322F7B46BB51}.Release|x64.ActiveCfg = Release|x64
		{B1139DD9-7902-4976-AE4A-322F7B46BB51}.Release|x64.Build.0 = Release|x64
		{B1139DD9-7902-4976-AE4A-322F7B46BB51}.Release|x86.ActiveCfg = Release|Win32
		{B1139DD9-7902-4976-AE4A-322F7B46BB51}.Release|x86.Build.0 = Release|Win32
		{7EF3506A-CA9E-4209-B128-84825772BEDF}.Debug|x64.ActiveCfg = Debug|x64
		{7EF3506A-CA9E-4209-B128-84825772BEDF}.Debug|x64.Build.0 = Debug|x64
		{7EF3506A-CA9E-4209-B128-84825772BEDF}.Debug|x86.ActiveCfg = Debug|Win32
		{7EF3506A-CA9E-4209-B128-84825772BEDF}.Debug|x86.Build.0 = Debug|Win32
		{7EF3506A-CA9E-4209-B128-84825772BEDF}.Release|x64.ActiveCfg = Release|x64
		{7EF3506A-CA9E-4209-B128-84825772BEDF}.Release|x64.Build.0 = Release|x64
		{7EF3506A-CA9E-4209-B128-84825772BEDF}.Release|x86.ActiveCfg = Release|Win32
		{7EF3506A-CA9E-4209-B128-84825772BEDF}.Release|x86.Build.0 = Release|Win32
		{C5B45820-C56A-4DE8-8B1A-12F544AFDDAE}.Debug|x64.ActiveCfg = Debug|x64
		{C5B45820-C56A-4DE8-8B1A-12F544AFDDAE}.Debug|x64.Build.0 = Debug|x64
		{C5B45820-C56A-4DE8-8B1A-12F544AFDDAE}.Debug|x86.ActiveCfg = Debug|Win32
		{C5B45820-C56A-4DE8-8B1A-12F544AFDDAE}.Debug|x86.Build.0 = Debug|Win32
		{C5B45820-C56A-4DE8-8B1A-12F544AFDDAE}.Release|x64.ActiveCfg = Release|x64
		{C5B45820-C56A-4DE8-8B1A-12F544AFDDAE}.Release|x64.Build.0 = Release|x64
		{C5B45820-C56A-4DE8-8B1A-12F544AFDDAE}.Release|x86.ActiveCfg = Release|Win32
		{C5B45820-C56A-4DE8-8B1A-12F544AFDDAE}.Release|x86.Build.0 = Release|Win32
		{8364069F-F38B-4D05-A763-CABB3BFB0271}.Debug|x64.ActiveCfg = Debug|x64
		{8364069F-F38B-4D05-A763-CABB3BFB0271}.Debug|x64.Build.0 = Debug|x64
		{8364069F-F38B-4D05-A763-CABB3BFB0271}.Debug|x86.ActiveCfg = Debug|Win32
		{8364069F-F38B-4D05-A763-CABB3BFB0271}.Debug|x86.Build.0 = Debug|Win32
		{8364069F-F38B-4D05-A763-CABB3BFB0271}.Release|x64.ActiveCfg = Release|x64
		{8364069F-F38B-4D05-A763-CABB3BFB0271}.Release|x64.Build.0 = Release|x64
		{8364069F-F38B-4D05-A763-CABB3BFB0271}.Release|x86.ActiveCfg = Release|Win32
		{8364069F-F38B-4D05-A763-CABB3BFB0271}.Release|x86.Build.0 = Release|Win32
	EndGlobalSection
	GlobalSection(SolutionProperties) = preSolution
		HideSolutionNode = FALSE
	EndGlobalSection
	GlobalSection(ExtensibilityGlobals) = postSolution
		SolutionGuid = {43DFACCF-3872-48AD-A071-09ACF180227C}
	EndGlobalSection
EndGlobal
